
Microsoft Visual Studio Solution File, Format Version 12.00
# Visual Studio Version 17
VisualStudioVersion = 17.6.33815.320
MinimumVisualStudioVersion = 10.0.40219.1
Project("{8BC9CEB8-8B4A-11D0-8D11-00A0C91BC942}") = "052", "052\052.vcxproj", "{69EDC8C1-C82F-4B62-9847-CDD68B985F0D}"
EndProject
Project("{8BC9CEB8-8B4A-11D0-8D11-00A0C91BC942}") = "053", "053\053.vcxproj", "{37B0BE14-1352-4953-85F6-07FFCF773F41}"
EndProject
Project("{8BC9CEB8-8B4A-11D0-8D11-00A0C91BC942}") = "054", "054\054.vcxproj", "{C1984E6C-A24E-417E-AFA5-05BD7DCD2987}"
EndProject
Project("{8BC9CEB8-8B4A-11D0-8D11-00A0C91BC942}") = "055", "055\055.vcxproj", "{781C5602-1A61-4AA7-A05F-8CCB7D82018B}"
EndProject
Project("{8BC9CEB8-8B4A-11D0-8D11-00A0C91BC942}") = "056", "056\056.vcxproj", "{A572A65D-854B-496C-B908-01785277BB97}"
EndProject
Project("{8BC9CEB8-8B4A-11D0-8D11-00A0C91BC942}") = "057", "057\057.vcxproj", "{EE5FE29B-24B5-45CA-95D4-EF768C03B3C1}"
EndProject
Project("{8BC9CEB8-8B4A-11D0-8D11-00A0C91BC942}") = "058", "058\058.vcxproj", "{FD806742-037A-41FD-BDE6-BC31F307EED4}"
EndProject
Project("{8BC9CEB8-8B4A-11D0-8D11-00A0C91BC942}") = "059", "059\059.vcxproj", "{C95CCCA1-C287-4451-938F-5F81F8E8722F}"
EndProject
Project("{8BC9CEB8-8B4A-11D0-8D11-00A0C91BC942}") = "060", "060\060.vcxproj", "{D1DE8682-693D-48FB-9948-9856BB3A13BE}"
EndProject
Project("{8BC9CEB8-8B4A-11D0-8D11-00A0C91BC942}") = "061", "061\061.vcxproj", "{D7D0487C-EB51-4606-8901-FF9F36138B5F}"
EndProject
Project("{8BC9CEB8-8B4A-11D0-8D11-00A0C91BC942}") = "062", "062\062.vcxproj", "{9A7AA9E5-8230-4D64-B39C-70ABAA4133C3}"
EndProject
Project("{8BC9CEB8-8B4A-11D0-8D11-00A0C91BC942}") = "063", "063\063.vcxproj", "{476DA76B-4C4E-46F5-AD74-CAB55E6DBB5D}"
EndProject
Project("{8BC9CEB8-8B4A-11D0-8D11-00A0C91BC942}") = "064", "064\064.vcxproj", "{5F953D35-7362-4D3B-B0AD-90D1F853FC64}"
EndProject
Project("{8BC9CEB8-8B4A-11D0-8D11-00A0C91BC942}") = "065", "065\065.vcxproj", "{0093ACCB-1023-4699-A707-7110FA73C5AF}"
EndProject
Project("{8BC9CEB8-8B4A-11D0-8D11-00A0C91BC942}") = "066", "066\066.vcxproj", "{4C55DA48-54CF-4276-8FD4-9ABED5D8D24B}"
EndProject
Project("{8BC9CEB8-8B4A-11D0-8D11-00A0C91BC942}") = "067", "067\067.vcxproj", "{157397BC-D436-4ABC-AA2A-CC88BA31521F}"
EndProject
Project("{8BC9CEB8-8B4A-11D0-8D11-00A0C91BC942}") = "068", "068\068.vcxproj", "{0F288EB5-C508-4BDF-B3AA-FEA47B2FDFDE}"
EndProject
Project("{8BC9CEB8-8B4A-11D0-8D11-00A0C91BC942}") = "069", "069\069.vcxproj", "{96B0F9A9-61D4-4702-9364-D41806BDF891}"
EndProject
Project("{8BC9CEB8-8B4A-11D0-8D11-00A0C91BC942}") = "070", "070\070.vcxproj", "{E98A4E5B-6FB5-4469-A229-4E9883B27C06}"
EndProject
Project("{8BC9CEB8-8B4A-11D0-8D11-00A0C91BC942}") = "071", "071\071.vcxproj", "{32CE64CF-D2DC-497F-8CAE-9B8F998702B5}"
EndProject
Project("{8BC9CEB8-8B4A-11D0-8D11-00A0C91BC942}") = "072", "072\072.vcxproj", "{FF4D120C-C020-4F91-8971-62AFAF68AAFB}"
EndProject
Project("{8BC9CEB8-8B4A-11D0-8D11-00A0C91BC942}") = "073", "073\073.vcxproj", "{3560886A-77CB-4D40-AF02-42EC7D43AABF}"
EndProject
Project("{8BC9CEB8-8B4A-11D0-8D11-00A0C91BC942}") = "016", "016\016.vcxproj", "{C1C22F6D-51EE-4246-A133-88AE35F5BC37}"
EndProject
Global
	GlobalSection(SolutionConfigurationPlatforms) = preSolution
		Debug|x64 = Debug|x64
		Debug|x86 = Debug|x86
		Release|x64 = Release|x64
		Release|x86 = Release|x86
	EndGlobalSection
	GlobalSection(ProjectConfigurationPlatforms) = postSolution
		{69EDC8C1-C82F-4B62-9847-CDD68B985F0D}.Debug|x64.ActiveCfg = Debug|x64
		{69EDC8C1-C82F-4B62-9847-CDD68B985F0D}.Debug|x64.Build.0 = Debug|x64
		{69EDC8C1-C82F-4B62-9847-CDD68B985F0D}.Debug|x86.ActiveCfg = Debug|Win32
		{69EDC8C1-C82F-4B62-9847-CDD68B985F0D}.Debug|x86.Build.0 = Debug|Win32
		{69EDC8C1-C82F-4B62-9847-CDD68B985F0D}.Release|x64.ActiveCfg = Release|x64
		{69EDC8C1-C82F-4B62-9847-CDD68B985F0D}.Release|x64.Build.0 = Release|x64
		{69EDC8C1-C82F-4B62-9847-CDD68B985F0D}.Release|x86.ActiveCfg = Release|Win32
		{69EDC8C1-C82F-4B62-9847-CDD68B985F0D}.Release|x86.Build.0 = Release|Win32
		{37B0BE14-1352-4953-85F6-07FFCF773F41}.Debug|x64.ActiveCfg = Debug|x64
		{37B0BE14-1352-4953-85F6-07FFCF773F41}.Debug|x64.Build.0 = Debug|x64
		{37B0BE14-1352-4953-85F6-07FFCF773F41}.Debug|x86.ActiveCfg = Debug|Win32
		{37B0BE14-1352-4953-85F6-07FFCF773F41}.Debug|x86.Build.0 = Debug|Win32
		{37B0BE14-1352-4953-85F6-07FFCF773F41}.Release|x64.ActiveCfg = Release|x64
		{37B0BE14-1352-4953-85F6-07FFCF773F41}.Release|x64.Build.0 = Release|x64
		{37B0BE14-1352-4953-85F6-07FFCF773F41}.Release|x86.ActiveCfg = Release|Win32
		{37B0BE14-1352-4953-85F6-07FFCF773F41}.Release|x86.Build.0 = Release|Win32
		{C1984E6C-A24E-417E-AFA5-05BD7DCD2987}.Debug|x64.ActiveCfg = Debug|x64
		{C1984E6C-A24E-417E-AFA5-05BD7DCD2987}.Debug|x64.Build.0 = Debug|x64
		{C1984E6C-A24E-417E-AFA5-05BD7DCD2987}.Debug|x86.ActiveCfg = Debug|Win32
		{C1984E6C-A24E-417E-AFA5-05BD7DCD2987}.Debug|x86.Build.0 = Debug|Win32
		{C1984E6C-A24E-417E-AFA5-05BD7DCD2987}.Release|x64.ActiveCfg = Release|x64
		{C1984E6C-A24E-417E-AFA5-05BD7DCD2987}.Release|x64.Build.0 = Release|x64
		{C1984E6C-A24E-417E-AFA5-05BD7DCD2987}.Release|x86.ActiveCfg = Release|Win32
		{C1984E6C-A24E-417E-AFA5-05BD7DCD2987}.Release|x86.Build.0 = Release|Win32
		{781C5602-1A61-4AA7-A05F-8CCB7D82018B}.Debug|x64.ActiveCfg = Debug|x64
		{781C5602-1A61-4AA7-A05F-8CCB7D82018B}.Debug|x64.Build.0 = Debug|x64
		{781C5602-1A61-4AA7-A05F-8CCB7D82018B}.Debug|x86.ActiveCfg = Debug|Win32
		{781C5602-1A61-4AA7-A05F-8CCB7D82018B}.Debug|x86.Build.0 = Debug|Win32
		{781C5602-1A61-4AA7-A05F-8CCB7D82018B}.Release|x64.ActiveCfg = Release|x64
		{781C5602-1A61-4AA7-A05F-8CCB7D82018B}.Release|x64.Build.0 = Release|x64
		{781C5602-1A61-4AA7-A05F-8CCB7D82018B}.Release|x86.ActiveCfg = Release|Win32
		{781C5602-1A61-4AA7-A05F-8CCB7D82018B}.Release|x86.Build.0 = Release|Win32
		{A572A65D-854B-496C-B908-01785277BB97}.Debug|x64.ActiveCfg = Debug|x64
		{A572A65D-854B-496C-B908-01785277BB97}.Debug|x64.Build.0 = Debug|x64
		{A572A65D-854B-496C-B908-01785277BB97}.Debug|x86.ActiveCfg = Debug|Win32
		{A572A65D-854B-496C-B908-01785277BB97}.Debug|x86.Build.0 = Debug|Win32
		{A572A65D-854B-496C-B908-01785277BB97}.Release|x64.ActiveCfg = Release|x64
		{A572A65D-854B-496C-B908-01785277BB97}.Release|x64.Build.0 = Release|x64
		{A572A65D-854B-496C-B908-01785277BB97}.Release|x86.ActiveCfg = Release|Win32
		{A572A65D-854B-496C-B908-01785277BB97}.Release|x86.Build.0 = Release|Win32
		{EE5FE29B-24B5-45CA-95D4-EF768C03B3C1}.Debug|x64.ActiveCfg = Debug|x64
		{EE5FE29B-24B5-45CA-95D4-EF768C03B3C1}.Debug|x64.Build.0 = Debug|x64
		{EE5FE29B-24B5-45CA-95D4-EF768C03B3C1}.Debug|x86.ActiveCfg = Debug|Win32
		{EE5FE29B-24B5-45CA-95D4-EF768C03B3C1}.Debug|x86.Build.0 = Debug|Win32
		{EE5FE29B-24B5-45CA-95D4-EF768C03B3C1}.Release|x64.ActiveCfg = Release|x64
		{EE5FE29B-24B5-45CA-95D4-EF768C03B3C1}.Release|x64.Build.0 = Release|x64
		{EE5FE29B-24B5-45CA-95D4-EF768C03B3C1}.Release|x86.ActiveCfg = Release|Win32
		{EE5FE29B-24B5-45CA-95D4-EF768C03B3C1}.Release|x86.Build.0 = Release|Win32
		{FD806742-037A-41FD-BDE6-BC31F307EED4}.Debug|x64.ActiveCfg = Debug|x64
		{FD806742-037A-41FD-BDE6-BC31F307EED4}.Debug|x64.Build.0 = Debug|x64
		{FD806742-037A-41FD-BDE6-BC31F307EED4}.Debug|x86.ActiveCfg = Debug|Win32
		{FD806742-037A-41FD-BDE6-BC31F307EED4}.Debug|x86.Build.0 = Debug|Win32
		{FD806742-037A-41FD-BDE6-BC31F307EED4}.Release|x64.ActiveCfg = Release|x64
		{FD806742-037A-41FD-BDE6-BC31F307EED4}.Release|x64.Build.0 = Release|x64
		{FD806742-037A-41FD-BDE6-BC31F307EED4}.Release|x86.ActiveCfg = Release|Win32
		{FD806742-037A-41FD-BDE6-BC31F307EED4}.Release|x86.Build.0 = Release|Win32
		{C95CCCA1-C287-4451-938F-5F81F8E8722F}.Debug|x64.ActiveCfg = Debug|x64
		{C95CCCA1-C287-4451-938F-5F81F8E8722F}.Debug|x64.Build.0 = Debug|x64
		{C95CCCA1-C287-4451-938F-5F81F8E8722F}.Debug|x86.ActiveCfg = Debug|Win32
		{C95CCCA1-C287-4451-938F-5F81F8E8722F}.Debug|x86.Build.0 = Debug|Win32
		{C95CCCA1-C287-4451-938F-5F81F8E8722F}.Release|x64.ActiveCfg = Release|x64
		{C95CCCA1-C287-4451-938F-5F81F8E8722F}.Release|x64.Build.0 = Release|x64
		{C95CCCA1-C287-4451-938F-5F81F8E8722F}.Release|x86.ActiveCfg = Release|Win32
		{C95CCCA1-C287-4451-938F-5F81F8E8722F}.Release|x86.Build.0 = Release|Win32
		{D1DE8682-693D-48FB-9948-9856BB3A13BE}.Debug|x64.ActiveCfg = Debug|x64
		{D1DE8682-693D-48FB-9948-9856BB3A13BE}.Debug|x64.Build.0 = Debug|x64
		{D1DE8682-693D-48FB-9948-9856BB3A13BE}.Debug|x86.ActiveCfg = Debug|Win32
		{D1DE8682-693D-48FB-9948-9856BB3A13BE}.Debug|x86.Build.0 = Debug|Win32
		{D1DE8682-693D-48FB-9948-9856BB3A13BE}.Release|x64.ActiveCfg = Release|x64
		{D1DE8682-693D-48FB-9948-9856BB3A13BE}.Release|x64.Build.0 = Release|x64
		{D1DE8682-693D-48FB-9948-9856BB3A13BE}.Release|x86.ActiveCfg = Release|Win32
		{D1DE8682-693D-48FB-9948-9856BB3A13BE}.Release|x86.Build.0 = Release|Win32
		{D7D0487C-EB51-4606-8901-FF9F36138B5F}.Debug|x64.ActiveCfg = Debug|x64
		{D7D0487C-EB51-4606-8901-FF9F36138B5F}.Debug|x64.Build.0 = Debug|x64
		{D7D0487C-EB51-4606-8901-FF9F36138B5F}.Debug|x86.ActiveCfg = Debug|Win32
		{D7D0487C-EB51-4606-8901-FF9F36138B5F}.Debug|x86.Build.0 = Debug|Win32
		{D7D0487C-EB51-4606-8901-FF9F36138B5F}.Release|x64.ActiveCfg = Release|x64
		{D7D0487C-EB51-4606-8901-FF9F36138B5F}.Release|x64.Build.0 = Release|x64
		{D7D0487C-EB51-4606-8901-FF9F36138B5F}.Release|x86.ActiveCfg = Release|Win32
		{D7D0487C-EB51-4606-8901-FF9F36138B5F}.Release|x86.Build.0 = Release|Win32
		{9A7AA9E5-8230-4D64-B39C-70ABAA4133C3}.Debug|x64.ActiveCfg = Debug|x64
		{9A7AA9E5-8230-4D64-B39C-70ABAA4133C3}.Debug|x64.Build.0 = Debug|x64
		{9A7AA9E5-8230-4D64-B39C-70ABAA4133C3}.Debug|x86.ActiveCfg = Debug|Win32
		{9A7AA9E5-8230-4D64-B39C-70ABAA4133C3}.Debug|x86.Build.0 = Debug|Win32
		{9A7AA9E5-8230-4D64-B39C-70ABAA4133C3}.Release|x64.ActiveCfg = Release|x64
		{9A7AA9E5-8230-4D64-B39C-70ABAA4133C3}.Release|x64.Build.0 = Release|x64
		{9A7AA9E5-8230-4D64-B39C-70ABAA4133C3}.Release|x86.ActiveCfg = Release|Win32
		{9A7AA9E5-8230-4D64-B39C-70ABAA4133C3}.Release|x86.Build.0 = Release|Win32
		{476DA76B-4C4E-46F5-AD74-CAB55E6DBB5D}.Debug|x64.ActiveCfg = Debug|x64
		{476DA76B-4C4E-46F5-AD74-CAB55E6DBB5D}.Debug|x64.Build.0 = Debug|x64
		{476DA76B-4C4E-46F5-AD74-CAB55E6DBB5D}.Debug|x86.ActiveCfg = Debug|Win32
		{476DA76B-4C4E-46F5-AD74-CAB55E6DBB5D}.Debug|x86.Build.0 = Debug|Win32
		{476DA76B-4C4E-46F5-AD74-CAB55E6DBB5D}.Release|x64.ActiveCfg = Release|x64
		{476DA76B-4C4E-46F5-AD74-CAB55E6DBB5D}.Release|x64.Build.0 = Release|x64
		{476DA76B-4C4E-46F5-AD74-CAB55E6DBB5D}.Release|x86.ActiveCfg = Release|Win32
		{476DA76B-4C4E-46F5-AD74-CAB55E6DBB5D}.Release|x86.Build.0 = Release|Win32
		{5F953D35-7362-4D3B-B0AD-90D1F853FC64}.Debug|x64.ActiveCfg = Debug|x64
		{5F953D35-7362-4D3B-B0AD-90D1F853FC64}.Debug|x64.Build.0 = Debug|x64
		{5F953D35-7362-4D3B-B0AD-90D1F853FC64}.Debug|x86.ActiveCfg = Debug|Win32
		{5F953D35-7362-4D3B-B0AD-90D1F853FC64}.Debug|x86.Build.0 = Debug|Win32
		{5F953D35-7362-4D3B-B0AD-90D1F853FC64}.Release|x64.ActiveCfg = Release|x64
		{5F953D35-7362-4D3B-B0AD-90D1F853FC64}.Release|x64.Build.0 = Release|x64
		{5F953D35-7362-4D3B-B0AD-90D1F853FC64}.Release|x86.ActiveCfg = Release|Win32
		{5F953D35-7362-4D3B-B0AD-90D1F853FC64}.Release|x86.Build.0 = Release|Win32
		{0093ACCB-1023-4699-A707-7110FA73C5AF}.Debug|x64.ActiveCfg = Debug|x64
		{0093ACCB-1023-4699-A707-7110FA73C5AF}.Debug|x64.Build.0 = Debug|x64
		{0093ACCB-1023-4699-A707-7110FA73C5AF}.Debug|x86.ActiveCfg = Debug|Win32
		{0093ACCB-1023-4699-A707-7110FA73C5AF}.Debug|x86.Build.0 = Debug|Win32
		{0093ACCB-1023-4699-A707-7110FA73C5AF}.Release|x64.ActiveCfg = Release|x64
		{0093ACCB-1023-4699-A707-7110FA73C5AF}.Release|x64.Build.0 = Release|x64
		{0093ACCB-1023-4699-A707-7110FA73C5AF}.Release|x86.ActiveCfg = Release|Win32
		{0093ACCB-1023-4699-A707-7110FA73C5AF}.Release|x86.Build.0 = Release|Win32
		{4C55DA48-54CF-4276-8FD4-9ABED5D8D24B}.Debug|x64.ActiveCfg = Debug|x64
		{4C55DA48-54CF-4276-8FD4-9ABED5D8D24B}.Debug|x64.Build.0 = Debug|x64
		{4C55DA48-54CF-4276-8FD4-9ABED5D8D24B}.Debug|x86.ActiveCfg = Debug|Win32
		{4C55DA48-54CF-4276-8FD4-9ABED5D8D24B}.Debug|x86.Build.0 = Debug|Win32
		{4C55DA48-54CF-4276-8FD4-9ABED5D8D24B}.Release|x64.ActiveCfg = Release|x64
		{4C55DA48-54CF-4276-8FD4-9ABED5D8D24B}.Release|x64.Build.0 = Release|x64
		{4C55DA48-54CF-4276-8FD4-9ABED5D8D24B}.Release|x86.ActiveCfg = Release|Win32
		{4C55DA48-54CF-4276-8FD4-9ABED5D8D24B}.Release|x86.Build.0 = Release|Win32
		{157397BC-D436-4ABC-AA2A-CC88BA31521F}.Debug|x64.ActiveCfg = Debug|x64
		{157397BC-D436-4ABC-AA2A-CC88BA31521F}.Debug|x64.Build.0 = Debug|x64
		{157397BC-D436-4ABC-AA2A-CC88BA31521F}.Debug|x86.ActiveCfg = Debug|Win32
		{157397BC-D436-4ABC-AA2A-CC88BA31521F}.Debug|x86.Build.0 = Debug|Win32
		{157397BC-D436-4ABC-AA2A-CC88BA31521F}.Release|x64.ActiveCfg = Release|x64
		{157397BC-D436-4ABC-AA2A-CC88BA31521F}.Release|x64.Build.0 = Release|x64
		{157397BC-D436-4ABC-AA2A-CC88BA31521F}.Release|x86.ActiveCfg = Release|Win32
		{157397BC-D436-4ABC-AA2A-CC88BA31521F}.Release|x86.Build.0 = Release|Win32
		{0F288EB5-C508-4BDF-B3AA-FEA47B2FDFDE}.Debug|x64.ActiveCfg = Debug|x64
		{0F288EB5-C508-4BDF-B3AA-FEA47B2FDFDE}.Debug|x64.Build.0 = Debug|x64
		{0F288EB5-C508-4BDF-B3AA-FEA47B2FDFDE}.Debug|x86.ActiveCfg = Debug|Win32
		{0F288EB5-C508-4BDF-B3AA-FEA47B2FDFDE}.Debug|x86.Build.0 = Debug|Win32
		{0F288EB5-C508-4BDF-B3AA-FEA47B2FDFDE}.Release|x64.ActiveCfg = Release|x64
		{0F288EB5-C508-4BDF-B3AA-FEA47B2FDFDE}.Release|x64.Build.0 = Release|x64
		{0F288EB5-C508-4BDF-B3AA-FEA47B2FDFDE}.Release|x86.ActiveCfg = Release|Win32
		{0F288EB5-C508-4BDF-B3AA-FEA47B2FDFDE}.Release|x86.Build.0 = Release|Win32
		{96B0F9A9-61D4-4702-9364-D41806BDF891}.Debug|x64.ActiveCfg = Debug|x64
		{96B0F9A9-61D4-4702-9364-D41806BDF891}.Debug|x64.Build.0 = Debug|x64
		{96B0F9A9-61D4-4702-9364-D41806BDF891}.Debug|x86.ActiveCfg = Debug|Win32
		{96B0F9A9-61D4-4702-9364-D41806BDF891}.Debug|x86.Build.0 = Debug|Win32
		{96B0F9A9-61D4-4702-9364-D41806BDF891}.Release|x64.ActiveCfg = Release|x64
		{96B0F9A9-61D4-4702-9364-D41806BDF891}.Release|x64.Build.0 = Release|x64
		{96B0F9A9-61D4-4702-9364-D41806BDF891}.Release|x86.ActiveCfg = Release|Win32
		{96B0F9A9-61D4-4702-9364-D41806BDF891}.Release|x86.Build.0 = Release|Win32
		{E98A4E5B-6FB5-4469-A229-4E9883B27C06}.Debug|x64.ActiveCfg = Debug|x64
		{E98A4E5B-6FB5-4469-A229-4E9883B27C06}.Debug|x64.Build.0 = Debug|x64
		{E98A4E5B-6FB5-4469-A229-4E9883B27C06}.Debug|x86.ActiveCfg = Debug|Win32
		{E98A4E5B-6FB5-4469-A229-4E9883B27C06}.Debug|x86.Build.0 = Debug|Win32
		{E98A4E5B-6FB5-4469-A229-4E9883B27C06}.Release|x64.ActiveCfg = Release|x64
		{E98A4E5B-6FB5-4469-A229-4E9883B27C06}.Release|x64.Build.0 = Release|x64
		{E98A4E5B-6FB5-4469-A229-4E9883B27C06}.Release|x86.ActiveCfg = Release|Win32
		{E98A4E5B-6FB5-4469-A229-4E9883B27C06}.Release|x86.Build.0 = Release|Win32
		{32CE64CF-D2DC-497F-8CAE-9B8F998702B5}.Debug|x64.ActiveCfg = Debug|x64
		{32CE64CF-D2DC-497F-8CAE-9B8F998702B5}.Debug|x64.Build.0 = Debug|x64
		{32CE64CF-D2DC-497F-8CAE-9B8F998702B5}.Debug|x86.ActiveCfg = Debug|Win32
		{32CE64CF-D2DC-497F-8CAE-9B8F998702B5}.Debug|x86.Build.0 = Debug|Win32
		{32CE64CF-D2DC-497F-8CAE-9B8F998702B5}.Release|x64.ActiveCfg = Release|x64
		{32CE64CF-D2DC-497F-8CAE-9B8F998702B5}.Release|x64.Build.0 = Release|x64
		{32CE64CF-D2DC-497F-8CAE-9B8F998702B5}.Release|x86.ActiveCfg = Release|Win32
		{32CE64CF-D2DC-497F-8CAE-9B8F998702B5}.Release|x86.Build.0 = Release|Win32
		{FF4D120C-C020-4F91-8971-62AFAF68AAFB}.Debug|x64.ActiveCfg = Debug|x64
		{FF4D120C-C020-4F91-8971-62AFAF68AAFB}.Debug|x64.Build.0 = Debug|x64
		{FF4D120C-C020-4F91-8971-62AFAF68AAFB}.Debug|x86.ActiveCfg = Debug|Win32
		{FF4D120C-C020-4F91-8971-62AFAF68AAFB}.Debug|x86.Build.0 = Debug|Win32
		{FF4D120C-C020-4F91-8971-62AFAF68AAFB}.Release|x64.ActiveCfg = Release|x64
		{FF4D120C-C020-4F91-8971-62AFAF68AAFB}.Release|x64.Build.0 = Release|x64
		{FF4D120C-C020-4F91-8971-62AFAF68AAFB}.Release|x86.ActiveCfg = Release|Win32
		{FF4D120C-C020-4F91-8971-62AFAF68AAFB}.Release|x86.Build.0 = Release|Win32
		{3560886A-77CB-4D40-AF02-42EC7D43AABF}.Debug|x64.ActiveCfg = Debug|x64
		{3560886A-77CB-4D40-AF02-42EC7D43AABF}.Debug|x64.Build.0 = Debug|x64
		{3560886A-77CB-4D40-AF02-42EC7D43AABF}.Debug|x86.ActiveCfg = Debug|Win32
		{3560886A-77CB-4D40-AF02-42EC7D43AABF}.Debug|x86.Build.0 = Debug|Win32
		{3560886A-77CB-4D40-AF02-42EC7D43AABF}.Release|x64.ActiveCfg = Release|x64
		{3560886A-77CB-4D40-AF02-42EC7D43AABF}.Release|x64.Build.0 = Release|x64
		{3560886A-77CB-4D40-AF02-42EC7D43AABF}.Release|x86.ActiveCfg = Release|Win32
		{3560886A-77CB-4D40-AF02-42EC7D43AABF}.Release|x86.Build.0 = Release|Win32
		{C1C22F6D-51EE-4246-A133-88AE35F5BC37}.Debug|x64.ActiveCfg = Debug|x64
		{C1C22F6D-51EE-4246-A133-88AE35F5BC37}.Debug|x64.Build.0 = Debug|x64
		{C1C22F6D-51EE-4246-A133-88AE35F5BC37}.Debug|x86.ActiveCfg = Debug|Win32
		{C1C22F6D-51EE-4246-A133-88AE35F5BC37}.Debug|x86.Build.0 = Debug|Win32
		{C1C22F6D-51EE-4246-A133-88AE35F5BC37}.Release|x64.ActiveCfg = Release|x64
		{C1C22F6D-51EE-4246-A133-88AE35F5BC37}.Release|x64.Build.0 = Release|x64
		{C1C22F6D-51EE-4246-A133-88AE35F5BC37}.Release|x86.ActiveCfg = Release|Win32
		{C1C22F6D-51EE-4246-A133-88AE35F5BC37}.Release|x86.Build.0 = Release|Win32
	EndGlobalSection
	GlobalSection(SolutionProperties) = preSolution
		HideSolutionNode = FALSE
	EndGlobalSection
	GlobalSection(ExtensibilityGlobals) = postSolution
		SolutionGuid = {8635FE10-7A01-4314-AC7F-5868DE1319AB}
	EndGlobalSection
EndGlobal
