
Microsoft Visual Studio Solution File, Format Version 12.00
# Visual Studio Version 17
VisualStudioVersion = 17.6.33815.320
MinimumVisualStudioVersion = 10.0.40219.1
Project("{8BC9CEB8-8B4A-11D0-8D11-00A0C91BC942}") = "016", "016\016.vcxproj", "{C1C22F6D-51EE-4246-A133-88AE35F5BC37}"
EndProject
Project("{8BC9CEB8-8B4A-11D0-8D11-00A0C91BC942}") = "017", "017\017.vcxproj", "{1E7C51E8-BE9A-4C88-B7EA-8F2C3E8F2F54}"
EndProject
Project("{8BC9CEB8-8B4A-11D0-8D11-00A0C91BC942}") = "018", "018\018.vcxproj", "{76C2C578-A231-4348-86EE-D3F45BC2A419}"
EndProject
Project("{8BC9CEB8-8B4A-11D0-8D11-00A0C91BC942}") = "019", "019\019.vcxproj", "{2825E2FD-AC61-4E15-8904-881D6ED54952}"
EndProject
Project("{8BC9CEB8-8B4A-11D0-8D11-00A0C91BC942}") = "020", "020\020.vcxproj", "{51870AE7-617B-47E0-9164-E798E7A09A46}"
EndProject
Project("{8BC9CEB8-8B4A-11D0-8D11-00A0C91BC942}") = "021", "021\021.vcxproj", "{A4C0BDEE-FD90-4849-8F76-F38773CB5590}"
EndProject
Project("{8BC9CEB8-8B4A-11D0-8D11-00A0C91BC942}") = "023", "023\023.vcxproj", "{A06BFDFE-D3C1-4712-81C6-D0201530B228}"
EndProject
Project("{8BC9CEB8-8B4A-11D0-8D11-00A0C91BC942}") = "022", "022\022.vcxproj", "{60AB35FC-9D2D-411D-8800-8549BE51FA2A}"
EndProject
Project("{8BC9CEB8-8B4A-11D0-8D11-00A0C91BC942}") = "024", "024\024.vcxproj", "{D5F33BCF-E66A-4F61-BB32-19E1F8314DD9}"
EndProject
Project("{8BC9CEB8-8B4A-11D0-8D11-00A0C91BC942}") = "025", "025\025.vcxproj", "{542DC9ED-6632-41AC-9992-4198E7A81695}"
EndProject
Project("{8BC9CEB8-8B4A-11D0-8D11-00A0C91BC942}") = "026", "026\026.vcxproj", "{6A0378CA-4AC4-4AE4-B99B-F9EF42BC9B21}"
EndProject
Project("{8BC9CEB8-8B4A-11D0-8D11-00A0C91BC942}") = "027", "027\027.vcxproj", "{2E20C23B-D603-4BDD-B2F3-233B150B68C7}"
EndProject
Project("{8BC9CEB8-8B4A-11D0-8D11-00A0C91BC942}") = "028", "028\028.vcxproj", "{62515FB8-2DA4-43D0-806B-AB4E8C32BA57}"
EndProject
Project("{8BC9CEB8-8B4A-11D0-8D11-00A0C91BC942}") = "029", "029\029.vcxproj", "{ADBD8138-3120-4999-AA2C-D3037BD2702B}"
EndProject
Project("{8BC9CEB8-8B4A-11D0-8D11-00A0C91BC942}") = "030", "030\030.vcxproj", "{3CF939CA-BBC8-49E1-8CC6-D3DF172AB9C3}"
EndProject
Project("{8BC9CEB8-8B4A-11D0-8D11-00A0C91BC942}") = "031", "031\031.vcxproj", "{82576E0F-D63E-4BD0-B1B9-5A92607FE730}"
EndProject
Project("{8BC9CEB8-8B4A-11D0-8D11-00A0C91BC942}") = "032", "032\032.vcxproj", "{2B4B4715-8576-42FC-A59B-4235ECFF7AD2}"
EndProject
Project("{8BC9CEB8-8B4A-11D0-8D11-00A0C91BC942}") = "033", "033\033.vcxproj", "{9090B71A-0726-44F4-876C-D90352B24D87}"
EndProject
Project("{8BC9CEB8-8B4A-11D0-8D11-00A0C91BC942}") = "034", "034\034.vcxproj", "{84A69863-8EE2-4897-815E-1C37A29136BC}"
EndProject
Project("{8BC9CEB8-8B4A-11D0-8D11-00A0C91BC942}") = "035", "035\035.vcxproj", "{AF6419D4-C92D-4348-89DA-383897479C99}"
EndProject
Project("{8BC9CEB8-8B4A-11D0-8D11-00A0C91BC942}") = "036", "036\036.vcxproj", "{603CE737-5100-42B1-ADA3-5DCAA9E21286}"
EndProject
Project("{8BC9CEB8-8B4A-11D0-8D11-00A0C91BC942}") = "037", "037\037.vcxproj", "{E47B0BAF-F2AE-4D40-9C10-B5C29E9600ED}"
EndProject
Project("{8BC9CEB8-8B4A-11D0-8D11-00A0C91BC942}") = "038", "038\038.vcxproj", "{135C8396-AEFC-4F00-82EF-4D5A34923DB7}"
EndProject
Project("{8BC9CEB8-8B4A-11D0-8D11-00A0C91BC942}") = "039", "039\039.vcxproj", "{C6207A89-807C-4368-91AB-6D3984ED12A4}"
EndProject
Project("{8BC9CEB8-8B4A-11D0-8D11-00A0C91BC942}") = "040", "040\040.vcxproj", "{C5F71FD2-A0AD-4D4A-93B6-225294E9BEF2}"
EndProject
Project("{8BC9CEB8-8B4A-11D0-8D11-00A0C91BC942}") = "040_2", "040_2\040_2.vcxproj", "{956B9B77-0F1C-41FE-9FB2-641E2CF8BE1D}"
EndProject
Project("{8BC9CEB8-8B4A-11D0-8D11-00A0C91BC942}") = "041", "041\041.vcxproj", "{4E2ACA0B-B5D4-47AD-9BB2-58F444D84DC7}"
EndProject
Project("{8BC9CEB8-8B4A-11D0-8D11-00A0C91BC942}") = "041_2", "041_2\041_2.vcxproj", "{A7E49A78-1B7F-4717-A0F7-EA8B485D14EC}"
EndProject
Project("{8BC9CEB8-8B4A-11D0-8D11-00A0C91BC942}") = "041_3", "041_3\041_3.vcxproj", "{537D91C7-4C96-4466-878D-7879856DC08D}"
EndProject
Project("{8BC9CEB8-8B4A-11D0-8D11-00A0C91BC942}") = "042", "042\042.vcxproj", "{DC5EC9D1-8A61-44F5-86A0-6B84672E7A39}"
EndProject
Project("{8BC9CEB8-8B4A-11D0-8D11-00A0C91BC942}") = "042_2", "042_2\042_2.vcxproj", "{D7BE5C91-14C9-4963-9A14-71A757D2C2C1}"
EndProject
Project("{8BC9CEB8-8B4A-11D0-8D11-00A0C91BC942}") = "043", "043\043.vcxproj", "{6D7ADC60-0113-4DAD-BDDC-98B107BB3FA3}"
EndProject
Project("{8BC9CEB8-8B4A-11D0-8D11-00A0C91BC942}") = "044", "044\044.vcxproj", "{B08AEF7B-D987-4F71-AAEA-46165A498D3D}"
EndProject
Project("{8BC9CEB8-8B4A-11D0-8D11-00A0C91BC942}") = "045", "045\045.vcxproj", "{AD4B08E8-C119-4300-BD64-EB79B3D836A8}"
EndProject
Project("{8BC9CEB8-8B4A-11D0-8D11-00A0C91BC942}") = "046", "046\046.vcxproj", "{B42BA1E5-CD3D-4F92-A17B-7A54E271FC81}"
EndProject
Project("{8BC9CEB8-8B4A-11D0-8D11-00A0C91BC942}") = "047", "047\047.vcxproj", "{B09C2DEB-7039-453A-B4B8-BAF828A9BC23}"
EndProject
Project("{8BC9CEB8-8B4A-11D0-8D11-00A0C91BC942}") = "048", "048\048.vcxproj", "{9108F106-7B7F-44F9-8D40-D9B7C1D14742}"
EndProject
Project("{8BC9CEB8-8B4A-11D0-8D11-00A0C91BC942}") = "049", "049\049.vcxproj", "{5DC6923F-59EF-4914-A82F-014E44E6976F}"
EndProject
Project("{8BC9CEB8-8B4A-11D0-8D11-00A0C91BC942}") = "050", "050\050.vcxproj", "{D792A013-1BAC-4474-977B-940EFC309479}"
EndProject
Project("{8BC9CEB8-8B4A-11D0-8D11-00A0C91BC942}") = "051", "051\051.vcxproj", "{CD5DCCAA-A4B7-455E-9AA9-DA7A190A963F}"
EndProject
Global
	GlobalSection(SolutionConfigurationPlatforms) = preSolution
		Debug|x64 = Debug|x64
		Debug|x86 = Debug|x86
		Release|x64 = Release|x64
		Release|x86 = Release|x86
	EndGlobalSection
	GlobalSection(ProjectConfigurationPlatforms) = postSolution
		{C1C22F6D-51EE-4246-A133-88AE35F5BC37}.Debug|x64.ActiveCfg = Debug|x64
		{C1C22F6D-51EE-4246-A133-88AE35F5BC37}.Debug|x64.Build.0 = Debug|x64
		{C1C22F6D-51EE-4246-A133-88AE35F5BC37}.Debug|x86.ActiveCfg = Debug|Win32
		{C1C22F6D-51EE-4246-A133-88AE35F5BC37}.Debug|x86.Build.0 = Debug|Win32
		{C1C22F6D-51EE-4246-A133-88AE35F5BC37}.Release|x64.ActiveCfg = Release|x64
		{C1C22F6D-51EE-4246-A133-88AE35F5BC37}.Release|x64.Build.0 = Release|x64
		{C1C22F6D-51EE-4246-A133-88AE35F5BC37}.Release|x86.ActiveCfg = Release|Win32
		{C1C22F6D-51EE-4246-A133-88AE35F5BC37}.Release|x86.Build.0 = Release|Win32
		{1E7C51E8-BE9A-4C88-B7EA-8F2C3E8F2F54}.Debug|x64.ActiveCfg = Debug|x64
		{1E7C51E8-BE9A-4C88-B7EA-8F2C3E8F2F54}.Debug|x64.Build.0 = Debug|x64
		{1E7C51E8-BE9A-4C88-B7EA-8F2C3E8F2F54}.Debug|x86.ActiveCfg = Debug|Win32
		{1E7C51E8-BE9A-4C88-B7EA-8F2C3E8F2F54}.Debug|x86.Build.0 = Debug|Win32
		{1E7C51E8-BE9A-4C88-B7EA-8F2C3E8F2F54}.Release|x64.ActiveCfg = Release|x64
		{1E7C51E8-BE9A-4C88-B7EA-8F2C3E8F2F54}.Release|x64.Build.0 = Release|x64
		{1E7C51E8-BE9A-4C88-B7EA-8F2C3E8F2F54}.Release|x86.ActiveCfg = Release|Win32
		{1E7C51E8-BE9A-4C88-B7EA-8F2C3E8F2F54}.Release|x86.Build.0 = Release|Win32
		{76C2C578-A231-4348-86EE-D3F45BC2A419}.Debug|x64.ActiveCfg = Debug|x64
		{76C2C578-A231-4348-86EE-D3F45BC2A419}.Debug|x64.Build.0 = Debug|x64
		{76C2C578-A231-4348-86EE-D3F45BC2A419}.Debug|x86.ActiveCfg = Debug|Win32
		{76C2C578-A231-4348-86EE-D3F45BC2A419}.Debug|x86.Build.0 = Debug|Win32
		{76C2C578-A231-4348-86EE-D3F45BC2A419}.Release|x64.ActiveCfg = Release|x64
		{76C2C578-A231-4348-86EE-D3F45BC2A419}.Release|x64.Build.0 = Release|x64
		{76C2C578-A231-4348-86EE-D3F45BC2A419}.Release|x86.ActiveCfg = Release|Win32
		{76C2C578-A231-4348-86EE-D3F45BC2A419}.Release|x86.Build.0 = Release|Win32
		{2825E2FD-AC61-4E15-8904-881D6ED54952}.Debug|x64.ActiveCfg = Debug|x64
		{2825E2FD-AC61-4E15-8904-881D6ED54952}.Debug|x64.Build.0 = Debug|x64
		{2825E2FD-AC61-4E15-8904-881D6ED54952}.Debug|x86.ActiveCfg = Debug|Win32
		{2825E2FD-AC61-4E15-8904-881D6ED54952}.Debug|x86.Build.0 = Debug|Win32
		{2825E2FD-AC61-4E15-8904-881D6ED54952}.Release|x64.ActiveCfg = Release|x64
		{2825E2FD-AC61-4E15-8904-881D6ED54952}.Release|x64.Build.0 = Release|x64
		{2825E2FD-AC61-4E15-8904-881D6ED54952}.Release|x86.ActiveCfg = Release|Win32
		{2825E2FD-AC61-4E15-8904-881D6ED54952}.Release|x86.Build.0 = Release|Win32
		{51870AE7-617B-47E0-9164-E798E7A09A46}.Debug|x64.ActiveCfg = Debug|x64
		{51870AE7-617B-47E0-9164-E798E7A09A46}.Debug|x64.Build.0 = Debug|x64
		{51870AE7-617B-47E0-9164-E798E7A09A46}.Debug|x86.ActiveCfg = Debug|Win32
		{51870AE7-617B-47E0-9164-E798E7A09A46}.Debug|x86.Build.0 = Debug|Win32
		{51870AE7-617B-47E0-9164-E798E7A09A46}.Release|x64.ActiveCfg = Release|x64
		{51870AE7-617B-47E0-9164-E798E7A09A46}.Release|x64.Build.0 = Release|x64
		{51870AE7-617B-47E0-9164-E798E7A09A46}.Release|x86.ActiveCfg = Release|Win32
		{51870AE7-617B-47E0-9164-E798E7A09A46}.Release|x86.Build.0 = Release|Win32
		{A4C0BDEE-FD90-4849-8F76-F38773CB5590}.Debug|x64.ActiveCfg = Debug|x64
		{A4C0BDEE-FD90-4849-8F76-F38773CB5590}.Debug|x64.Build.0 = Debug|x64
		{A4C0BDEE-FD90-4849-8F76-F38773CB5590}.Debug|x86.ActiveCfg = Debug|Win32
		{A4C0BDEE-FD90-4849-8F76-F38773CB5590}.Debug|x86.Build.0 = Debug|Win32
		{A4C0BDEE-FD90-4849-8F76-F38773CB5590}.Release|x64.ActiveCfg = Release|x64
		{A4C0BDEE-FD90-4849-8F76-F38773CB5590}.Release|x64.Build.0 = Release|x64
		{A4C0BDEE-FD90-4849-8F76-F38773CB5590}.Release|x86.ActiveCfg = Release|Win32
		{A4C0BDEE-FD90-4849-8F76-F38773CB5590}.Release|x86.Build.0 = Release|Win32
		{A06BFDFE-D3C1-4712-81C6-D0201530B228}.Debug|x64.ActiveCfg = Debug|x64
		{A06BFDFE-D3C1-4712-81C6-D0201530B228}.Debug|x64.Build.0 = Debug|x64
		{A06BFDFE-D3C1-4712-81C6-D0201530B228}.Debug|x86.ActiveCfg = Debug|Win32
		{A06BFDFE-D3C1-4712-81C6-D0201530B228}.Debug|x86.Build.0 = Debug|Win32
		{A06BFDFE-D3C1-4712-81C6-D0201530B228}.Release|x64.ActiveCfg = Release|x64
		{A06BFDFE-D3C1-4712-81C6-D0201530B228}.Release|x64.Build.0 = Release|x64
		{A06BFDFE-D3C1-4712-81C6-D0201530B228}.Release|x86.ActiveCfg = Release|Win32
		{A06BFDFE-D3C1-4712-81C6-D0201530B228}.Release|x86.Build.0 = Release|Win32
		{60AB35FC-9D2D-411D-8800-8549BE51FA2A}.Debug|x64.ActiveCfg = Debug|x64
		{60AB35FC-9D2D-411D-8800-8549BE51FA2A}.Debug|x64.Build.0 = Debug|x64
		{60AB35FC-9D2D-411D-8800-8549BE51FA2A}.Debug|x86.ActiveCfg = Debug|Win32
		{60AB35FC-9D2D-411D-8800-8549BE51FA2A}.Debug|x86.Build.0 = Debug|Win32
		{60AB35FC-9D2D-411D-8800-8549BE51FA2A}.Release|x64.ActiveCfg = Release|x64
		{60AB35FC-9D2D-411D-8800-8549BE51FA2A}.Release|x64.Build.0 = Release|x64
		{60AB35FC-9D2D-411D-8800-8549BE51FA2A}.Release|x86.ActiveCfg = Release|Win32
		{60AB35FC-9D2D-411D-8800-8549BE51FA2A}.Release|x86.Build.0 = Release|Win32
		{D5F33BCF-E66A-4F61-BB32-19E1F8314DD9}.Debug|x64.ActiveCfg = Debug|x64
		{D5F33BCF-E66A-4F61-BB32-19E1F8314DD9}.Debug|x64.Build.0 = Debug|x64
		{D5F33BCF-E66A-4F61-BB32-19E1F8314DD9}.Debug|x86.ActiveCfg = Debug|Win32
		{D5F33BCF-E66A-4F61-BB32-19E1F8314DD9}.Debug|x86.Build.0 = Debug|Win32
		{D5F33BCF-E66A-4F61-BB32-19E1F8314DD9}.Release|x64.ActiveCfg = Release|x64
		{D5F33BCF-E66A-4F61-BB32-19E1F8314DD9}.Release|x64.Build.0 = Release|x64
		{D5F33BCF-E66A-4F61-BB32-19E1F8314DD9}.Release|x86.ActiveCfg = Release|Win32
		{D5F33BCF-E66A-4F61-BB32-19E1F8314DD9}.Release|x86.Build.0 = Release|Win32
		{542DC9ED-6632-41AC-9992-4198E7A81695}.Debug|x64.ActiveCfg = Debug|x64
		{542DC9ED-6632-41AC-9992-4198E7A81695}.Debug|x64.Build.0 = Debug|x64
		{542DC9ED-6632-41AC-9992-4198E7A81695}.Debug|x86.ActiveCfg = Debug|Win32
		{542DC9ED-6632-41AC-9992-4198E7A81695}.Debug|x86.Build.0 = Debug|Win32
		{542DC9ED-6632-41AC-9992-4198E7A81695}.Release|x64.ActiveCfg = Release|x64
		{542DC9ED-6632-41AC-9992-4198E7A81695}.Release|x64.Build.0 = Release|x64
		{542DC9ED-6632-41AC-9992-4198E7A81695}.Release|x86.ActiveCfg = Release|Win32
		{542DC9ED-6632-41AC-9992-4198E7A81695}.Release|x86.Build.0 = Release|Win32
		{6A0378CA-4AC4-4AE4-B99B-F9EF42BC9B21}.Debug|x64.ActiveCfg = Debug|x64
		{6A0378CA-4AC4-4AE4-B99B-F9EF42BC9B21}.Debug|x64.Build.0 = Debug|x64
		{6A0378CA-4AC4-4AE4-B99B-F9EF42BC9B21}.Debug|x86.ActiveCfg = Debug|Win32
		{6A0378CA-4AC4-4AE4-B99B-F9EF42BC9B21}.Debug|x86.Build.0 = Debug|Win32
		{6A0378CA-4AC4-4AE4-B99B-F9EF42BC9B21}.Release|x64.ActiveCfg = Release|x64
		{6A0378CA-4AC4-4AE4-B99B-F9EF42BC9B21}.Release|x64.Build.0 = Release|x64
		{6A0378CA-4AC4-4AE4-B99B-F9EF42BC9B21}.Release|x86.ActiveCfg = Release|Win32
		{6A0378CA-4AC4-4AE4-B99B-F9EF42BC9B21}.Release|x86.Build.0 = Release|Win32
		{2E20C23B-D603-4BDD-B2F3-233B150B68C7}.Debug|x64.ActiveCfg = Debug|x64
		{2E20C23B-D603-4BDD-B2F3-233B150B68C7}.Debug|x64.Build.0 = Debug|x64
		{2E20C23B-D603-4BDD-B2F3-233B150B68C7}.Debug|x86.ActiveCfg = Debug|Win32
		{2E20C23B-D603-4BDD-B2F3-233B150B68C7}.Debug|x86.Build.0 = Debug|Win32
		{2E20C23B-D603-4BDD-B2F3-233B150B68C7}.Release|x64.ActiveCfg = Release|x64
		{2E20C23B-D603-4BDD-B2F3-233B150B68C7}.Release|x64.Build.0 = Release|x64
		{2E20C23B-D603-4BDD-B2F3-233B150B68C7}.Release|x86.ActiveCfg = Release|Win32
		{2E20C23B-D603-4BDD-B2F3-233B150B68C7}.Release|x86.Build.0 = Release|Win32
		{62515FB8-2DA4-43D0-806B-AB4E8C32BA57}.Debug|x64.ActiveCfg = Debug|x64
		{62515FB8-2DA4-43D0-806B-AB4E8C32BA57}.Debug|x64.Build.0 = Debug|x64
		{62515FB8-2DA4-43D0-806B-AB4E8C32BA57}.Debug|x86.ActiveCfg = Debug|Win32
		{62515FB8-2DA4-43D0-806B-AB4E8C32BA57}.Debug|x86.Build.0 = Debug|Win32
		{62515FB8-2DA4-43D0-806B-AB4E8C32BA57}.Release|x64.ActiveCfg = Release|x64
		{62515FB8-2DA4-43D0-806B-AB4E8C32BA57}.Release|x64.Build.0 = Release|x64
		{62515FB8-2DA4-43D0-806B-AB4E8C32BA57}.Release|x86.ActiveCfg = Release|Win32
		{62515FB8-2DA4-43D0-806B-AB4E8C32BA57}.Release|x86.Build.0 = Release|Win32
		{ADBD8138-3120-4999-AA2C-D3037BD2702B}.Debug|x64.ActiveCfg = Debug|x64
		{ADBD8138-3120-4999-AA2C-D3037BD2702B}.Debug|x64.Build.0 = Debug|x64
		{ADBD8138-3120-4999-AA2C-D3037BD2702B}.Debug|x86.ActiveCfg = Debug|Win32
		{ADBD8138-3120-4999-AA2C-D3037BD2702B}.Debug|x86.Build.0 = Debug|Win32
		{ADBD8138-3120-4999-AA2C-D3037BD2702B}.Release|x64.ActiveCfg = Release|x64
		{ADBD8138-3120-4999-AA2C-D3037BD2702B}.Release|x64.Build.0 = Release|x64
		{ADBD8138-3120-4999-AA2C-D3037BD2702B}.Release|x86.ActiveCfg = Release|Win32
		{ADBD8138-3120-4999-AA2C-D3037BD2702B}.Release|x86.Build.0 = Release|Win32
		{3CF939CA-BBC8-49E1-8CC6-D3DF172AB9C3}.Debug|x64.ActiveCfg = Debug|x64
		{3CF939CA-BBC8-49E1-8CC6-D3DF172AB9C3}.Debug|x64.Build.0 = Debug|x64
		{3CF939CA-BBC8-49E1-8CC6-D3DF172AB9C3}.Debug|x86.ActiveCfg = Debug|Win32
		{3CF939CA-BBC8-49E1-8CC6-D3DF172AB9C3}.Debug|x86.Build.0 = Debug|Win32
		{3CF939CA-BBC8-49E1-8CC6-D3DF172AB9C3}.Release|x64.ActiveCfg = Release|x64
		{3CF939CA-BBC8-49E1-8CC6-D3DF172AB9C3}.Release|x64.Build.0 = Release|x64
		{3CF939CA-BBC8-49E1-8CC6-D3DF172AB9C3}.Release|x86.ActiveCfg = Release|Win32
		{3CF939CA-BBC8-49E1-8CC6-D3DF172AB9C3}.Release|x86.Build.0 = Release|Win32
		{82576E0F-D63E-4BD0-B1B9-5A92607FE730}.Debug|x64.ActiveCfg = Debug|x64
		{82576E0F-D63E-4BD0-B1B9-5A92607FE730}.Debug|x64.Build.0 = Debug|x64
		{82576E0F-D63E-4BD0-B1B9-5A92607FE730}.Debug|x86.ActiveCfg = Debug|Win32
		{82576E0F-D63E-4BD0-B1B9-5A92607FE730}.Debug|x86.Build.0 = Debug|Win32
		{82576E0F-D63E-4BD0-B1B9-5A92607FE730}.Release|x64.ActiveCfg = Release|x64
		{82576E0F-D63E-4BD0-B1B9-5A92607FE730}.Release|x64.Build.0 = Release|x64
		{82576E0F-D63E-4BD0-B1B9-5A92607FE730}.Release|x86.ActiveCfg = Release|Win32
		{82576E0F-D63E-4BD0-B1B9-5A92607FE730}.Release|x86.Build.0 = Release|Win32
		{2B4B4715-8576-42FC-A59B-4235ECFF7AD2}.Debug|x64.ActiveCfg = Debug|x64
		{2B4B4715-8576-42FC-A59B-4235ECFF7AD2}.Debug|x64.Build.0 = Debug|x64
		{2B4B4715-8576-42FC-A59B-4235ECFF7AD2}.Debug|x86.ActiveCfg = Debug|Win32
		{2B4B4715-8576-42FC-A59B-4235ECFF7AD2}.Debug|x86.Build.0 = Debug|Win32
		{2B4B4715-8576-42FC-A59B-4235ECFF7AD2}.Release|x64.ActiveCfg = Release|x64
		{2B4B4715-8576-42FC-A59B-4235ECFF7AD2}.Release|x64.Build.0 = Release|x64
		{2B4B4715-8576-42FC-A59B-4235ECFF7AD2}.Release|x86.ActiveCfg = Release|Win32
		{2B4B4715-8576-42FC-A59B-4235ECFF7AD2}.Release|x86.Build.0 = Release|Win32
		{9090B71A-0726-44F4-876C-D90352B24D87}.Debug|x64.ActiveCfg = Debug|x64
		{9090B71A-0726-44F4-876C-D90352B24D87}.Debug|x64.Build.0 = Debug|x64
		{9090B71A-0726-44F4-876C-D90352B24D87}.Debug|x86.ActiveCfg = Debug|Win32
		{9090B71A-0726-44F4-876C-D90352B24D87}.Debug|x86.Build.0 = Debug|Win32
		{9090B71A-0726-44F4-876C-D90352B24D87}.Release|x64.ActiveCfg = Release|x64
		{9090B71A-0726-44F4-876C-D90352B24D87}.Release|x64.Build.0 = Release|x64
		{9090B71A-0726-44F4-876C-D90352B24D87}.Release|x86.ActiveCfg = Release|Win32
		{9090B71A-0726-44F4-876C-D90352B24D87}.Release|x86.Build.0 = Release|Win32
		{84A69863-8EE2-4897-815E-1C37A29136BC}.Debug|x64.ActiveCfg = Debug|x64
		{84A69863-8EE2-4897-815E-1C37A29136BC}.Debug|x64.Build.0 = Debug|x64
		{84A69863-8EE2-4897-815E-1C37A29136BC}.Debug|x86.ActiveCfg = Debug|Win32
		{84A69863-8EE2-4897-815E-1C37A29136BC}.Debug|x86.Build.0 = Debug|Win32
		{84A69863-8EE2-4897-815E-1C37A29136BC}.Release|x64.ActiveCfg = Release|x64
		{84A69863-8EE2-4897-815E-1C37A29136BC}.Release|x64.Build.0 = Release|x64
		{84A69863-8EE2-4897-815E-1C37A29136BC}.Release|x86.ActiveCfg = Release|Win32
		{84A69863-8EE2-4897-815E-1C37A29136BC}.Release|x86.Build.0 = Release|Win32
		{AF6419D4-C92D-4348-89DA-383897479C99}.Debug|x64.ActiveCfg = Debug|x64
		{AF6419D4-C92D-4348-89DA-383897479C99}.Debug|x64.Build.0 = Debug|x64
		{AF6419D4-C92D-4348-89DA-383897479C99}.Debug|x86.ActiveCfg = Debug|Win32
		{AF6419D4-C92D-4348-89DA-383897479C99}.Debug|x86.Build.0 = Debug|Win32
		{AF6419D4-C92D-4348-89DA-383897479C99}.Release|x64.ActiveCfg = Release|x64
		{AF6419D4-C92D-4348-89DA-383897479C99}.Release|x64.Build.0 = Release|x64
		{AF6419D4-C92D-4348-89DA-383897479C99}.Release|x86.ActiveCfg = Release|Win32
		{AF6419D4-C92D-4348-89DA-383897479C99}.Release|x86.Build.0 = Release|Win32
		{603CE737-5100-42B1-ADA3-5DCAA9E21286}.Debug|x64.ActiveCfg = Debug|x64
		{603CE737-5100-42B1-ADA3-5DCAA9E21286}.Debug|x64.Build.0 = Debug|x64
		{603CE737-5100-42B1-ADA3-5DCAA9E21286}.Debug|x86.ActiveCfg = Debug|Win32
		{603CE737-5100-42B1-ADA3-5DCAA9E21286}.Debug|x86.Build.0 = Debug|Win32
		{603CE737-5100-42B1-ADA3-5DCAA9E21286}.Release|x64.ActiveCfg = Release|x64
		{603CE737-5100-42B1-ADA3-5DCAA9E21286}.Release|x64.Build.0 = Release|x64
		{603CE737-5100-42B1-ADA3-5DCAA9E21286}.Release|x86.ActiveCfg = Release|Win32
		{603CE737-5100-42B1-ADA3-5DCAA9E21286}.Release|x86.Build.0 = Release|Win32
		{E47B0BAF-F2AE-4D40-9C10-B5C29E9600ED}.Debug|x64.ActiveCfg = Debug|x64
		{E47B0BAF-F2AE-4D40-9C10-B5C29E9600ED}.Debug|x64.Build.0 = Debug|x64
		{E47B0BAF-F2AE-4D40-9C10-B5C29E9600ED}.Debug|x86.ActiveCfg = Debug|Win32
		{E47B0BAF-F2AE-4D40-9C10-B5C29E9600ED}.Debug|x86.Build.0 = Debug|Win32
		{E47B0BAF-F2AE-4D40-9C10-B5C29E9600ED}.Release|x64.ActiveCfg = Release|x64
		{E47B0BAF-F2AE-4D40-9C10-B5C29E9600ED}.Release|x64.Build.0 = Release|x64
		{E47B0BAF-F2AE-4D40-9C10-B5C29E9600ED}.Release|x86.ActiveCfg = Release|Win32
		{E47B0BAF-F2AE-4D40-9C10-B5C29E9600ED}.Release|x86.Build.0 = Release|Win32
		{135C8396-AEFC-4F00-82EF-4D5A34923DB7}.Debug|x64.ActiveCfg = Debug|x64
		{135C8396-AEFC-4F00-82EF-4D5A34923DB7}.Debug|x64.Build.0 = Debug|x64
		{135C8396-AEFC-4F00-82EF-4D5A34923DB7}.Debug|x86.ActiveCfg = Debug|Win32
		{135C8396-AEFC-4F00-82EF-4D5A34923DB7}.Debug|x86.Build.0 = Debug|Win32
		{135C8396-AEFC-4F00-82EF-4D5A34923DB7}.Release|x64.ActiveCfg = Release|x64
		{135C8396-AEFC-4F00-82EF-4D5A34923DB7}.Release|x64.Build.0 = Release|x64
		{135C8396-AEFC-4F00-82EF-4D5A34923DB7}.Release|x86.ActiveCfg = Release|Win32
		{135C8396-AEFC-4F00-82EF-4D5A34923DB7}.Release|x86.Build.0 = Release|Win32
		{C6207A89-807C-4368-91AB-6D3984ED12A4}.Debug|x64.ActiveCfg = Debug|x64
		{C6207A89-807C-4368-91AB-6D3984ED12A4}.Debug|x64.Build.0 = Debug|x64
		{C6207A89-807C-4368-91AB-6D3984ED12A4}.Debug|x86.ActiveCfg = Debug|Win32
		{C6207A89-807C-4368-91AB-6D3984ED12A4}.Debug|x86.Build.0 = Debug|Win32
		{C6207A89-807C-4368-91AB-6D3984ED12A4}.Release|x64.ActiveCfg = Release|x64
		{C6207A89-807C-4368-91AB-6D3984ED12A4}.Release|x64.Build.0 = Release|x64
		{C6207A89-807C-4368-91AB-6D3984ED12A4}.Release|x86.ActiveCfg = Release|Win32
		{C6207A89-807C-4368-91AB-6D3984ED12A4}.Release|x86.Build.0 = Release|Win32
		{C5F71FD2-A0AD-4D4A-93B6-225294E9BEF2}.Debug|x64.ActiveCfg = Debug|x64
		{C5F71FD2-A0AD-4D4A-93B6-225294E9BEF2}.Debug|x64.Build.0 = Debug|x64
		{C5F71FD2-A0AD-4D4A-93B6-225294E9BEF2}.Debug|x86.ActiveCfg = Debug|Win32
		{C5F71FD2-A0AD-4D4A-93B6-225294E9BEF2}.Debug|x86.Build.0 = Debug|Win32
		{C5F71FD2-A0AD-4D4A-93B6-225294E9BEF2}.Release|x64.ActiveCfg = Release|x64
		{C5F71FD2-A0AD-4D4A-93B6-225294E9BEF2}.Release|x64.Build.0 = Release|x64
		{C5F71FD2-A0AD-4D4A-93B6-225294E9BEF2}.Release|x86.ActiveCfg = Release|Win32
		{C5F71FD2-A0AD-4D4A-93B6-225294E9BEF2}.Release|x86.Build.0 = Release|Win32
		{956B9B77-0F1C-41FE-9FB2-641E2CF8BE1D}.Debug|x64.ActiveCfg = Debug|x64
		{956B9B77-0F1C-41FE-9FB2-641E2CF8BE1D}.Debug|x64.Build.0 = Debug|x64
		{956B9B77-0F1C-41FE-9FB2-641E2CF8BE1D}.Debug|x86.ActiveCfg = Debug|Win32
		{956B9B77-0F1C-41FE-9FB2-641E2CF8BE1D}.Debug|x86.Build.0 = Debug|Win32
		{956B9B77-0F1C-41FE-9FB2-641E2CF8BE1D}.Release|x64.ActiveCfg = Release|x64
		{956B9B77-0F1C-41FE-9FB2-641E2CF8BE1D}.Release|x64.Build.0 = Release|x64
		{956B9B77-0F1C-41FE-9FB2-641E2CF8BE1D}.Release|x86.ActiveCfg = Release|Win32
		{956B9B77-0F1C-41FE-9FB2-641E2CF8BE1D}.Release|x86.Build.0 = Release|Win32
		{4E2ACA0B-B5D4-47AD-9BB2-58F444D84DC7}.Debug|x64.ActiveCfg = Debug|x64
		{4E2ACA0B-B5D4-47AD-9BB2-58F444D84DC7}.Debug|x64.Build.0 = Debug|x64
		{4E2ACA0B-B5D4-47AD-9BB2-58F444D84DC7}.Debug|x86.ActiveCfg = Debug|Win32
		{4E2ACA0B-B5D4-47AD-9BB2-58F444D84DC7}.Debug|x86.Build.0 = Debug|Win32
		{4E2ACA0B-B5D4-47AD-9BB2-58F444D84DC7}.Release|x64.ActiveCfg = Release|x64
		{4E2ACA0B-B5D4-47AD-9BB2-58F444D84DC7}.Release|x64.Build.0 = Release|x64
		{4E2ACA0B-B5D4-47AD-9BB2-58F444D84DC7}.Release|x86.ActiveCfg = Release|Win32
		{4E2ACA0B-B5D4-47AD-9BB2-58F444D84DC7}.Release|x86.Build.0 = Release|Win32
		{A7E49A78-1B7F-4717-A0F7-EA8B485D14EC}.Debug|x64.ActiveCfg = Debug|x64
		{A7E49A78-1B7F-4717-A0F7-EA8B485D14EC}.Debug|x64.Build.0 = Debug|x64
		{A7E49A78-1B7F-4717-A0F7-EA8B485D14EC}.Debug|x86.ActiveCfg = Debug|Win32
		{A7E49A78-1B7F-4717-A0F7-EA8B485D14EC}.Debug|x86.Build.0 = Debug|Win32
		{A7E49A78-1B7F-4717-A0F7-EA8B485D14EC}.Release|x64.ActiveCfg = Release|x64
		{A7E49A78-1B7F-4717-A0F7-EA8B485D14EC}.Release|x64.Build.0 = Release|x64
		{A7E49A78-1B7F-4717-A0F7-EA8B485D14EC}.Release|x86.ActiveCfg = Release|Win32
		{A7E49A78-1B7F-4717-A0F7-EA8B485D14EC}.Release|x86.Build.0 = Release|Win32
		{537D91C7-4C96-4466-878D-7879856DC08D}.Debug|x64.ActiveCfg = Debug|x64
		{537D91C7-4C96-4466-878D-7879856DC08D}.Debug|x64.Build.0 = Debug|x64
		{537D91C7-4C96-4466-878D-7879856DC08D}.Debug|x86.ActiveCfg = Debug|Win32
		{537D91C7-4C96-4466-878D-7879856DC08D}.Debug|x86.Build.0 = Debug|Win32
		{537D91C7-4C96-4466-878D-7879856DC08D}.Release|x64.ActiveCfg = Release|x64
		{537D91C7-4C96-4466-878D-7879856DC08D}.Release|x64.Build.0 = Release|x64
		{537D91C7-4C96-4466-878D-7879856DC08D}.Release|x86.ActiveCfg = Release|Win32
		{537D91C7-4C96-4466-878D-7879856DC08D}.Release|x86.Build.0 = Release|Win32
		{DC5EC9D1-8A61-44F5-86A0-6B84672E7A39}.Debug|x64.ActiveCfg = Debug|x64
		{DC5EC9D1-8A61-44F5-86A0-6B84672E7A39}.Debug|x64.Build.0 = Debug|x64
		{DC5EC9D1-8A61-44F5-86A0-6B84672E7A39}.Debug|x86.ActiveCfg = Debug|Win32
		{DC5EC9D1-8A61-44F5-86A0-6B84672E7A39}.Debug|x86.Build.0 = Debug|Win32
		{DC5EC9D1-8A61-44F5-86A0-6B84672E7A39}.Release|x64.ActiveCfg = Release|x64
		{DC5EC9D1-8A61-44F5-86A0-6B84672E7A39}.Release|x64.Build.0 = Release|x64
		{DC5EC9D1-8A61-44F5-86A0-6B84672E7A39}.Release|x86.ActiveCfg = Release|Win32
		{DC5EC9D1-8A61-44F5-86A0-6B84672E7A39}.Release|x86.Build.0 = Release|Win32
		{D7BE5C91-14C9-4963-9A14-71A757D2C2C1}.Debug|x64.ActiveCfg = Debug|x64
		{D7BE5C91-14C9-4963-9A14-71A757D2C2C1}.Debug|x64.Build.0 = Debug|x64
		{D7BE5C91-14C9-4963-9A14-71A757D2C2C1}.Debug|x86.ActiveCfg = Debug|Win32
		{D7BE5C91-14C9-4963-9A14-71A757D2C2C1}.Debug|x86.Build.0 = Debug|Win32
		{D7BE5C91-14C9-4963-9A14-71A757D2C2C1}.Release|x64.ActiveCfg = Release|x64
		{D7BE5C91-14C9-4963-9A14-71A757D2C2C1}.Release|x64.Build.0 = Release|x64
		{D7BE5C91-14C9-4963-9A14-71A757D2C2C1}.Release|x86.ActiveCfg = Release|Win32
		{D7BE5C91-14C9-4963-9A14-71A757D2C2C1}.Release|x86.Build.0 = Release|Win32
		{6D7ADC60-0113-4DAD-BDDC-98B107BB3FA3}.Debug|x64.ActiveCfg = Debug|x64
		{6D7ADC60-0113-4DAD-BDDC-98B107BB3FA3}.Debug|x64.Build.0 = Debug|x64
		{6D7ADC60-0113-4DAD-BDDC-98B107BB3FA3}.Debug|x86.ActiveCfg = Debug|Win32
		{6D7ADC60-0113-4DAD-BDDC-98B107BB3FA3}.Debug|x86.Build.0 = Debug|Win32
		{6D7ADC60-0113-4DAD-BDDC-98B107BB3FA3}.Release|x64.ActiveCfg = Release|x64
		{6D7ADC60-0113-4DAD-BDDC-98B107BB3FA3}.Release|x64.Build.0 = Release|x64
		{6D7ADC60-0113-4DAD-BDDC-98B107BB3FA3}.Release|x86.ActiveCfg = Release|Win32
		{6D7ADC60-0113-4DAD-BDDC-98B107BB3FA3}.Release|x86.Build.0 = Release|Win32
		{B08AEF7B-D987-4F71-AAEA-46165A498D3D}.Debug|x64.ActiveCfg = Debug|x64
		{B08AEF7B-D987-4F71-AAEA-46165A498D3D}.Debug|x64.Build.0 = Debug|x64
		{B08AEF7B-D987-4F71-AAEA-46165A498D3D}.Debug|x86.ActiveCfg = Debug|Win32
		{B08AEF7B-D987-4F71-AAEA-46165A498D3D}.Debug|x86.Build.0 = Debug|Win32
		{B08AEF7B-D987-4F71-AAEA-46165A498D3D}.Release|x64.ActiveCfg = Release|x64
		{B08AEF7B-D987-4F71-AAEA-46165A498D3D}.Release|x64.Build.0 = Release|x64
		{B08AEF7B-D987-4F71-AAEA-46165A498D3D}.Release|x86.ActiveCfg = Release|Win32
		{B08AEF7B-D987-4F71-AAEA-46165A498D3D}.Release|x86.Build.0 = Release|Win32
		{AD4B08E8-C119-4300-BD64-EB79B3D836A8}.Debug|x64.ActiveCfg = Debug|x64
		{AD4B08E8-C119-4300-BD64-EB79B3D836A8}.Debug|x64.Build.0 = Debug|x64
		{AD4B08E8-C119-4300-BD64-EB79B3D836A8}.Debug|x86.ActiveCfg = Debug|Win32
		{AD4B08E8-C119-4300-BD64-EB79B3D836A8}.Debug|x86.Build.0 = Debug|Win32
		{AD4B08E8-C119-4300-BD64-EB79B3D836A8}.Release|x64.ActiveCfg = Release|x64
		{AD4B08E8-C119-4300-BD64-EB79B3D836A8}.Release|x64.Build.0 = Release|x64
		{AD4B08E8-C119-4300-BD64-EB79B3D836A8}.Release|x86.ActiveCfg = Release|Win32
		{AD4B08E8-C119-4300-BD64-EB79B3D836A8}.Release|x86.Build.0 = Release|Win32
		{B42BA1E5-CD3D-4F92-A17B-7A54E271FC81}.Debug|x64.ActiveCfg = Debug|x64
		{B42BA1E5-CD3D-4F92-A17B-7A54E271FC81}.Debug|x64.Build.0 = Debug|x64
		{B42BA1E5-CD3D-4F92-A17B-7A54E271FC81}.Debug|x86.ActiveCfg = Debug|Win32
		{B42BA1E5-CD3D-4F92-A17B-7A54E271FC81}.Debug|x86.Build.0 = Debug|Win32
		{B42BA1E5-CD3D-4F92-A17B-7A54E271FC81}.Release|x64.ActiveCfg = Release|x64
		{B42BA1E5-CD3D-4F92-A17B-7A54E271FC81}.Release|x64.Build.0 = Release|x64
		{B42BA1E5-CD3D-4F92-A17B-7A54E271FC81}.Release|x86.ActiveCfg = Release|Win32
		{B42BA1E5-CD3D-4F92-A17B-7A54E271FC81}.Release|x86.Build.0 = Release|Win32
		{B09C2DEB-7039-453A-B4B8-BAF828A9BC23}.Debug|x64.ActiveCfg = Debug|x64
		{B09C2DEB-7039-453A-B4B8-BAF828A9BC23}.Debug|x64.Build.0 = Debug|x64
		{B09C2DEB-7039-453A-B4B8-BAF828A9BC23}.Debug|x86.ActiveCfg = Debug|Win32
		{B09C2DEB-7039-453A-B4B8-BAF828A9BC23}.Debug|x86.Build.0 = Debug|Win32
		{B09C2DEB-7039-453A-B4B8-BAF828A9BC23}.Release|x64.ActiveCfg = Release|x64
		{B09C2DEB-7039-453A-B4B8-BAF828A9BC23}.Release|x64.Build.0 = Release|x64
		{B09C2DEB-7039-453A-B4B8-BAF828A9BC23}.Release|x86.ActiveCfg = Release|Win32
		{B09C2DEB-7039-453A-B4B8-BAF828A9BC23}.Release|x86.Build.0 = Release|Win32
		{9108F106-7B7F-44F9-8D40-D9B7C1D14742}.Debug|x64.ActiveCfg = Debug|x64
		{9108F106-7B7F-44F9-8D40-D9B7C1D14742}.Debug|x64.Build.0 = Debug|x64
		{9108F106-7B7F-44F9-8D40-D9B7C1D14742}.Debug|x86.ActiveCfg = Debug|Win32
		{9108F106-7B7F-44F9-8D40-D9B7C1D14742}.Debug|x86.Build.0 = Debug|Win32
		{9108F106-7B7F-44F9-8D40-D9B7C1D14742}.Release|x64.ActiveCfg = Release|x64
		{9108F106-7B7F-44F9-8D40-D9B7C1D14742}.Release|x64.Build.0 = Release|x64
		{9108F106-7B7F-44F9-8D40-D9B7C1D14742}.Release|x86.ActiveCfg = Release|Win32
		{9108F106-7B7F-44F9-8D40-D9B7C1D14742}.Release|x86.Build.0 = Release|Win32
		{5DC6923F-59EF-4914-A82F-014E44E6976F}.Debug|x64.ActiveCfg = Debug|x64
		{5DC6923F-59EF-4914-A82F-014E44E6976F}.Debug|x64.Build.0 = Debug|x64
		{5DC6923F-59EF-4914-A82F-014E44E6976F}.Debug|x86.ActiveCfg = Debug|Win32
		{5DC6923F-59EF-4914-A82F-014E44E6976F}.Debug|x86.Build.0 = Debug|Win32
		{5DC6923F-59EF-4914-A82F-014E44E6976F}.Release|x64.ActiveCfg = Release|x64
		{5DC6923F-59EF-4914-A82F-014E44E6976F}.Release|x64.Build.0 = Release|x64
		{5DC6923F-59EF-4914-A82F-014E44E6976F}.Release|x86.ActiveCfg = Release|Win32
		{5DC6923F-59EF-4914-A82F-014E44E6976F}.Release|x86.Build.0 = Release|Win32
		{D792A013-1BAC-4474-977B-940EFC309479}.Debug|x64.ActiveCfg = Debug|x64
		{D792A013-1BAC-4474-977B-940EFC309479}.Debug|x64.Build.0 = Debug|x64
		{D792A013-1BAC-4474-977B-940EFC309479}.Debug|x86.ActiveCfg = Debug|Win32
		{D792A013-1BAC-4474-977B-940EFC309479}.Debug|x86.Build.0 = Debug|Win32
		{D792A013-1BAC-4474-977B-940EFC309479}.Release|x64.ActiveCfg = Release|x64
		{D792A013-1BAC-4474-977B-940EFC309479}.Release|x64.Build.0 = Release|x64
		{D792A013-1BAC-4474-977B-940EFC309479}.Release|x86.ActiveCfg = Release|Win32
		{D792A013-1BAC-4474-977B-940EFC309479}.Release|x86.Build.0 = Release|Win32
		{CD5DCCAA-A4B7-455E-9AA9-DA7A190A963F}.Debug|x64.ActiveCfg = Debug|x64
		{CD5DCCAA-A4B7-455E-9AA9-DA7A190A963F}.Debug|x64.Build.0 = Debug|x64
		{CD5DCCAA-A4B7-455E-9AA9-DA7A190A963F}.Debug|x86.ActiveCfg = Debug|Win32
		{CD5DCCAA-A4B7-455E-9AA9-DA7A190A963F}.Debug|x86.Build.0 = Debug|Win32
		{CD5DCCAA-A4B7-455E-9AA9-DA7A190A963F}.Release|x64.ActiveCfg = Release|x64
		{CD5DCCAA-A4B7-455E-9AA9-DA7A190A963F}.Release|x64.Build.0 = Release|x64
		{CD5DCCAA-A4B7-455E-9AA9-DA7A190A963F}.Release|x86.ActiveCfg = Release|Win32
		{CD5DCCAA-A4B7-455E-9AA9-DA7A190A963F}.Release|x86.Build.0 = Release|Win32
	EndGlobalSection
	GlobalSection(SolutionProperties) = preSolution
		HideSolutionNode = FALSE
	EndGlobalSection
	GlobalSection(ExtensibilityGlobals) = postSolution
		SolutionGuid = {8635FE10-7A01-4314-AC7F-5868DE1319AB}
	EndGlobalSection
EndGlobal
