
Microsoft Visual Studio Solution File, Format Version 12.00
# Visual Studio Version 17
VisualStudioVersion = 17.6.33815.320
MinimumVisualStudioVersion = 10.0.40219.1
Project("{8BC9CEB8-8B4A-11D0-8D11-00A0C91BC942}") = "016", "016\016.vcxproj", "{C1C22F6D-51EE-4246-A133-88AE35F5BC37}"
EndProject
Project("{8BC9CEB8-8B4A-11D0-8D11-00A0C91BC942}") = "017", "017\017.vcxproj", "{1E7C51E8-BE9A-4C88-B7EA-8F2C3E8F2F54}"
EndProject
Project("{8BC9CEB8-8B4A-11D0-8D11-00A0C91BC942}") = "018", "018\018.vcxproj", "{76C2C578-A231-4348-86EE-D3F45BC2A419}"
EndProject
Project("{8BC9CEB8-8B4A-11D0-8D11-00A0C91BC942}") = "019", "019\019.vcxproj", "{2825E2FD-AC61-4E15-8904-881D6ED54952}"
EndProject
Project("{8BC9CEB8-8B4A-11D0-8D11-00A0C91BC942}") = "020", "020\020.vcxproj", "{51870AE7-617B-47E0-9164-E798E7A09A46}"
EndProject
Project("{8BC9CEB8-8B4A-11D0-8D11-00A0C91BC942}") = "021", "021\021.vcxproj", "{A4C0BDEE-FD90-4849-8F76-F38773CB5590}"
EndProject
Project("{8BC9CEB8-8B4A-11D0-8D11-00A0C91BC942}") = "023", "023\023.vcxproj", "{A06BFDFE-D3C1-4712-81C6-D0201530B228}"
EndProject
Project("{8BC9CEB8-8B4A-11D0-8D11-00A0C91BC942}") = "022", "022\022.vcxproj", "{60AB35FC-9D2D-411D-8800-8549BE51FA2A}"
EndProject
Project("{8BC9CEB8-8B4A-11D0-8D11-00A0C91BC942}") = "024", "024\024.vcxproj", "{D5F33BCF-E66A-4F61-BB32-19E1F8314DD9}"
EndProject
Project("{8BC9CEB8-8B4A-11D0-8D11-00A0C91BC942}") = "025", "025\025.vcxproj", "{542DC9ED-6632-41AC-9992-4198E7A81695}"
EndProject
Project("{8BC9CEB8-8B4A-11D0-8D11-00A0C91BC942}") = "026", "026\026.vcxproj", "{6A0378CA-4AC4-4AE4-B99B-F9EF42BC9B21}"
EndProject
Project("{8BC9CEB8-8B4A-11D0-8D11-00A0C91BC942}") = "027", "027\027.vcxproj", "{2E20C23B-D603-4BDD-B2F3-233B150B68C7}"
EndProject
Project("{8BC9CEB8-8B4A-11D0-8D11-00A0C91BC942}") = "028", "028\028.vcxproj", "{62515FB8-2DA4-43D0-806B-AB4E8C32BA57}"
EndProject
Project("{8BC9CEB8-8B4A-11D0-8D11-00A0C91BC942}") = "029", "029\029.vcxproj", "{ADBD8138-3120-4999-AA2C-D3037BD2702B}"
EndProject
Project("{8BC9CEB8-8B4A-11D0-8D11-00A0C91BC942}") = "030", "030\030.vcxproj", "{3CF939CA-BBC8-49E1-8CC6-D3DF172AB9C3}"
EndProject
Project("{8BC9CEB8-8B4A-11D0-8D11-00A0C91BC942}") = "031", "031\031.vcxproj", "{82576E0F-D63E-4BD0-B1B9-5A92607FE730}"
EndProject
Project("{8BC9CEB8-8B4A-11D0-8D11-00A0C91BC942}") = "032", "032\032.vcxproj", "{2B4B4715-8576-42FC-A59B-4235ECFF7AD2}"
EndProject
Project("{8BC9CEB8-8B4A-11D0-8D11-00A0C91BC942}") = "033", "033\033.vcxproj", "{9090B71A-0726-44F4-876C-D90352B24D87}"
EndProject
Project("{8BC9CEB8-8B4A-11D0-8D11-00A0C91BC942}") = "034", "034\034.vcxproj", "{84A69863-8EE2-4897-815E-1C37A29136BC}"
EndProject
Global
	GlobalSection(SolutionConfigurationPlatforms) = preSolution
		Debug|x64 = Debug|x64
		Debug|x86 = Debug|x86
		Release|x64 = Release|x64
		Release|x86 = Release|x86
	EndGlobalSection
	GlobalSection(ProjectConfigurationPlatforms) = postSolution
		{C1C22F6D-51EE-4246-A133-88AE35F5BC37}.Debug|x64.ActiveCfg = Debug|x64
		{C1C22F6D-51EE-4246-A133-88AE35F5BC37}.Debug|x64.Build.0 = Debug|x64
		{C1C22F6D-51EE-4246-A133-88AE35F5BC37}.Debug|x86.ActiveCfg = Debug|Win32
		{C1C22F6D-51EE-4246-A133-88AE35F5BC37}.Debug|x86.Build.0 = Debug|Win32
		{C1C22F6D-51EE-4246-A133-88AE35F5BC37}.Release|x64.ActiveCfg = Release|x64
		{C1C22F6D-51EE-4246-A133-88AE35F5BC37}.Release|x64.Build.0 = Release|x64
		{C1C22F6D-51EE-4246-A133-88AE35F5BC37}.Release|x86.ActiveCfg = Release|Win32
		{C1C22F6D-51EE-4246-A133-88AE35F5BC37}.Release|x86.Build.0 = Release|Win32
		{1E7C51E8-BE9A-4C88-B7EA-8F2C3E8F2F54}.Debug|x64.ActiveCfg = Debug|x64
		{1E7C51E8-BE9A-4C88-B7EA-8F2C3E8F2F54}.Debug|x64.Build.0 = Debug|x64
		{1E7C51E8-BE9A-4C88-B7EA-8F2C3E8F2F54}.Debug|x86.ActiveCfg = Debug|Win32
		{1E7C51E8-BE9A-4C88-B7EA-8F2C3E8F2F54}.Debug|x86.Build.0 = Debug|Win32
		{1E7C51E8-BE9A-4C88-B7EA-8F2C3E8F2F54}.Release|x64.ActiveCfg = Release|x64
		{1E7C51E8-BE9A-4C88-B7EA-8F2C3E8F2F54}.Release|x64.Build.0 = Release|x64
		{1E7C51E8-BE9A-4C88-B7EA-8F2C3E8F2F54}.Release|x86.ActiveCfg = Release|Win32
		{1E7C51E8-BE9A-4C88-B7EA-8F2C3E8F2F54}.Release|x86.Build.0 = Release|Win32
		{76C2C578-A231-4348-86EE-D3F45BC2A419}.Debug|x64.ActiveCfg = Debug|x64
		{76C2C578-A231-4348-86EE-D3F45BC2A419}.Debug|x64.Build.0 = Debug|x64
		{76C2C578-A231-4348-86EE-D3F45BC2A419}.Debug|x86.ActiveCfg = Debug|Win32
		{76C2C578-A231-4348-86EE-D3F45BC2A419}.Debug|x86.Build.0 = Debug|Win32
		{76C2C578-A231-4348-86EE-D3F45BC2A419}.Release|x64.ActiveCfg = Release|x64
		{76C2C578-A231-4348-86EE-D3F45BC2A419}.Release|x64.Build.0 = Release|x64
		{76C2C578-A231-4348-86EE-D3F45BC2A419}.Release|x86.ActiveCfg = Release|Win32
		{76C2C578-A231-4348-86EE-D3F45BC2A419}.Release|x86.Build.0 = Release|Win32
		{2825E2FD-AC61-4E15-8904-881D6ED54952}.Debug|x64.ActiveCfg = Debug|x64
		{2825E2FD-AC61-4E15-8904-881D6ED54952}.Debug|x64.Build.0 = Debug|x64
		{2825E2FD-AC61-4E15-8904-881D6ED54952}.Debug|x86.ActiveCfg = Debug|Win32
		{2825E2FD-AC61-4E15-8904-881D6ED54952}.Debug|x86.Build.0 = Debug|Win32
		{2825E2FD-AC61-4E15-8904-881D6ED54952}.Release|x64.ActiveCfg = Release|x64
		{2825E2FD-AC61-4E15-8904-881D6ED54952}.Release|x64.Build.0 = Release|x64
		{2825E2FD-AC61-4E15-8904-881D6ED54952}.Release|x86.ActiveCfg = Release|Win32
		{2825E2FD-AC61-4E15-8904-881D6ED54952}.Release|x86.Build.0 = Release|Win32
		{51870AE7-617B-47E0-9164-E798E7A09A46}.Debug|x64.ActiveCfg = Debug|x64
		{51870AE7-617B-47E0-9164-E798E7A09A46}.Debug|x64.Build.0 = Debug|x64
		{51870AE7-617B-47E0-9164-E798E7A09A46}.Debug|x86.ActiveCfg = Debug|Win32
		{51870AE7-617B-47E0-9164-E798E7A09A46}.Debug|x86.Build.0 = Debug|Win32
		{51870AE7-617B-47E0-9164-E798E7A09A46}.Release|x64.ActiveCfg = Release|x64
		{51870AE7-617B-47E0-9164-E798E7A09A46}.Release|x64.Build.0 = Release|x64
		{51870AE7-617B-47E0-9164-E798E7A09A46}.Release|x86.ActiveCfg = Release|Win32
		{51870AE7-617B-47E0-9164-E798E7A09A46}.Release|x86.Build.0 = Release|Win32
		{A4C0BDEE-FD90-4849-8F76-F38773CB5590}.Debug|x64.ActiveCfg = Debug|x64
		{A4C0BDEE-FD90-4849-8F76-F38773CB5590}.Debug|x64.Build.0 = Debug|x64
		{A4C0BDEE-FD90-4849-8F76-F38773CB5590}.Debug|x86.ActiveCfg = Debug|Win32
		{A4C0BDEE-FD90-4849-8F76-F38773CB5590}.Debug|x86.Build.0 = Debug|Win32
		{A4C0BDEE-FD90-4849-8F76-F38773CB5590}.Release|x64.ActiveCfg = Release|x64
		{A4C0BDEE-FD90-4849-8F76-F38773CB5590}.Release|x64.Build.0 = Release|x64
		{A4C0BDEE-FD90-4849-8F76-F38773CB5590}.Release|x86.ActiveCfg = Release|Win32
		{A4C0BDEE-FD90-4849-8F76-F38773CB5590}.Release|x86.Build.0 = Release|Win32
		{A06BFDFE-D3C1-4712-81C6-D0201530B228}.Debug|x64.ActiveCfg = Debug|x64
		{A06BFDFE-D3C1-4712-81C6-D0201530B228}.Debug|x64.Build.0 = Debug|x64
		{A06BFDFE-D3C1-4712-81C6-D0201530B228}.Debug|x86.ActiveCfg = Debug|Win32
		{A06BFDFE-D3C1-4712-81C6-D0201530B228}.Debug|x86.Build.0 = Debug|Win32
		{A06BFDFE-D3C1-4712-81C6-D0201530B228}.Release|x64.ActiveCfg = Release|x64
		{A06BFDFE-D3C1-4712-81C6-D0201530B228}.Release|x64.Build.0 = Release|x64
		{A06BFDFE-D3C1-4712-81C6-D0201530B228}.Release|x86.ActiveCfg = Release|Win32
		{A06BFDFE-D3C1-4712-81C6-D0201530B228}.Release|x86.Build.0 = Release|Win32
		{60AB35FC-9D2D-411D-8800-8549BE51FA2A}.Debug|x64.ActiveCfg = Debug|x64
		{60AB35FC-9D2D-411D-8800-8549BE51FA2A}.Debug|x64.Build.0 = Debug|x64
		{60AB35FC-9D2D-411D-8800-8549BE51FA2A}.Debug|x86.ActiveCfg = Debug|Win32
		{60AB35FC-9D2D-411D-8800-8549BE51FA2A}.Debug|x86.Build.0 = Debug|Win32
		{60AB35FC-9D2D-411D-8800-8549BE51FA2A}.Release|x64.ActiveCfg = Release|x64
		{60AB35FC-9D2D-411D-8800-8549BE51FA2A}.Release|x64.Build.0 = Release|x64
		{60AB35FC-9D2D-411D-8800-8549BE51FA2A}.Release|x86.ActiveCfg = Release|Win32
		{60AB35FC-9D2D-411D-8800-8549BE51FA2A}.Release|x86.Build.0 = Release|Win32
		{D5F33BCF-E66A-4F61-BB32-19E1F8314DD9}.Debug|x64.ActiveCfg = Debug|x64
		{D5F33BCF-E66A-4F61-BB32-19E1F8314DD9}.Debug|x64.Build.0 = Debug|x64
		{D5F33BCF-E66A-4F61-BB32-19E1F8314DD9}.Debug|x86.ActiveCfg = Debug|Win32
		{D5F33BCF-E66A-4F61-BB32-19E1F8314DD9}.Debug|x86.Build.0 = Debug|Win32
		{D5F33BCF-E66A-4F61-BB32-19E1F8314DD9}.Release|x64.ActiveCfg = Release|x64
		{D5F33BCF-E66A-4F61-BB32-19E1F8314DD9}.Release|x64.Build.0 = Release|x64
		{D5F33BCF-E66A-4F61-BB32-19E1F8314DD9}.Release|x86.ActiveCfg = Release|Win32
		{D5F33BCF-E66A-4F61-BB32-19E1F8314DD9}.Release|x86.Build.0 = Release|Win32
		{542DC9ED-6632-41AC-9992-4198E7A81695}.Debug|x64.ActiveCfg = Debug|x64
		{542DC9ED-6632-41AC-9992-4198E7A81695}.Debug|x64.Build.0 = Debug|x64
		{542DC9ED-6632-41AC-9992-4198E7A81695}.Debug|x86.ActiveCfg = Debug|Win32
		{542DC9ED-6632-41AC-9992-4198E7A81695}.Debug|x86.Build.0 = Debug|Win32
		{542DC9ED-6632-41AC-9992-4198E7A81695}.Release|x64.ActiveCfg = Release|x64
		{542DC9ED-6632-41AC-9992-4198E7A81695}.Release|x64.Build.0 = Release|x64
		{542DC9ED-6632-41AC-9992-4198E7A81695}.Release|x86.ActiveCfg = Release|Win32
		{542DC9ED-6632-41AC-9992-4198E7A81695}.Release|x86.Build.0 = Release|Win32
		{6A0378CA-4AC4-4AE4-B99B-F9EF42BC9B21}.Debug|x64.ActiveCfg = Debug|x64
		{6A0378CA-4AC4-4AE4-B99B-F9EF42BC9B21}.Debug|x64.Build.0 = Debug|x64
		{6A0378CA-4AC4-4AE4-B99B-F9EF42BC9B21}.Debug|x86.ActiveCfg = Debug|Win32
		{6A0378CA-4AC4-4AE4-B99B-F9EF42BC9B21}.Debug|x86.Build.0 = Debug|Win32
		{6A0378CA-4AC4-4AE4-B99B-F9EF42BC9B21}.Release|x64.ActiveCfg = Release|x64
		{6A0378CA-4AC4-4AE4-B99B-F9EF42BC9B21}.Release|x64.Build.0 = Release|x64
		{6A0378CA-4AC4-4AE4-B99B-F9EF42BC9B21}.Release|x86.ActiveCfg = Release|Win32
		{6A0378CA-4AC4-4AE4-B99B-F9EF42BC9B21}.Release|x86.Build.0 = Release|Win32
		{2E20C23B-D603-4BDD-B2F3-233B150B68C7}.Debug|x64.ActiveCfg = Debug|x64
		{2E20C23B-D603-4BDD-B2F3-233B150B68C7}.Debug|x64.Build.0 = Debug|x64
		{2E20C23B-D603-4BDD-B2F3-233B150B68C7}.Debug|x86.ActiveCfg = Debug|Win32
		{2E20C23B-D603-4BDD-B2F3-233B150B68C7}.Debug|x86.Build.0 = Debug|Win32
		{2E20C23B-D603-4BDD-B2F3-233B150B68C7}.Release|x64.ActiveCfg = Release|x64
		{2E20C23B-D603-4BDD-B2F3-233B150B68C7}.Release|x64.Build.0 = Release|x64
		{2E20C23B-D603-4BDD-B2F3-233B150B68C7}.Release|x86.ActiveCfg = Release|Win32
		{2E20C23B-D603-4BDD-B2F3-233B150B68C7}.Release|x86.Build.0 = Release|Win32
		{62515FB8-2DA4-43D0-806B-AB4E8C32BA57}.Debug|x64.ActiveCfg = Debug|x64
		{62515FB8-2DA4-43D0-806B-AB4E8C32BA57}.Debug|x64.Build.0 = Debug|x64
		{62515FB8-2DA4-43D0-806B-AB4E8C32BA57}.Debug|x86.ActiveCfg = Debug|Win32
		{62515FB8-2DA4-43D0-806B-AB4E8C32BA57}.Debug|x86.Build.0 = Debug|Win32
		{62515FB8-2DA4-43D0-806B-AB4E8C32BA57}.Release|x64.ActiveCfg = Release|x64
		{62515FB8-2DA4-43D0-806B-AB4E8C32BA57}.Release|x64.Build.0 = Release|x64
		{62515FB8-2DA4-43D0-806B-AB4E8C32BA57}.Release|x86.ActiveCfg = Release|Win32
		{62515FB8-2DA4-43D0-806B-AB4E8C32BA57}.Release|x86.Build.0 = Release|Win32
		{ADBD8138-3120-4999-AA2C-D3037BD2702B}.Debug|x64.ActiveCfg = Debug|x64
		{ADBD8138-3120-4999-AA2C-D3037BD2702B}.Debug|x64.Build.0 = Debug|x64
		{ADBD8138-3120-4999-AA2C-D3037BD2702B}.Debug|x86.ActiveCfg = Debug|Win32
		{ADBD8138-3120-4999-AA2C-D3037BD2702B}.Debug|x86.Build.0 = Debug|Win32
		{ADBD8138-3120-4999-AA2C-D3037BD2702B}.Release|x64.ActiveCfg = Release|x64
		{ADBD8138-3120-4999-AA2C-D3037BD2702B}.Release|x64.Build.0 = Release|x64
		{ADBD8138-3120-4999-AA2C-D3037BD2702B}.Release|x86.ActiveCfg = Release|Win32
		{ADBD8138-3120-4999-AA2C-D3037BD2702B}.Release|x86.Build.0 = Release|Win32
		{3CF939CA-BBC8-49E1-8CC6-D3DF172AB9C3}.Debug|x64.ActiveCfg = Debug|x64
		{3CF939CA-BBC8-49E1-8CC6-D3DF172AB9C3}.Debug|x64.Build.0 = Debug|x64
		{3CF939CA-BBC8-49E1-8CC6-D3DF172AB9C3}.Debug|x86.ActiveCfg = Debug|Win32
		{3CF939CA-BBC8-49E1-8CC6-D3DF172AB9C3}.Debug|x86.Build.0 = Debug|Win32
		{3CF939CA-BBC8-49E1-8CC6-D3DF172AB9C3}.Release|x64.ActiveCfg = Release|x64
		{3CF939CA-BBC8-49E1-8CC6-D3DF172AB9C3}.Release|x64.Build.0 = Release|x64
		{3CF939CA-BBC8-49E1-8CC6-D3DF172AB9C3}.Release|x86.ActiveCfg = Release|Win32
		{3CF939CA-BBC8-49E1-8CC6-D3DF172AB9C3}.Release|x86.Build.0 = Release|Win32
		{82576E0F-D63E-4BD0-B1B9-5A92607FE730}.Debug|x64.ActiveCfg = Debug|x64
		{82576E0F-D63E-4BD0-B1B9-5A92607FE730}.Debug|x64.Build.0 = Debug|x64
		{82576E0F-D63E-4BD0-B1B9-5A92607FE730}.Debug|x86.ActiveCfg = Debug|Win32
		{82576E0F-D63E-4BD0-B1B9-5A92607FE730}.Debug|x86.Build.0 = Debug|Win32
		{82576E0F-D63E-4BD0-B1B9-5A92607FE730}.Release|x64.ActiveCfg = Release|x64
		{82576E0F-D63E-4BD0-B1B9-5A92607FE730}.Release|x64.Build.0 = Release|x64
		{82576E0F-D63E-4BD0-B1B9-5A92607FE730}.Release|x86.ActiveCfg = Release|Win32
		{82576E0F-D63E-4BD0-B1B9-5A92607FE730}.Release|x86.Build.0 = Release|Win32
		{2B4B4715-8576-42FC-A59B-4235ECFF7AD2}.Debug|x64.ActiveCfg = Debug|x64
		{2B4B4715-8576-42FC-A59B-4235ECFF7AD2}.Debug|x64.Build.0 = Debug|x64
		{2B4B4715-8576-42FC-A59B-4235ECFF7AD2}.Debug|x86.ActiveCfg = Debug|Win32
		{2B4B4715-8576-42FC-A59B-4235ECFF7AD2}.Debug|x86.Build.0 = Debug|Win32
		{2B4B4715-8576-42FC-A59B-4235ECFF7AD2}.Release|x64.ActiveCfg = Release|x64
		{2B4B4715-8576-42FC-A59B-4235ECFF7AD2}.Release|x64.Build.0 = Release|x64
		{2B4B4715-8576-42FC-A59B-4235ECFF7AD2}.Release|x86.ActiveCfg = Release|Win32
		{2B4B4715-8576-42FC-A59B-4235ECFF7AD2}.Release|x86.Build.0 = Release|Win32
		{9090B71A-0726-44F4-876C-D90352B24D87}.Debug|x64.ActiveCfg = Debug|x64
		{9090B71A-0726-44F4-876C-D90352B24D87}.Debug|x64.Build.0 = Debug|x64
		{9090B71A-0726-44F4-876C-D90352B24D87}.Debug|x86.ActiveCfg = Debug|Win32
		{9090B71A-0726-44F4-876C-D90352B24D87}.Debug|x86.Build.0 = Debug|Win32
		{9090B71A-0726-44F4-876C-D90352B24D87}.Release|x64.ActiveCfg = Release|x64
		{9090B71A-0726-44F4-876C-D90352B24D87}.Release|x64.Build.0 = Release|x64
		{9090B71A-0726-44F4-876C-D90352B24D87}.Release|x86.ActiveCfg = Release|Win32
		{9090B71A-0726-44F4-876C-D90352B24D87}.Release|x86.Build.0 = Release|Win32
		{84A69863-8EE2-4897-815E-1C37A29136BC}.Debug|x64.ActiveCfg = Debug|x64
		{84A69863-8EE2-4897-815E-1C37A29136BC}.Debug|x64.Build.0 = Debug|x64
		{84A69863-8EE2-4897-815E-1C37A29136BC}.Debug|x86.ActiveCfg = Debug|Win32
		{84A69863-8EE2-4897-815E-1C37A29136BC}.Debug|x86.Build.0 = Debug|Win32
		{84A69863-8EE2-4897-815E-1C37A29136BC}.Release|x64.ActiveCfg = Release|x64
		{84A69863-8EE2-4897-815E-1C37A29136BC}.Release|x64.Build.0 = Release|x64
		{84A69863-8EE2-4897-815E-1C37A29136BC}.Release|x86.ActiveCfg = Release|Win32
		{84A69863-8EE2-4897-815E-1C37A29136BC}.Release|x86.Build.0 = Release|Win32
	EndGlobalSection
	GlobalSection(SolutionProperties) = preSolution
		HideSolutionNode = FALSE
	EndGlobalSection
	GlobalSection(ExtensibilityGlobals) = postSolution
		SolutionGuid = {8635FE10-7A01-4314-AC7F-5868DE1319AB}
	EndGlobalSection
EndGlobal
