
Microsoft Visual Studio Solution File, Format Version 12.00
# Visual Studio Version 17
VisualStudioVersion = 17.6.33815.320
MinimumVisualStudioVersion = 10.0.40219.1
Project("{8BC9CEB8-8B4A-11D0-8D11-00A0C91BC942}") = "074", "074\074.vcxproj", "{0D0710AC-7C87-4368-B54B-615D4C204748}"
EndProject
Project("{8BC9CEB8-8B4A-11D0-8D11-00A0C91BC942}") = "075", "075\075.vcxproj", "{4CD57AF0-3302-4287-9E83-EF296DC9F71F}"
EndProject
Project("{8BC9CEB8-8B4A-11D0-8D11-00A0C91BC942}") = "076", "076\076.vcxproj", "{FAB7AF0E-C11B-4982-A4ED-A696547801FA}"
EndProject
Project("{8BC9CEB8-8B4A-11D0-8D11-00A0C91BC942}") = "CallByAddress", "CallByAddress\CallByAddress.vcxproj", "{8FF1F2A8-0FC7-418C-8AC8-2885B8FC8EE6}"
EndProject
Project("{8BC9CEB8-8B4A-11D0-8D11-00A0C91BC942}") = "CallByReference", "CallByReference\CallByReference.vcxproj", "{B24DB4A8-2BEE-45AE-8A75-08D805C14BF9}"
EndProject
Project("{8BC9CEB8-8B4A-11D0-8D11-00A0C91BC942}") = "077", "077\077.vcxproj", "{DBEB33F9-92E3-4EAA-BDA4-2954BD156B84}"
EndProject
Project("{8BC9CEB8-8B4A-11D0-8D11-00A0C91BC942}") = "078", "078\078.vcxproj", "{8AB2297C-F877-469D-8E01-3CE9F9B54EA5}"
EndProject
Project("{8BC9CEB8-8B4A-11D0-8D11-00A0C91BC942}") = "079", "079\079.vcxproj", "{BB919C2D-65E0-43E7-A5B2-6F3E93B2CC57}"
EndProject
Project("{8BC9CEB8-8B4A-11D0-8D11-00A0C91BC942}") = "080", "080\080.vcxproj", "{A648F5DC-13AB-470F-9473-4219E23A312D}"
EndProject
Project("{8BC9CEB8-8B4A-11D0-8D11-00A0C91BC942}") = "090", "090\090.vcxproj", "{6BF04514-C22A-4066-BD1E-DF161CD872EF}"
EndProject
Project("{8BC9CEB8-8B4A-11D0-8D11-00A0C91BC942}") = "081", "081\081.vcxproj", "{DAF4EB96-7C1D-431A-90F0-26094D8E5882}"
EndProject
Project("{8BC9CEB8-8B4A-11D0-8D11-00A0C91BC942}") = "082", "082\082.vcxproj", "{7C626C03-5295-4EEA-BD3B-DB967A4EC818}"
EndProject
Project("{8BC9CEB8-8B4A-11D0-8D11-00A0C91BC942}") = "083", "083\083.vcxproj", "{A39B5437-CD8E-481F-9755-FEB4082DF26D}"
EndProject
Project("{8BC9CEB8-8B4A-11D0-8D11-00A0C91BC942}") = "084", "084\084.vcxproj", "{2941E392-456E-4FD0-9028-E2D10CCF378B}"
EndProject
Project("{8BC9CEB8-8B4A-11D0-8D11-00A0C91BC942}") = "085", "085\085.vcxproj", "{25A72D97-B74A-4C69-BBCF-AD66851ED9B1}"
EndProject
Project("{8BC9CEB8-8B4A-11D0-8D11-00A0C91BC942}") = "086", "086\086.vcxproj", "{5CBF9A1B-FA85-4E2A-98DE-745CF484CE97}"
EndProject
Project("{8BC9CEB8-8B4A-11D0-8D11-00A0C91BC942}") = "087", "087\087.vcxproj", "{B56FBB42-055A-4FBF-BDD4-EF9E91CEAACB}"
EndProject
Project("{8BC9CEB8-8B4A-11D0-8D11-00A0C91BC942}") = "088", "088\088.vcxproj", "{30693B88-E3ED-4CFE-96EA-716E6E533AF8}"
EndProject
Project("{8BC9CEB8-8B4A-11D0-8D11-00A0C91BC942}") = "089", "089\089.vcxproj", "{97BC717F-D195-4E0E-8653-B36DFCCF69F2}"
EndProject
Project("{8BC9CEB8-8B4A-11D0-8D11-00A0C91BC942}") = "080_1", "080_1\080_1.vcxproj", "{FE1449C7-D668-4046-9189-A64F4F643B05}"
EndProject
Project("{8BC9CEB8-8B4A-11D0-8D11-00A0C91BC942}") = "091", "091\091.vcxproj", "{2D87503F-82A9-437C-96D9-CA8FB78DD8EF}"
EndProject
Project("{8BC9CEB8-8B4A-11D0-8D11-00A0C91BC942}") = "092", "092\092.vcxproj", "{58C0EF67-6A0C-42A0-8EA8-4C8B61E7A66A}"
EndProject
Project("{8BC9CEB8-8B4A-11D0-8D11-00A0C91BC942}") = "093", "093\093.vcxproj", "{8696D114-8DE2-4F99-B169-0F613189FE81}"
EndProject
Project("{8BC9CEB8-8B4A-11D0-8D11-00A0C91BC942}") = "094", "094\094.vcxproj", "{996F0722-AA3A-4754-8EBC-A41F6D50E5C7}"
EndProject
Project("{8BC9CEB8-8B4A-11D0-8D11-00A0C91BC942}") = "095", "095\095.vcxproj", "{DDD0B955-7720-4D3F-B803-F5DC0CA4F090}"
EndProject
Project("{8BC9CEB8-8B4A-11D0-8D11-00A0C91BC942}") = "096", "096\096.vcxproj", "{B8224DDB-E7B6-45B1-B112-8C43B448B276}"
EndProject
Project("{8BC9CEB8-8B4A-11D0-8D11-00A0C91BC942}") = "097", "097\097.vcxproj", "{E0637B0C-E949-442F-94E6-ACD46DDEF647}"
EndProject
Project("{8BC9CEB8-8B4A-11D0-8D11-00A0C91BC942}") = "098", "098\098.vcxproj", "{B4193634-C357-4A7C-A190-C81ED9E1293F}"
EndProject
Project("{8BC9CEB8-8B4A-11D0-8D11-00A0C91BC942}") = "099", "099\099.vcxproj", "{B4C94F41-4F5F-4952-A8B7-F918DF41C604}"
EndProject
Project("{8BC9CEB8-8B4A-11D0-8D11-00A0C91BC942}") = "100", "100\100.vcxproj", "{C05B246D-2A89-4F4B-BA62-5F4F67F61E87}"
EndProject
Project("{8BC9CEB8-8B4A-11D0-8D11-00A0C91BC942}") = "101", "101\101.vcxproj", "{E91FBBB3-A241-491D-8DFC-B6D438F74B06}"
EndProject
Project("{8BC9CEB8-8B4A-11D0-8D11-00A0C91BC942}") = "102", "102\102.vcxproj", "{F22EE666-4436-4B40-A500-F2C106E01021}"
EndProject
Project("{8BC9CEB8-8B4A-11D0-8D11-00A0C91BC942}") = "103", "103\103.vcxproj", "{743A8611-6750-4083-BB4B-4AF802F8FF46}"
EndProject
Project("{8BC9CEB8-8B4A-11D0-8D11-00A0C91BC942}") = "104", "104\104.vcxproj", "{43C84479-C6AB-4399-82F9-B83E1550B8AA}"
EndProject
Project("{8BC9CEB8-8B4A-11D0-8D11-00A0C91BC942}") = "105", "105\105.vcxproj", "{A5C27D1B-0D70-4608-9ED3-3B89939EEA64}"
EndProject
Project("{8BC9CEB8-8B4A-11D0-8D11-00A0C91BC942}") = "106", "106\106.vcxproj", "{5E84C19F-1A65-4946-9E18-275E3DED5652}"
EndProject
Project("{8BC9CEB8-8B4A-11D0-8D11-00A0C91BC942}") = "107", "107\107.vcxproj", "{36B8E916-0E51-4431-A14B-C97247C18F4C}"
EndProject
Project("{8BC9CEB8-8B4A-11D0-8D11-00A0C91BC942}") = "108", "108\108.vcxproj", "{5209493C-BF99-40B1-9C29-F0FF098510CF}"
EndProject
Project("{8BC9CEB8-8B4A-11D0-8D11-00A0C91BC942}") = "109", "109\109.vcxproj", "{C97289A2-AA63-4765-A10A-F2DC14B2F41D}"
EndProject
Project("{8BC9CEB8-8B4A-11D0-8D11-00A0C91BC942}") = "110", "110\110.vcxproj", "{AF4773B2-3ECF-4DA6-BC15-24DBAF7B7D07}"
EndProject
Project("{8BC9CEB8-8B4A-11D0-8D11-00A0C91BC942}") = "111", "111\111.vcxproj", "{1C90C515-37C6-42BE-9395-3F4484F21FB1}"
EndProject
Project("{8BC9CEB8-8B4A-11D0-8D11-00A0C91BC942}") = "112", "112\112.vcxproj", "{04FCD517-1F4B-4CB5-9336-EBB3BE72B21C}"
EndProject
Project("{8BC9CEB8-8B4A-11D0-8D11-00A0C91BC942}") = "113", "113\113.vcxproj", "{B137206C-A2F1-4155-9B85-30100B59DDAA}"
EndProject
Project("{8BC9CEB8-8B4A-11D0-8D11-00A0C91BC942}") = "114", "114\114.vcxproj", "{B19FCF54-1B21-4D94-A25B-7E6E1A7FE1ED}"
EndProject
Project("{8BC9CEB8-8B4A-11D0-8D11-00A0C91BC942}") = "115", "115\115.vcxproj", "{AE52C98B-45DD-4272-9B62-58CA3C59A7BB}"
EndProject
Project("{8BC9CEB8-8B4A-11D0-8D11-00A0C91BC942}") = "116", "116\116.vcxproj", "{5A72D239-9215-4AA1-8350-F246B2585731}"
EndProject
Project("{8BC9CEB8-8B4A-11D0-8D11-00A0C91BC942}") = "117", "117\117.vcxproj", "{7F1EA676-4FAF-4FB1-B72F-9B5BE1543F78}"
EndProject
Project("{8BC9CEB8-8B4A-11D0-8D11-00A0C91BC942}") = "118", "118\118.vcxproj", "{B55FA1C1-1B5E-4A0A-AD0B-CFC81E21D069}"
EndProject
Project("{8BC9CEB8-8B4A-11D0-8D11-00A0C91BC942}") = "119", "119\119.vcxproj", "{37B55A38-9044-4A77-AA3B-53B88646B914}"
EndProject
Project("{8BC9CEB8-8B4A-11D0-8D11-00A0C91BC942}") = "120", "120\120.vcxproj", "{71A4E80A-66EC-48ED-84B9-D64665C49610}"
EndProject
Project("{8BC9CEB8-8B4A-11D0-8D11-00A0C91BC942}") = "121", "121\121.vcxproj", "{B9EAEB3F-64F6-4CBC-B66A-2065ED667DAA}"
EndProject
Project("{8BC9CEB8-8B4A-11D0-8D11-00A0C91BC942}") = "122", "122\122.vcxproj", "{A74D8063-F491-4533-BDCB-D031E0385EBE}"
EndProject
Project("{8BC9CEB8-8B4A-11D0-8D11-00A0C91BC942}") = "123", "123\123.vcxproj", "{4AD6EEAE-6F9E-4151-A4FB-C2C30F20FB3A}"
EndProject
Project("{8BC9CEB8-8B4A-11D0-8D11-00A0C91BC942}") = "124", "124\124.vcxproj", "{8E9A97DE-1EFF-45F4-9B19-3A783BBD9FC3}"
EndProject
Project("{8BC9CEB8-8B4A-11D0-8D11-00A0C91BC942}") = "125", "125\125.vcxproj", "{B3C4A324-1663-466F-B8F1-7C5914B21207}"
EndProject
Project("{8BC9CEB8-8B4A-11D0-8D11-00A0C91BC942}") = "126", "126\126.vcxproj", "{DB373466-CCF6-4063-8D49-46590C7C4F94}"
EndProject
Project("{8BC9CEB8-8B4A-11D0-8D11-00A0C91BC942}") = "127", "127\127.vcxproj", "{1453E902-5636-4790-BC6A-F0CE23D4D7AA}"
EndProject
Project("{8BC9CEB8-8B4A-11D0-8D11-00A0C91BC942}") = "128", "128\128.vcxproj", "{A958D211-211B-4AA1-BBBA-5B0F9D32158B}"
EndProject
Project("{8BC9CEB8-8B4A-11D0-8D11-00A0C91BC942}") = "128_2", "128_2\128_2.vcxproj", "{4E9F8C83-B9A9-46C7-8BB3-BE9888E26089}"
EndProject
Project("{8BC9CEB8-8B4A-11D0-8D11-00A0C91BC942}") = "129", "129\129.vcxproj", "{F03087DA-BB0E-473F-A10B-E4B481646517}"
EndProject
Project("{8BC9CEB8-8B4A-11D0-8D11-00A0C91BC942}") = "130", "130\130.vcxproj", "{540E4733-4055-4E2E-977C-DB64477910F5}"
EndProject
Project("{8BC9CEB8-8B4A-11D0-8D11-00A0C91BC942}") = "128_1", "128_1\128_1.vcxproj", "{60ECD203-E856-4AB2-BE9D-10F08BE5E89D}"
EndProject
Project("{8BC9CEB8-8B4A-11D0-8D11-00A0C91BC942}") = "131", "131\131.vcxproj", "{D41A89E2-6066-488A-B5AE-C230425820BA}"
EndProject
Project("{8BC9CEB8-8B4A-11D0-8D11-00A0C91BC942}") = "132", "132\132.vcxproj", "{BEB852B9-057C-4EB5-942B-B3EA629A1ED3}"
EndProject
Project("{8BC9CEB8-8B4A-11D0-8D11-00A0C91BC942}") = "133", "133\133.vcxproj", "{76F42B5F-A605-4C12-8A3F-EA59290FD21E}"
EndProject
Project("{8BC9CEB8-8B4A-11D0-8D11-00A0C91BC942}") = "134", "134\134.vcxproj", "{6F73100B-224C-45C1-BDE8-407FECC6C246}"
EndProject
Project("{8BC9CEB8-8B4A-11D0-8D11-00A0C91BC942}") = "135", "135\135.vcxproj", "{55FEDB6A-816B-4AA3-832C-57A6A778A5EE}"
EndProject
Global
	GlobalSection(SolutionConfigurationPlatforms) = preSolution
		Debug|x64 = Debug|x64
		Debug|x86 = Debug|x86
		Release|x64 = Release|x64
		Release|x86 = Release|x86
	EndGlobalSection
	GlobalSection(ProjectConfigurationPlatforms) = postSolution
		{0D0710AC-7C87-4368-B54B-615D4C204748}.Debug|x64.ActiveCfg = Debug|x64
		{0D0710AC-7C87-4368-B54B-615D4C204748}.Debug|x64.Build.0 = Debug|x64
		{0D0710AC-7C87-4368-B54B-615D4C204748}.Debug|x86.ActiveCfg = Debug|Win32
		{0D0710AC-7C87-4368-B54B-615D4C204748}.Debug|x86.Build.0 = Debug|Win32
		{0D0710AC-7C87-4368-B54B-615D4C204748}.Release|x64.ActiveCfg = Release|x64
		{0D0710AC-7C87-4368-B54B-615D4C204748}.Release|x64.Build.0 = Release|x64
		{0D0710AC-7C87-4368-B54B-615D4C204748}.Release|x86.ActiveCfg = Release|Win32
		{0D0710AC-7C87-4368-B54B-615D4C204748}.Release|x86.Build.0 = Release|Win32
		{4CD57AF0-3302-4287-9E83-EF296DC9F71F}.Debug|x64.ActiveCfg = Debug|x64
		{4CD57AF0-3302-4287-9E83-EF296DC9F71F}.Debug|x64.Build.0 = Debug|x64
		{4CD57AF0-3302-4287-9E83-EF296DC9F71F}.Debug|x86.ActiveCfg = Debug|Win32
		{4CD57AF0-3302-4287-9E83-EF296DC9F71F}.Debug|x86.Build.0 = Debug|Win32
		{4CD57AF0-3302-4287-9E83-EF296DC9F71F}.Release|x64.ActiveCfg = Release|x64
		{4CD57AF0-3302-4287-9E83-EF296DC9F71F}.Release|x64.Build.0 = Release|x64
		{4CD57AF0-3302-4287-9E83-EF296DC9F71F}.Release|x86.ActiveCfg = Release|Win32
		{4CD57AF0-3302-4287-9E83-EF296DC9F71F}.Release|x86.Build.0 = Release|Win32
		{FAB7AF0E-C11B-4982-A4ED-A696547801FA}.Debug|x64.ActiveCfg = Debug|x64
		{FAB7AF0E-C11B-4982-A4ED-A696547801FA}.Debug|x64.Build.0 = Debug|x64
		{FAB7AF0E-C11B-4982-A4ED-A696547801FA}.Debug|x86.ActiveCfg = Debug|Win32
		{FAB7AF0E-C11B-4982-A4ED-A696547801FA}.Debug|x86.Build.0 = Debug|Win32
		{FAB7AF0E-C11B-4982-A4ED-A696547801FA}.Release|x64.ActiveCfg = Release|x64
		{FAB7AF0E-C11B-4982-A4ED-A696547801FA}.Release|x64.Build.0 = Release|x64
		{FAB7AF0E-C11B-4982-A4ED-A696547801FA}.Release|x86.ActiveCfg = Release|Win32
		{FAB7AF0E-C11B-4982-A4ED-A696547801FA}.Release|x86.Build.0 = Release|Win32
		{8FF1F2A8-0FC7-418C-8AC8-2885B8FC8EE6}.Debug|x64.ActiveCfg = Debug|x64
		{8FF1F2A8-0FC7-418C-8AC8-2885B8FC8EE6}.Debug|x64.Build.0 = Debug|x64
		{8FF1F2A8-0FC7-418C-8AC8-2885B8FC8EE6}.Debug|x86.ActiveCfg = Debug|Win32
		{8FF1F2A8-0FC7-418C-8AC8-2885B8FC8EE6}.Debug|x86.Build.0 = Debug|Win32
		{8FF1F2A8-0FC7-418C-8AC8-2885B8FC8EE6}.Release|x64.ActiveCfg = Release|x64
		{8FF1F2A8-0FC7-418C-8AC8-2885B8FC8EE6}.Release|x64.Build.0 = Release|x64
		{8FF1F2A8-0FC7-418C-8AC8-2885B8FC8EE6}.Release|x86.ActiveCfg = Release|Win32
		{8FF1F2A8-0FC7-418C-8AC8-2885B8FC8EE6}.Release|x86.Build.0 = Release|Win32
		{B24DB4A8-2BEE-45AE-8A75-08D805C14BF9}.Debug|x64.ActiveCfg = Debug|x64
		{B24DB4A8-2BEE-45AE-8A75-08D805C14BF9}.Debug|x64.Build.0 = Debug|x64
		{B24DB4A8-2BEE-45AE-8A75-08D805C14BF9}.Debug|x86.ActiveCfg = Debug|Win32
		{B24DB4A8-2BEE-45AE-8A75-08D805C14BF9}.Debug|x86.Build.0 = Debug|Win32
		{B24DB4A8-2BEE-45AE-8A75-08D805C14BF9}.Release|x64.ActiveCfg = Release|x64
		{B24DB4A8-2BEE-45AE-8A75-08D805C14BF9}.Release|x64.Build.0 = Release|x64
		{B24DB4A8-2BEE-45AE-8A75-08D805C14BF9}.Release|x86.ActiveCfg = Release|Win32
		{B24DB4A8-2BEE-45AE-8A75-08D805C14BF9}.Release|x86.Build.0 = Release|Win32
		{DBEB33F9-92E3-4EAA-BDA4-2954BD156B84}.Debug|x64.ActiveCfg = Debug|x64
		{DBEB33F9-92E3-4EAA-BDA4-2954BD156B84}.Debug|x64.Build.0 = Debug|x64
		{DBEB33F9-92E3-4EAA-BDA4-2954BD156B84}.Debug|x86.ActiveCfg = Debug|Win32
		{DBEB33F9-92E3-4EAA-BDA4-2954BD156B84}.Debug|x86.Build.0 = Debug|Win32
		{DBEB33F9-92E3-4EAA-BDA4-2954BD156B84}.Release|x64.ActiveCfg = Release|x64
		{DBEB33F9-92E3-4EAA-BDA4-2954BD156B84}.Release|x64.Build.0 = Release|x64
		{DBEB33F9-92E3-4EAA-BDA4-2954BD156B84}.Release|x86.ActiveCfg = Release|Win32
		{DBEB33F9-92E3-4EAA-BDA4-2954BD156B84}.Release|x86.Build.0 = Release|Win32
		{8AB2297C-F877-469D-8E01-3CE9F9B54EA5}.Debug|x64.ActiveCfg = Debug|x64
		{8AB2297C-F877-469D-8E01-3CE9F9B54EA5}.Debug|x64.Build.0 = Debug|x64
		{8AB2297C-F877-469D-8E01-3CE9F9B54EA5}.Debug|x86.ActiveCfg = Debug|Win32
		{8AB2297C-F877-469D-8E01-3CE9F9B54EA5}.Debug|x86.Build.0 = Debug|Win32
		{8AB2297C-F877-469D-8E01-3CE9F9B54EA5}.Release|x64.ActiveCfg = Release|x64
		{8AB2297C-F877-469D-8E01-3CE9F9B54EA5}.Release|x64.Build.0 = Release|x64
		{8AB2297C-F877-469D-8E01-3CE9F9B54EA5}.Release|x86.ActiveCfg = Release|Win32
		{8AB2297C-F877-469D-8E01-3CE9F9B54EA5}.Release|x86.Build.0 = Release|Win32
		{BB919C2D-65E0-43E7-A5B2-6F3E93B2CC57}.Debug|x64.ActiveCfg = Debug|x64
		{BB919C2D-65E0-43E7-A5B2-6F3E93B2CC57}.Debug|x64.Build.0 = Debug|x64
		{BB919C2D-65E0-43E7-A5B2-6F3E93B2CC57}.Debug|x86.ActiveCfg = Debug|Win32
		{BB919C2D-65E0-43E7-A5B2-6F3E93B2CC57}.Debug|x86.Build.0 = Debug|Win32
		{BB919C2D-65E0-43E7-A5B2-6F3E93B2CC57}.Release|x64.ActiveCfg = Release|x64
		{BB919C2D-65E0-43E7-A5B2-6F3E93B2CC57}.Release|x64.Build.0 = Release|x64
		{BB919C2D-65E0-43E7-A5B2-6F3E93B2CC57}.Release|x86.ActiveCfg = Release|Win32
		{BB919C2D-65E0-43E7-A5B2-6F3E93B2CC57}.Release|x86.Build.0 = Release|Win32
		{A648F5DC-13AB-470F-9473-4219E23A312D}.Debug|x64.ActiveCfg = Debug|x64
		{A648F5DC-13AB-470F-9473-4219E23A312D}.Debug|x64.Build.0 = Debug|x64
		{A648F5DC-13AB-470F-9473-4219E23A312D}.Debug|x86.ActiveCfg = Debug|Win32
		{A648F5DC-13AB-470F-9473-4219E23A312D}.Debug|x86.Build.0 = Debug|Win32
		{A648F5DC-13AB-470F-9473-4219E23A312D}.Release|x64.ActiveCfg = Release|x64
		{A648F5DC-13AB-470F-9473-4219E23A312D}.Release|x64.Build.0 = Release|x64
		{A648F5DC-13AB-470F-9473-4219E23A312D}.Release|x86.ActiveCfg = Release|Win32
		{A648F5DC-13AB-470F-9473-4219E23A312D}.Release|x86.Build.0 = Release|Win32
		{6BF04514-C22A-4066-BD1E-DF161CD872EF}.Debug|x64.ActiveCfg = Debug|x64
		{6BF04514-C22A-4066-BD1E-DF161CD872EF}.Debug|x64.Build.0 = Debug|x64
		{6BF04514-C22A-4066-BD1E-DF161CD872EF}.Debug|x86.ActiveCfg = Debug|Win32
		{6BF04514-C22A-4066-BD1E-DF161CD872EF}.Debug|x86.Build.0 = Debug|Win32
		{6BF04514-C22A-4066-BD1E-DF161CD872EF}.Release|x64.ActiveCfg = Release|x64
		{6BF04514-C22A-4066-BD1E-DF161CD872EF}.Release|x64.Build.0 = Release|x64
		{6BF04514-C22A-4066-BD1E-DF161CD872EF}.Release|x86.ActiveCfg = Release|Win32
		{6BF04514-C22A-4066-BD1E-DF161CD872EF}.Release|x86.Build.0 = Release|Win32
		{DAF4EB96-7C1D-431A-90F0-26094D8E5882}.Debug|x64.ActiveCfg = Debug|x64
		{DAF4EB96-7C1D-431A-90F0-26094D8E5882}.Debug|x64.Build.0 = Debug|x64
		{DAF4EB96-7C1D-431A-90F0-26094D8E5882}.Debug|x86.ActiveCfg = Debug|Win32
		{DAF4EB96-7C1D-431A-90F0-26094D8E5882}.Debug|x86.Build.0 = Debug|Win32
		{DAF4EB96-7C1D-431A-90F0-26094D8E5882}.Release|x64.ActiveCfg = Release|x64
		{DAF4EB96-7C1D-431A-90F0-26094D8E5882}.Release|x64.Build.0 = Release|x64
		{DAF4EB96-7C1D-431A-90F0-26094D8E5882}.Release|x86.ActiveCfg = Release|Win32
		{DAF4EB96-7C1D-431A-90F0-26094D8E5882}.Release|x86.Build.0 = Release|Win32
		{7C626C03-5295-4EEA-BD3B-DB967A4EC818}.Debug|x64.ActiveCfg = Debug|x64
		{7C626C03-5295-4EEA-BD3B-DB967A4EC818}.Debug|x64.Build.0 = Debug|x64
		{7C626C03-5295-4EEA-BD3B-DB967A4EC818}.Debug|x86.ActiveCfg = Debug|Win32
		{7C626C03-5295-4EEA-BD3B-DB967A4EC818}.Debug|x86.Build.0 = Debug|Win32
		{7C626C03-5295-4EEA-BD3B-DB967A4EC818}.Release|x64.ActiveCfg = Release|x64
		{7C626C03-5295-4EEA-BD3B-DB967A4EC818}.Release|x64.Build.0 = Release|x64
		{7C626C03-5295-4EEA-BD3B-DB967A4EC818}.Release|x86.ActiveCfg = Release|Win32
		{7C626C03-5295-4EEA-BD3B-DB967A4EC818}.Release|x86.Build.0 = Release|Win32
		{A39B5437-CD8E-481F-9755-FEB4082DF26D}.Debug|x64.ActiveCfg = Debug|x64
		{A39B5437-CD8E-481F-9755-FEB4082DF26D}.Debug|x64.Build.0 = Debug|x64
		{A39B5437-CD8E-481F-9755-FEB4082DF26D}.Debug|x86.ActiveCfg = Debug|Win32
		{A39B5437-CD8E-481F-9755-FEB4082DF26D}.Debug|x86.Build.0 = Debug|Win32
		{A39B5437-CD8E-481F-9755-FEB4082DF26D}.Release|x64.ActiveCfg = Release|x64
		{A39B5437-CD8E-481F-9755-FEB4082DF26D}.Release|x64.Build.0 = Release|x64
		{A39B5437-CD8E-481F-9755-FEB4082DF26D}.Release|x86.ActiveCfg = Release|Win32
		{A39B5437-CD8E-481F-9755-FEB4082DF26D}.Release|x86.Build.0 = Release|Win32
		{2941E392-456E-4FD0-9028-E2D10CCF378B}.Debug|x64.ActiveCfg = Debug|x64
		{2941E392-456E-4FD0-9028-E2D10CCF378B}.Debug|x64.Build.0 = Debug|x64
		{2941E392-456E-4FD0-9028-E2D10CCF378B}.Debug|x86.ActiveCfg = Debug|Win32
		{2941E392-456E-4FD0-9028-E2D10CCF378B}.Debug|x86.Build.0 = Debug|Win32
		{2941E392-456E-4FD0-9028-E2D10CCF378B}.Release|x64.ActiveCfg = Release|x64
		{2941E392-456E-4FD0-9028-E2D10CCF378B}.Release|x64.Build.0 = Release|x64
		{2941E392-456E-4FD0-9028-E2D10CCF378B}.Release|x86.ActiveCfg = Release|Win32
		{2941E392-456E-4FD0-9028-E2D10CCF378B}.Release|x86.Build.0 = Release|Win32
		{25A72D97-B74A-4C69-BBCF-AD66851ED9B1}.Debug|x64.ActiveCfg = Debug|x64
		{25A72D97-B74A-4C69-BBCF-AD66851ED9B1}.Debug|x64.Build.0 = Debug|x64
		{25A72D97-B74A-4C69-BBCF-AD66851ED9B1}.Debug|x86.ActiveCfg = Debug|Win32
		{25A72D97-B74A-4C69-BBCF-AD66851ED9B1}.Debug|x86.Build.0 = Debug|Win32
		{25A72D97-B74A-4C69-BBCF-AD66851ED9B1}.Release|x64.ActiveCfg = Release|x64
		{25A72D97-B74A-4C69-BBCF-AD66851ED9B1}.Release|x64.Build.0 = Release|x64
		{25A72D97-B74A-4C69-BBCF-AD66851ED9B1}.Release|x86.ActiveCfg = Release|Win32
		{25A72D97-B74A-4C69-BBCF-AD66851ED9B1}.Release|x86.Build.0 = Release|Win32
		{5CBF9A1B-FA85-4E2A-98DE-745CF484CE97}.Debug|x64.ActiveCfg = Debug|x64
		{5CBF9A1B-FA85-4E2A-98DE-745CF484CE97}.Debug|x64.Build.0 = Debug|x64
		{5CBF9A1B-FA85-4E2A-98DE-745CF484CE97}.Debug|x86.ActiveCfg = Debug|Win32
		{5CBF9A1B-FA85-4E2A-98DE-745CF484CE97}.Debug|x86.Build.0 = Debug|Win32
		{5CBF9A1B-FA85-4E2A-98DE-745CF484CE97}.Release|x64.ActiveCfg = Release|x64
		{5CBF9A1B-FA85-4E2A-98DE-745CF484CE97}.Release|x64.Build.0 = Release|x64
		{5CBF9A1B-FA85-4E2A-98DE-745CF484CE97}.Release|x86.ActiveCfg = Release|Win32
		{5CBF9A1B-FA85-4E2A-98DE-745CF484CE97}.Release|x86.Build.0 = Release|Win32
		{B56FBB42-055A-4FBF-BDD4-EF9E91CEAACB}.Debug|x64.ActiveCfg = Debug|x64
		{B56FBB42-055A-4FBF-BDD4-EF9E91CEAACB}.Debug|x64.Build.0 = Debug|x64
		{B56FBB42-055A-4FBF-BDD4-EF9E91CEAACB}.Debug|x86.ActiveCfg = Debug|Win32
		{B56FBB42-055A-4FBF-BDD4-EF9E91CEAACB}.Debug|x86.Build.0 = Debug|Win32
		{B56FBB42-055A-4FBF-BDD4-EF9E91CEAACB}.Release|x64.ActiveCfg = Release|x64
		{B56FBB42-055A-4FBF-BDD4-EF9E91CEAACB}.Release|x64.Build.0 = Release|x64
		{B56FBB42-055A-4FBF-BDD4-EF9E91CEAACB}.Release|x86.ActiveCfg = Release|Win32
		{B56FBB42-055A-4FBF-BDD4-EF9E91CEAACB}.Release|x86.Build.0 = Release|Win32
		{30693B88-E3ED-4CFE-96EA-716E6E533AF8}.Debug|x64.ActiveCfg = Debug|x64
		{30693B88-E3ED-4CFE-96EA-716E6E533AF8}.Debug|x64.Build.0 = Debug|x64
		{30693B88-E3ED-4CFE-96EA-716E6E533AF8}.Debug|x86.ActiveCfg = Debug|Win32
		{30693B88-E3ED-4CFE-96EA-716E6E533AF8}.Debug|x86.Build.0 = Debug|Win32
		{30693B88-E3ED-4CFE-96EA-716E6E533AF8}.Release|x64.ActiveCfg = Release|x64
		{30693B88-E3ED-4CFE-96EA-716E6E533AF8}.Release|x64.Build.0 = Release|x64
		{30693B88-E3ED-4CFE-96EA-716E6E533AF8}.Release|x86.ActiveCfg = Release|Win32
		{30693B88-E3ED-4CFE-96EA-716E6E533AF8}.Release|x86.Build.0 = Release|Win32
		{97BC717F-D195-4E0E-8653-B36DFCCF69F2}.Debug|x64.ActiveCfg = Debug|x64
		{97BC717F-D195-4E0E-8653-B36DFCCF69F2}.Debug|x64.Build.0 = Debug|x64
		{97BC717F-D195-4E0E-8653-B36DFCCF69F2}.Debug|x86.ActiveCfg = Debug|Win32
		{97BC717F-D195-4E0E-8653-B36DFCCF69F2}.Debug|x86.Build.0 = Debug|Win32
		{97BC717F-D195-4E0E-8653-B36DFCCF69F2}.Release|x64.ActiveCfg = Release|x64
		{97BC717F-D195-4E0E-8653-B36DFCCF69F2}.Release|x64.Build.0 = Release|x64
		{97BC717F-D195-4E0E-8653-B36DFCCF69F2}.Release|x86.ActiveCfg = Release|Win32
		{97BC717F-D195-4E0E-8653-B36DFCCF69F2}.Release|x86.Build.0 = Release|Win32
		{FE1449C7-D668-4046-9189-A64F4F643B05}.Debug|x64.ActiveCfg = Debug|x64
		{FE1449C7-D668-4046-9189-A64F4F643B05}.Debug|x64.Build.0 = Debug|x64
		{FE1449C7-D668-4046-9189-A64F4F643B05}.Debug|x86.ActiveCfg = Debug|Win32
		{FE1449C7-D668-4046-9189-A64F4F643B05}.Debug|x86.Build.0 = Debug|Win32
		{FE1449C7-D668-4046-9189-A64F4F643B05}.Release|x64.ActiveCfg = Release|x64
		{FE1449C7-D668-4046-9189-A64F4F643B05}.Release|x64.Build.0 = Release|x64
		{FE1449C7-D668-4046-9189-A64F4F643B05}.Release|x86.ActiveCfg = Release|Win32
		{FE1449C7-D668-4046-9189-A64F4F643B05}.Release|x86.Build.0 = Release|Win32
		{2D87503F-82A9-437C-96D9-CA8FB78DD8EF}.Debug|x64.ActiveCfg = Debug|x64
		{2D87503F-82A9-437C-96D9-CA8FB78DD8EF}.Debug|x64.Build.0 = Debug|x64
		{2D87503F-82A9-437C-96D9-CA8FB78DD8EF}.Debug|x86.ActiveCfg = Debug|Win32
		{2D87503F-82A9-437C-96D9-CA8FB78DD8EF}.Debug|x86.Build.0 = Debug|Win32
		{2D87503F-82A9-437C-96D9-CA8FB78DD8EF}.Release|x64.ActiveCfg = Release|x64
		{2D87503F-82A9-437C-96D9-CA8FB78DD8EF}.Release|x64.Build.0 = Release|x64
		{2D87503F-82A9-437C-96D9-CA8FB78DD8EF}.Release|x86.ActiveCfg = Release|Win32
		{2D87503F-82A9-437C-96D9-CA8FB78DD8EF}.Release|x86.Build.0 = Release|Win32
		{58C0EF67-6A0C-42A0-8EA8-4C8B61E7A66A}.Debug|x64.ActiveCfg = Debug|x64
		{58C0EF67-6A0C-42A0-8EA8-4C8B61E7A66A}.Debug|x64.Build.0 = Debug|x64
		{58C0EF67-6A0C-42A0-8EA8-4C8B61E7A66A}.Debug|x86.ActiveCfg = Debug|Win32
		{58C0EF67-6A0C-42A0-8EA8-4C8B61E7A66A}.Debug|x86.Build.0 = Debug|Win32
		{58C0EF67-6A0C-42A0-8EA8-4C8B61E7A66A}.Release|x64.ActiveCfg = Release|x64
		{58C0EF67-6A0C-42A0-8EA8-4C8B61E7A66A}.Release|x64.Build.0 = Release|x64
		{58C0EF67-6A0C-42A0-8EA8-4C8B61E7A66A}.Release|x86.ActiveCfg = Release|Win32
		{58C0EF67-6A0C-42A0-8EA8-4C8B61E7A66A}.Release|x86.Build.0 = Release|Win32
		{8696D114-8DE2-4F99-B169-0F613189FE81}.Debug|x64.ActiveCfg = Debug|x64
		{8696D114-8DE2-4F99-B169-0F613189FE81}.Debug|x64.Build.0 = Debug|x64
		{8696D114-8DE2-4F99-B169-0F613189FE81}.Debug|x86.ActiveCfg = Debug|Win32
		{8696D114-8DE2-4F99-B169-0F613189FE81}.Debug|x86.Build.0 = Debug|Win32
		{8696D114-8DE2-4F99-B169-0F613189FE81}.Release|x64.ActiveCfg = Release|x64
		{8696D114-8DE2-4F99-B169-0F613189FE81}.Release|x64.Build.0 = Release|x64
		{8696D114-8DE2-4F99-B169-0F613189FE81}.Release|x86.ActiveCfg = Release|Win32
		{8696D114-8DE2-4F99-B169-0F613189FE81}.Release|x86.Build.0 = Release|Win32
		{996F0722-AA3A-4754-8EBC-A41F6D50E5C7}.Debug|x64.ActiveCfg = Debug|x64
		{996F0722-AA3A-4754-8EBC-A41F6D50E5C7}.Debug|x64.Build.0 = Debug|x64
		{996F0722-AA3A-4754-8EBC-A41F6D50E5C7}.Debug|x86.ActiveCfg = Debug|Win32
		{996F0722-AA3A-4754-8EBC-A41F6D50E5C7}.Debug|x86.Build.0 = Debug|Win32
		{996F0722-AA3A-4754-8EBC-A41F6D50E5C7}.Release|x64.ActiveCfg = Release|x64
		{996F0722-AA3A-4754-8EBC-A41F6D50E5C7}.Release|x64.Build.0 = Release|x64
		{996F0722-AA3A-4754-8EBC-A41F6D50E5C7}.Release|x86.ActiveCfg = Release|Win32
		{996F0722-AA3A-4754-8EBC-A41F6D50E5C7}.Release|x86.Build.0 = Release|Win32
		{DDD0B955-7720-4D3F-B803-F5DC0CA4F090}.Debug|x64.ActiveCfg = Debug|x64
		{DDD0B955-7720-4D3F-B803-F5DC0CA4F090}.Debug|x64.Build.0 = Debug|x64
		{DDD0B955-7720-4D3F-B803-F5DC0CA4F090}.Debug|x86.ActiveCfg = Debug|Win32
		{DDD0B955-7720-4D3F-B803-F5DC0CA4F090}.Debug|x86.Build.0 = Debug|Win32
		{DDD0B955-7720-4D3F-B803-F5DC0CA4F090}.Release|x64.ActiveCfg = Release|x64
		{DDD0B955-7720-4D3F-B803-F5DC0CA4F090}.Release|x64.Build.0 = Release|x64
		{DDD0B955-7720-4D3F-B803-F5DC0CA4F090}.Release|x86.ActiveCfg = Release|Win32
		{DDD0B955-7720-4D3F-B803-F5DC0CA4F090}.Release|x86.Build.0 = Release|Win32
		{B8224DDB-E7B6-45B1-B112-8C43B448B276}.Debug|x64.ActiveCfg = Debug|x64
		{B8224DDB-E7B6-45B1-B112-8C43B448B276}.Debug|x64.Build.0 = Debug|x64
		{B8224DDB-E7B6-45B1-B112-8C43B448B276}.Debug|x86.ActiveCfg = Debug|Win32
		{B8224DDB-E7B6-45B1-B112-8C43B448B276}.Debug|x86.Build.0 = Debug|Win32
		{B8224DDB-E7B6-45B1-B112-8C43B448B276}.Release|x64.ActiveCfg = Release|x64
		{B8224DDB-E7B6-45B1-B112-8C43B448B276}.Release|x64.Build.0 = Release|x64
		{B8224DDB-E7B6-45B1-B112-8C43B448B276}.Release|x86.ActiveCfg = Release|Win32
		{B8224DDB-E7B6-45B1-B112-8C43B448B276}.Release|x86.Build.0 = Release|Win32
		{E0637B0C-E949-442F-94E6-ACD46DDEF647}.Debug|x64.ActiveCfg = Debug|x64
		{E0637B0C-E949-442F-94E6-ACD46DDEF647}.Debug|x64.Build.0 = Debug|x64
		{E0637B0C-E949-442F-94E6-ACD46DDEF647}.Debug|x86.ActiveCfg = Debug|Win32
		{E0637B0C-E949-442F-94E6-ACD46DDEF647}.Debug|x86.Build.0 = Debug|Win32
		{E0637B0C-E949-442F-94E6-ACD46DDEF647}.Release|x64.ActiveCfg = Release|x64
		{E0637B0C-E949-442F-94E6-ACD46DDEF647}.Release|x64.Build.0 = Release|x64
		{E0637B0C-E949-442F-94E6-ACD46DDEF647}.Release|x86.ActiveCfg = Release|Win32
		{E0637B0C-E949-442F-94E6-ACD46DDEF647}.Release|x86.Build.0 = Release|Win32
		{B4193634-C357-4A7C-A190-C81ED9E1293F}.Debug|x64.ActiveCfg = Debug|x64
		{B4193634-C357-4A7C-A190-C81ED9E1293F}.Debug|x64.Build.0 = Debug|x64
		{B4193634-C357-4A7C-A190-C81ED9E1293F}.Debug|x86.ActiveCfg = Debug|Win32
		{B4193634-C357-4A7C-A190-C81ED9E1293F}.Debug|x86.Build.0 = Debug|Win32
		{B4193634-C357-4A7C-A190-C81ED9E1293F}.Release|x64.ActiveCfg = Release|x64
		{B4193634-C357-4A7C-A190-C81ED9E1293F}.Release|x64.Build.0 = Release|x64
		{B4193634-C357-4A7C-A190-C81ED9E1293F}.Release|x86.ActiveCfg = Release|Win32
		{B4193634-C357-4A7C-A190-C81ED9E1293F}.Release|x86.Build.0 = Release|Win32
		{B4C94F41-4F5F-4952-A8B7-F918DF41C604}.Debug|x64.ActiveCfg = Debug|x64
		{B4C94F41-4F5F-4952-A8B7-F918DF41C604}.Debug|x64.Build.0 = Debug|x64
		{B4C94F41-4F5F-4952-A8B7-F918DF41C604}.Debug|x86.ActiveCfg = Debug|Win32
		{B4C94F41-4F5F-4952-A8B7-F918DF41C604}.Debug|x86.Build.0 = Debug|Win32
		{B4C94F41-4F5F-4952-A8B7-F918DF41C604}.Release|x64.ActiveCfg = Release|x64
		{B4C94F41-4F5F-4952-A8B7-F918DF41C604}.Release|x64.Build.0 = Release|x64
		{B4C94F41-4F5F-4952-A8B7-F918DF41C604}.Release|x86.ActiveCfg = Release|Win32
		{B4C94F41-4F5F-4952-A8B7-F918DF41C604}.Release|x86.Build.0 = Release|Win32
		{C05B246D-2A89-4F4B-BA62-5F4F67F61E87}.Debug|x64.ActiveCfg = Debug|x64
		{C05B246D-2A89-4F4B-BA62-5F4F67F61E87}.Debug|x64.Build.0 = Debug|x64
		{C05B246D-2A89-4F4B-BA62-5F4F67F61E87}.Debug|x86.ActiveCfg = Debug|Win32
		{C05B246D-2A89-4F4B-BA62-5F4F67F61E87}.Debug|x86.Build.0 = Debug|Win32
		{C05B246D-2A89-4F4B-BA62-5F4F67F61E87}.Release|x64.ActiveCfg = Release|x64
		{C05B246D-2A89-4F4B-BA62-5F4F67F61E87}.Release|x64.Build.0 = Release|x64
		{C05B246D-2A89-4F4B-BA62-5F4F67F61E87}.Release|x86.ActiveCfg = Release|Win32
		{C05B246D-2A89-4F4B-BA62-5F4F67F61E87}.Release|x86.Build.0 = Release|Win32
		{E91FBBB3-A241-491D-8DFC-B6D438F74B06}.Debug|x64.ActiveCfg = Debug|x64
		{E91FBBB3-A241-491D-8DFC-B6D438F74B06}.Debug|x64.Build.0 = Debug|x64
		{E91FBBB3-A241-491D-8DFC-B6D438F74B06}.Debug|x86.ActiveCfg = Debug|Win32
		{E91FBBB3-A241-491D-8DFC-B6D438F74B06}.Debug|x86.Build.0 = Debug|Win32
		{E91FBBB3-A241-491D-8DFC-B6D438F74B06}.Release|x64.ActiveCfg = Release|x64
		{E91FBBB3-A241-491D-8DFC-B6D438F74B06}.Release|x64.Build.0 = Release|x64
		{E91FBBB3-A241-491D-8DFC-B6D438F74B06}.Release|x86.ActiveCfg = Release|Win32
		{E91FBBB3-A241-491D-8DFC-B6D438F74B06}.Release|x86.Build.0 = Release|Win32
		{F22EE666-4436-4B40-A500-F2C106E01021}.Debug|x64.ActiveCfg = Debug|x64
		{F22EE666-4436-4B40-A500-F2C106E01021}.Debug|x64.Build.0 = Debug|x64
		{F22EE666-4436-4B40-A500-F2C106E01021}.Debug|x86.ActiveCfg = Debug|Win32
		{F22EE666-4436-4B40-A500-F2C106E01021}.Debug|x86.Build.0 = Debug|Win32
		{F22EE666-4436-4B40-A500-F2C106E01021}.Release|x64.ActiveCfg = Release|x64
		{F22EE666-4436-4B40-A500-F2C106E01021}.Release|x64.Build.0 = Release|x64
		{F22EE666-4436-4B40-A500-F2C106E01021}.Release|x86.ActiveCfg = Release|Win32
		{F22EE666-4436-4B40-A500-F2C106E01021}.Release|x86.Build.0 = Release|Win32
		{743A8611-6750-4083-BB4B-4AF802F8FF46}.Debug|x64.ActiveCfg = Debug|x64
		{743A8611-6750-4083-BB4B-4AF802F8FF46}.Debug|x64.Build.0 = Debug|x64
		{743A8611-6750-4083-BB4B-4AF802F8FF46}.Debug|x86.ActiveCfg = Debug|Win32
		{743A8611-6750-4083-BB4B-4AF802F8FF46}.Debug|x86.Build.0 = Debug|Win32
		{743A8611-6750-4083-BB4B-4AF802F8FF46}.Release|x64.ActiveCfg = Release|x64
		{743A8611-6750-4083-BB4B-4AF802F8FF46}.Release|x64.Build.0 = Release|x64
		{743A8611-6750-4083-BB4B-4AF802F8FF46}.Release|x86.ActiveCfg = Release|Win32
		{743A8611-6750-4083-BB4B-4AF802F8FF46}.Release|x86.Build.0 = Release|Win32
		{43C84479-C6AB-4399-82F9-B83E1550B8AA}.Debug|x64.ActiveCfg = Debug|x64
		{43C84479-C6AB-4399-82F9-B83E1550B8AA}.Debug|x64.Build.0 = Debug|x64
		{43C84479-C6AB-4399-82F9-B83E1550B8AA}.Debug|x86.ActiveCfg = Debug|Win32
		{43C84479-C6AB-4399-82F9-B83E1550B8AA}.Debug|x86.Build.0 = Debug|Win32
		{43C84479-C6AB-4399-82F9-B83E1550B8AA}.Release|x64.ActiveCfg = Release|x64
		{43C84479-C6AB-4399-82F9-B83E1550B8AA}.Release|x64.Build.0 = Release|x64
		{43C84479-C6AB-4399-82F9-B83E1550B8AA}.Release|x86.ActiveCfg = Release|Win32
		{43C84479-C6AB-4399-82F9-B83E1550B8AA}.Release|x86.Build.0 = Release|Win32
		{A5C27D1B-0D70-4608-9ED3-3B89939EEA64}.Debug|x64.ActiveCfg = Debug|x64
		{A5C27D1B-0D70-4608-9ED3-3B89939EEA64}.Debug|x64.Build.0 = Debug|x64
		{A5C27D1B-0D70-4608-9ED3-3B89939EEA64}.Debug|x86.ActiveCfg = Debug|Win32
		{A5C27D1B-0D70-4608-9ED3-3B89939EEA64}.Debug|x86.Build.0 = Debug|Win32
		{A5C27D1B-0D70-4608-9ED3-3B89939EEA64}.Release|x64.ActiveCfg = Release|x64
		{A5C27D1B-0D70-4608-9ED3-3B89939EEA64}.Release|x64.Build.0 = Release|x64
		{A5C27D1B-0D70-4608-9ED3-3B89939EEA64}.Release|x86.ActiveCfg = Release|Win32
		{A5C27D1B-0D70-4608-9ED3-3B89939EEA64}.Release|x86.Build.0 = Release|Win32
		{5E84C19F-1A65-4946-9E18-275E3DED5652}.Debug|x64.ActiveCfg = Debug|x64
		{5E84C19F-1A65-4946-9E18-275E3DED5652}.Debug|x64.Build.0 = Debug|x64
		{5E84C19F-1A65-4946-9E18-275E3DED5652}.Debug|x86.ActiveCfg = Debug|Win32
		{5E84C19F-1A65-4946-9E18-275E3DED5652}.Debug|x86.Build.0 = Debug|Win32
		{5E84C19F-1A65-4946-9E18-275E3DED5652}.Release|x64.ActiveCfg = Release|x64
		{5E84C19F-1A65-4946-9E18-275E3DED5652}.Release|x64.Build.0 = Release|x64
		{5E84C19F-1A65-4946-9E18-275E3DED5652}.Release|x86.ActiveCfg = Release|Win32
		{5E84C19F-1A65-4946-9E18-275E3DED5652}.Release|x86.Build.0 = Release|Win32
		{36B8E916-0E51-4431-A14B-C97247C18F4C}.Debug|x64.ActiveCfg = Debug|x64
		{36B8E916-0E51-4431-A14B-C97247C18F4C}.Debug|x64.Build.0 = Debug|x64
		{36B8E916-0E51-4431-A14B-C97247C18F4C}.Debug|x86.ActiveCfg = Debug|Win32
		{36B8E916-0E51-4431-A14B-C97247C18F4C}.Debug|x86.Build.0 = Debug|Win32
		{36B8E916-0E51-4431-A14B-C97247C18F4C}.Release|x64.ActiveCfg = Release|x64
		{36B8E916-0E51-4431-A14B-C97247C18F4C}.Release|x64.Build.0 = Release|x64
		{36B8E916-0E51-4431-A14B-C97247C18F4C}.Release|x86.ActiveCfg = Release|Win32
		{36B8E916-0E51-4431-A14B-C97247C18F4C}.Release|x86.Build.0 = Release|Win32
		{5209493C-BF99-40B1-9C29-F0FF098510CF}.Debug|x64.ActiveCfg = Debug|x64
		{5209493C-BF99-40B1-9C29-F0FF098510CF}.Debug|x64.Build.0 = Debug|x64
		{5209493C-BF99-40B1-9C29-F0FF098510CF}.Debug|x86.ActiveCfg = Debug|Win32
		{5209493C-BF99-40B1-9C29-F0FF098510CF}.Debug|x86.Build.0 = Debug|Win32
		{5209493C-BF99-40B1-9C29-F0FF098510CF}.Release|x64.ActiveCfg = Release|x64
		{5209493C-BF99-40B1-9C29-F0FF098510CF}.Release|x64.Build.0 = Release|x64
		{5209493C-BF99-40B1-9C29-F0FF098510CF}.Release|x86.ActiveCfg = Release|Win32
		{5209493C-BF99-40B1-9C29-F0FF098510CF}.Release|x86.Build.0 = Release|Win32
		{C97289A2-AA63-4765-A10A-F2DC14B2F41D}.Debug|x64.ActiveCfg = Debug|x64
		{C97289A2-AA63-4765-A10A-F2DC14B2F41D}.Debug|x64.Build.0 = Debug|x64
		{C97289A2-AA63-4765-A10A-F2DC14B2F41D}.Debug|x86.ActiveCfg = Debug|Win32
		{C97289A2-AA63-4765-A10A-F2DC14B2F41D}.Debug|x86.Build.0 = Debug|Win32
		{C97289A2-AA63-4765-A10A-F2DC14B2F41D}.Release|x64.ActiveCfg = Release|x64
		{C97289A2-AA63-4765-A10A-F2DC14B2F41D}.Release|x64.Build.0 = Release|x64
		{C97289A2-AA63-4765-A10A-F2DC14B2F41D}.Release|x86.ActiveCfg = Release|Win32
		{C97289A2-AA63-4765-A10A-F2DC14B2F41D}.Release|x86.Build.0 = Release|Win32
		{AF4773B2-3ECF-4DA6-BC15-24DBAF7B7D07}.Debug|x64.ActiveCfg = Debug|x64
		{AF4773B2-3ECF-4DA6-BC15-24DBAF7B7D07}.Debug|x64.Build.0 = Debug|x64
		{AF4773B2-3ECF-4DA6-BC15-24DBAF7B7D07}.Debug|x86.ActiveCfg = Debug|Win32
		{AF4773B2-3ECF-4DA6-BC15-24DBAF7B7D07}.Debug|x86.Build.0 = Debug|Win32
		{AF4773B2-3ECF-4DA6-BC15-24DBAF7B7D07}.Release|x64.ActiveCfg = Release|x64
		{AF4773B2-3ECF-4DA6-BC15-24DBAF7B7D07}.Release|x64.Build.0 = Release|x64
		{AF4773B2-3ECF-4DA6-BC15-24DBAF7B7D07}.Release|x86.ActiveCfg = Release|Win32
		{AF4773B2-3ECF-4DA6-BC15-24DBAF7B7D07}.Release|x86.Build.0 = Release|Win32
		{1C90C515-37C6-42BE-9395-3F4484F21FB1}.Debug|x64.ActiveCfg = Debug|x64
		{1C90C515-37C6-42BE-9395-3F4484F21FB1}.Debug|x64.Build.0 = Debug|x64
		{1C90C515-37C6-42BE-9395-3F4484F21FB1}.Debug|x86.ActiveCfg = Debug|Win32
		{1C90C515-37C6-42BE-9395-3F4484F21FB1}.Debug|x86.Build.0 = Debug|Win32
		{1C90C515-37C6-42BE-9395-3F4484F21FB1}.Release|x64.ActiveCfg = Release|x64
		{1C90C515-37C6-42BE-9395-3F4484F21FB1}.Release|x64.Build.0 = Release|x64
		{1C90C515-37C6-42BE-9395-3F4484F21FB1}.Release|x86.ActiveCfg = Release|Win32
		{1C90C515-37C6-42BE-9395-3F4484F21FB1}.Release|x86.Build.0 = Release|Win32
		{04FCD517-1F4B-4CB5-9336-EBB3BE72B21C}.Debug|x64.ActiveCfg = Debug|x64
		{04FCD517-1F4B-4CB5-9336-EBB3BE72B21C}.Debug|x64.Build.0 = Debug|x64
		{04FCD517-1F4B-4CB5-9336-EBB3BE72B21C}.Debug|x86.ActiveCfg = Debug|Win32
		{04FCD517-1F4B-4CB5-9336-EBB3BE72B21C}.Debug|x86.Build.0 = Debug|Win32
		{04FCD517-1F4B-4CB5-9336-EBB3BE72B21C}.Release|x64.ActiveCfg = Release|x64
		{04FCD517-1F4B-4CB5-9336-EBB3BE72B21C}.Release|x64.Build.0 = Release|x64
		{04FCD517-1F4B-4CB5-9336-EBB3BE72B21C}.Release|x86.ActiveCfg = Release|Win32
		{04FCD517-1F4B-4CB5-9336-EBB3BE72B21C}.Release|x86.Build.0 = Release|Win32
		{B137206C-A2F1-4155-9B85-30100B59DDAA}.Debug|x64.ActiveCfg = Debug|x64
		{B137206C-A2F1-4155-9B85-30100B59DDAA}.Debug|x64.Build.0 = Debug|x64
		{B137206C-A2F1-4155-9B85-30100B59DDAA}.Debug|x86.ActiveCfg = Debug|Win32
		{B137206C-A2F1-4155-9B85-30100B59DDAA}.Debug|x86.Build.0 = Debug|Win32
		{B137206C-A2F1-4155-9B85-30100B59DDAA}.Release|x64.ActiveCfg = Release|x64
		{B137206C-A2F1-4155-9B85-30100B59DDAA}.Release|x64.Build.0 = Release|x64
		{B137206C-A2F1-4155-9B85-30100B59DDAA}.Release|x86.ActiveCfg = Release|Win32
		{B137206C-A2F1-4155-9B85-30100B59DDAA}.Release|x86.Build.0 = Release|Win32
		{B19FCF54-1B21-4D94-A25B-7E6E1A7FE1ED}.Debug|x64.ActiveCfg = Debug|x64
		{B19FCF54-1B21-4D94-A25B-7E6E1A7FE1ED}.Debug|x64.Build.0 = Debug|x64
		{B19FCF54-1B21-4D94-A25B-7E6E1A7FE1ED}.Debug|x86.ActiveCfg = Debug|Win32
		{B19FCF54-1B21-4D94-A25B-7E6E1A7FE1ED}.Debug|x86.Build.0 = Debug|Win32
		{B19FCF54-1B21-4D94-A25B-7E6E1A7FE1ED}.Release|x64.ActiveCfg = Release|x64
		{B19FCF54-1B21-4D94-A25B-7E6E1A7FE1ED}.Release|x64.Build.0 = Release|x64
		{B19FCF54-1B21-4D94-A25B-7E6E1A7FE1ED}.Release|x86.ActiveCfg = Release|Win32
		{B19FCF54-1B21-4D94-A25B-7E6E1A7FE1ED}.Release|x86.Build.0 = Release|Win32
		{AE52C98B-45DD-4272-9B62-58CA3C59A7BB}.Debug|x64.ActiveCfg = Debug|x64
		{AE52C98B-45DD-4272-9B62-58CA3C59A7BB}.Debug|x64.Build.0 = Debug|x64
		{AE52C98B-45DD-4272-9B62-58CA3C59A7BB}.Debug|x86.ActiveCfg = Debug|Win32
		{AE52C98B-45DD-4272-9B62-58CA3C59A7BB}.Debug|x86.Build.0 = Debug|Win32
		{AE52C98B-45DD-4272-9B62-58CA3C59A7BB}.Release|x64.ActiveCfg = Release|x64
		{AE52C98B-45DD-4272-9B62-58CA3C59A7BB}.Release|x64.Build.0 = Release|x64
		{AE52C98B-45DD-4272-9B62-58CA3C59A7BB}.Release|x86.ActiveCfg = Release|Win32
		{AE52C98B-45DD-4272-9B62-58CA3C59A7BB}.Release|x86.Build.0 = Release|Win32
		{5A72D239-9215-4AA1-8350-F246B2585731}.Debug|x64.ActiveCfg = Debug|x64
		{5A72D239-9215-4AA1-8350-F246B2585731}.Debug|x64.Build.0 = Debug|x64
		{5A72D239-9215-4AA1-8350-F246B2585731}.Debug|x86.ActiveCfg = Debug|Win32
		{5A72D239-9215-4AA1-8350-F246B2585731}.Debug|x86.Build.0 = Debug|Win32
		{5A72D239-9215-4AA1-8350-F246B2585731}.Release|x64.ActiveCfg = Release|x64
		{5A72D239-9215-4AA1-8350-F246B2585731}.Release|x64.Build.0 = Release|x64
		{5A72D239-9215-4AA1-8350-F246B2585731}.Release|x86.ActiveCfg = Release|Win32
		{5A72D239-9215-4AA1-8350-F246B2585731}.Release|x86.Build.0 = Release|Win32
		{7F1EA676-4FAF-4FB1-B72F-9B5BE1543F78}.Debug|x64.ActiveCfg = Debug|x64
		{7F1EA676-4FAF-4FB1-B72F-9B5BE1543F78}.Debug|x64.Build.0 = Debug|x64
		{7F1EA676-4FAF-4FB1-B72F-9B5BE1543F78}.Debug|x86.ActiveCfg = Debug|Win32
		{7F1EA676-4FAF-4FB1-B72F-9B5BE1543F78}.Debug|x86.Build.0 = Debug|Win32
		{7F1EA676-4FAF-4FB1-B72F-9B5BE1543F78}.Release|x64.ActiveCfg = Release|x64
		{7F1EA676-4FAF-4FB1-B72F-9B5BE1543F78}.Release|x64.Build.0 = Release|x64
		{7F1EA676-4FAF-4FB1-B72F-9B5BE1543F78}.Release|x86.ActiveCfg = Release|Win32
		{7F1EA676-4FAF-4FB1-B72F-9B5BE1543F78}.Release|x86.Build.0 = Release|Win32
		{B55FA1C1-1B5E-4A0A-AD0B-CFC81E21D069}.Debug|x64.ActiveCfg = Debug|x64
		{B55FA1C1-1B5E-4A0A-AD0B-CFC81E21D069}.Debug|x64.Build.0 = Debug|x64
		{B55FA1C1-1B5E-4A0A-AD0B-CFC81E21D069}.Debug|x86.ActiveCfg = Debug|Win32
		{B55FA1C1-1B5E-4A0A-AD0B-CFC81E21D069}.Debug|x86.Build.0 = Debug|Win32
		{B55FA1C1-1B5E-4A0A-AD0B-CFC81E21D069}.Release|x64.ActiveCfg = Release|x64
		{B55FA1C1-1B5E-4A0A-AD0B-CFC81E21D069}.Release|x64.Build.0 = Release|x64
		{B55FA1C1-1B5E-4A0A-AD0B-CFC81E21D069}.Release|x86.ActiveCfg = Release|Win32
		{B55FA1C1-1B5E-4A0A-AD0B-CFC81E21D069}.Release|x86.Build.0 = Release|Win32
		{37B55A38-9044-4A77-AA3B-53B88646B914}.Debug|x64.ActiveCfg = Debug|x64
		{37B55A38-9044-4A77-AA3B-53B88646B914}.Debug|x64.Build.0 = Debug|x64
		{37B55A38-9044-4A77-AA3B-53B88646B914}.Debug|x86.ActiveCfg = Debug|Win32
		{37B55A38-9044-4A77-AA3B-53B88646B914}.Debug|x86.Build.0 = Debug|Win32
		{37B55A38-9044-4A77-AA3B-53B88646B914}.Release|x64.ActiveCfg = Release|x64
		{37B55A38-9044-4A77-AA3B-53B88646B914}.Release|x64.Build.0 = Release|x64
		{37B55A38-9044-4A77-AA3B-53B88646B914}.Release|x86.ActiveCfg = Release|Win32
		{37B55A38-9044-4A77-AA3B-53B88646B914}.Release|x86.Build.0 = Release|Win32
		{71A4E80A-66EC-48ED-84B9-D64665C49610}.Debug|x64.ActiveCfg = Debug|x64
		{71A4E80A-66EC-48ED-84B9-D64665C49610}.Debug|x64.Build.0 = Debug|x64
		{71A4E80A-66EC-48ED-84B9-D64665C49610}.Debug|x86.ActiveCfg = Debug|Win32
		{71A4E80A-66EC-48ED-84B9-D64665C49610}.Debug|x86.Build.0 = Debug|Win32
		{71A4E80A-66EC-48ED-84B9-D64665C49610}.Release|x64.ActiveCfg = Release|x64
		{71A4E80A-66EC-48ED-84B9-D64665C49610}.Release|x64.Build.0 = Release|x64
		{71A4E80A-66EC-48ED-84B9-D64665C49610}.Release|x86.ActiveCfg = Release|Win32
		{71A4E80A-66EC-48ED-84B9-D64665C49610}.Release|x86.Build.0 = Release|Win32
		{B9EAEB3F-64F6-4CBC-B66A-2065ED667DAA}.Debug|x64.ActiveCfg = Debug|x64
		{B9EAEB3F-64F6-4CBC-B66A-2065ED667DAA}.Debug|x64.Build.0 = Debug|x64
		{B9EAEB3F-64F6-4CBC-B66A-2065ED667DAA}.Debug|x86.ActiveCfg = Debug|Win32
		{B9EAEB3F-64F6-4CBC-B66A-2065ED667DAA}.Debug|x86.Build.0 = Debug|Win32
		{B9EAEB3F-64F6-4CBC-B66A-2065ED667DAA}.Release|x64.ActiveCfg = Release|x64
		{B9EAEB3F-64F6-4CBC-B66A-2065ED667DAA}.Release|x64.Build.0 = Release|x64
		{B9EAEB3F-64F6-4CBC-B66A-2065ED667DAA}.Release|x86.ActiveCfg = Release|Win32
		{B9EAEB3F-64F6-4CBC-B66A-2065ED667DAA}.Release|x86.Build.0 = Release|Win32
		{A74D8063-F491-4533-BDCB-D031E0385EBE}.Debug|x64.ActiveCfg = Debug|x64
		{A74D8063-F491-4533-BDCB-D031E0385EBE}.Debug|x64.Build.0 = Debug|x64
		{A74D8063-F491-4533-BDCB-D031E0385EBE}.Debug|x86.ActiveCfg = Debug|Win32
		{A74D8063-F491-4533-BDCB-D031E0385EBE}.Debug|x86.Build.0 = Debug|Win32
		{A74D8063-F491-4533-BDCB-D031E0385EBE}.Release|x64.ActiveCfg = Release|x64
		{A74D8063-F491-4533-BDCB-D031E0385EBE}.Release|x64.Build.0 = Release|x64
		{A74D8063-F491-4533-BDCB-D031E0385EBE}.Release|x86.ActiveCfg = Release|Win32
		{A74D8063-F491-4533-BDCB-D031E0385EBE}.Release|x86.Build.0 = Release|Win32
		{4AD6EEAE-6F9E-4151-A4FB-C2C30F20FB3A}.Debug|x64.ActiveCfg = Debug|x64
		{4AD6EEAE-6F9E-4151-A4FB-C2C30F20FB3A}.Debug|x64.Build.0 = Debug|x64
		{4AD6EEAE-6F9E-4151-A4FB-C2C30F20FB3A}.Debug|x86.ActiveCfg = Debug|Win32
		{4AD6EEAE-6F9E-4151-A4FB-C2C30F20FB3A}.Debug|x86.Build.0 = Debug|Win32
		{4AD6EEAE-6F9E-4151-A4FB-C2C30F20FB3A}.Release|x64.ActiveCfg = Release|x64
		{4AD6EEAE-6F9E-4151-A4FB-C2C30F20FB3A}.Release|x64.Build.0 = Release|x64
		{4AD6EEAE-6F9E-4151-A4FB-C2C30F20FB3A}.Release|x86.ActiveCfg = Release|Win32
		{4AD6EEAE-6F9E-4151-A4FB-C2C30F20FB3A}.Release|x86.Build.0 = Release|Win32
		{8E9A97DE-1EFF-45F4-9B19-3A783BBD9FC3}.Debug|x64.ActiveCfg = Debug|x64
		{8E9A97DE-1EFF-45F4-9B19-3A783BBD9FC3}.Debug|x64.Build.0 = Debug|x64
		{8E9A97DE-1EFF-45F4-9B19-3A783BBD9FC3}.Debug|x86.ActiveCfg = Debug|Win32
		{8E9A97DE-1EFF-45F4-9B19-3A783BBD9FC3}.Debug|x86.Build.0 = Debug|Win32
		{8E9A97DE-1EFF-45F4-9B19-3A783BBD9FC3}.Release|x64.ActiveCfg = Release|x64
		{8E9A97DE-1EFF-45F4-9B19-3A783BBD9FC3}.Release|x64.Build.0 = Release|x64
		{8E9A97DE-1EFF-45F4-9B19-3A783BBD9FC3}.Release|x86.ActiveCfg = Release|Win32
		{8E9A97DE-1EFF-45F4-9B19-3A783BBD9FC3}.Release|x86.Build.0 = Release|Win32
		{B3C4A324-1663-466F-B8F1-7C5914B21207}.Debug|x64.ActiveCfg = Debug|x64
		{B3C4A324-1663-466F-B8F1-7C5914B21207}.Debug|x64.Build.0 = Debug|x64
		{B3C4A324-1663-466F-B8F1-7C5914B21207}.Debug|x86.ActiveCfg = Debug|Win32
		{B3C4A324-1663-466F-B8F1-7C5914B21207}.Debug|x86.Build.0 = Debug|Win32
		{B3C4A324-1663-466F-B8F1-7C5914B21207}.Release|x64.ActiveCfg = Release|x64
		{B3C4A324-1663-466F-B8F1-7C5914B21207}.Release|x64.Build.0 = Release|x64
		{B3C4A324-1663-466F-B8F1-7C5914B21207}.Release|x86.ActiveCfg = Release|Win32
		{B3C4A324-1663-466F-B8F1-7C5914B21207}.Release|x86.Build.0 = Release|Win32
		{DB373466-CCF6-4063-8D49-46590C7C4F94}.Debug|x64.ActiveCfg = Debug|x64
		{DB373466-CCF6-4063-8D49-46590C7C4F94}.Debug|x64.Build.0 = Debug|x64
		{DB373466-CCF6-4063-8D49-46590C7C4F94}.Debug|x86.ActiveCfg = Debug|Win32
		{DB373466-CCF6-4063-8D49-46590C7C4F94}.Debug|x86.Build.0 = Debug|Win32
		{DB373466-CCF6-4063-8D49-46590C7C4F94}.Release|x64.ActiveCfg = Release|x64
		{DB373466-CCF6-4063-8D49-46590C7C4F94}.Release|x64.Build.0 = Release|x64
		{DB373466-CCF6-4063-8D49-46590C7C4F94}.Release|x86.ActiveCfg = Release|Win32
		{DB373466-CCF6-4063-8D49-46590C7C4F94}.Release|x86.Build.0 = Release|Win32
		{1453E902-5636-4790-BC6A-F0CE23D4D7AA}.Debug|x64.ActiveCfg = Debug|x64
		{1453E902-5636-4790-BC6A-F0CE23D4D7AA}.Debug|x64.Build.0 = Debug|x64
		{1453E902-5636-4790-BC6A-F0CE23D4D7AA}.Debug|x86.ActiveCfg = Debug|Win32
		{1453E902-5636-4790-BC6A-F0CE23D4D7AA}.Debug|x86.Build.0 = Debug|Win32
		{1453E902-5636-4790-BC6A-F0CE23D4D7AA}.Release|x64.ActiveCfg = Release|x64
		{1453E902-5636-4790-BC6A-F0CE23D4D7AA}.Release|x64.Build.0 = Release|x64
		{1453E902-5636-4790-BC6A-F0CE23D4D7AA}.Release|x86.ActiveCfg = Release|Win32
		{1453E902-5636-4790-BC6A-F0CE23D4D7AA}.Release|x86.Build.0 = Release|Win32
		{A958D211-211B-4AA1-BBBA-5B0F9D32158B}.Debug|x64.ActiveCfg = Debug|x64
		{A958D211-211B-4AA1-BBBA-5B0F9D32158B}.Debug|x64.Build.0 = Debug|x64
		{A958D211-211B-4AA1-BBBA-5B0F9D32158B}.Debug|x86.ActiveCfg = Debug|Win32
		{A958D211-211B-4AA1-BBBA-5B0F9D32158B}.Debug|x86.Build.0 = Debug|Win32
		{A958D211-211B-4AA1-BBBA-5B0F9D32158B}.Release|x64.ActiveCfg = Release|x64
		{A958D211-211B-4AA1-BBBA-5B0F9D32158B}.Release|x64.Build.0 = Release|x64
		{A958D211-211B-4AA1-BBBA-5B0F9D32158B}.Release|x86.ActiveCfg = Release|Win32
		{A958D211-211B-4AA1-BBBA-5B0F9D32158B}.Release|x86.Build.0 = Release|Win32
		{4E9F8C83-B9A9-46C7-8BB3-BE9888E26089}.Debug|x64.ActiveCfg = Debug|x64
		{4E9F8C83-B9A9-46C7-8BB3-BE9888E26089}.Debug|x64.Build.0 = Debug|x64
		{4E9F8C83-B9A9-46C7-8BB3-BE9888E26089}.Debug|x86.ActiveCfg = Debug|Win32
		{4E9F8C83-B9A9-46C7-8BB3-BE9888E26089}.Debug|x86.Build.0 = Debug|Win32
		{4E9F8C83-B9A9-46C7-8BB3-BE9888E26089}.Release|x64.ActiveCfg = Release|x64
		{4E9F8C83-B9A9-46C7-8BB3-BE9888E26089}.Release|x64.Build.0 = Release|x64
		{4E9F8C83-B9A9-46C7-8BB3-BE9888E26089}.Release|x86.ActiveCfg = Release|Win32
		{4E9F8C83-B9A9-46C7-8BB3-BE9888E26089}.Release|x86.Build.0 = Release|Win32
		{F03087DA-BB0E-473F-A10B-E4B481646517}.Debug|x64.ActiveCfg = Debug|x64
		{F03087DA-BB0E-473F-A10B-E4B481646517}.Debug|x64.Build.0 = Debug|x64
		{F03087DA-BB0E-473F-A10B-E4B481646517}.Debug|x86.ActiveCfg = Debug|Win32
		{F03087DA-BB0E-473F-A10B-E4B481646517}.Debug|x86.Build.0 = Debug|Win32
		{F03087DA-BB0E-473F-A10B-E4B481646517}.Release|x64.ActiveCfg = Release|x64
		{F03087DA-BB0E-473F-A10B-E4B481646517}.Release|x64.Build.0 = Release|x64
		{F03087DA-BB0E-473F-A10B-E4B481646517}.Release|x86.ActiveCfg = Release|Win32
		{F03087DA-BB0E-473F-A10B-E4B481646517}.Release|x86.Build.0 = Release|Win32
		{540E4733-4055-4E2E-977C-DB64477910F5}.Debug|x64.ActiveCfg = Debug|x64
		{540E4733-4055-4E2E-977C-DB64477910F5}.Debug|x64.Build.0 = Debug|x64
		{540E4733-4055-4E2E-977C-DB64477910F5}.Debug|x86.ActiveCfg = Debug|Win32
		{540E4733-4055-4E2E-977C-DB64477910F5}.Debug|x86.Build.0 = Debug|Win32
		{540E4733-4055-4E2E-977C-DB64477910F5}.Release|x64.ActiveCfg = Release|x64
		{540E4733-4055-4E2E-977C-DB64477910F5}.Release|x64.Build.0 = Release|x64
		{540E4733-4055-4E2E-977C-DB64477910F5}.Release|x86.ActiveCfg = Release|Win32
		{540E4733-4055-4E2E-977C-DB64477910F5}.Release|x86.Build.0 = Release|Win32
		{60ECD203-E856-4AB2-BE9D-10F08BE5E89D}.Debug|x64.ActiveCfg = Debug|x64
		{60ECD203-E856-4AB2-BE9D-10F08BE5E89D}.Debug|x64.Build.0 = Debug|x64
		{60ECD203-E856-4AB2-BE9D-10F08BE5E89D}.Debug|x86.ActiveCfg = Debug|Win32
		{60ECD203-E856-4AB2-BE9D-10F08BE5E89D}.Debug|x86.Build.0 = Debug|Win32
		{60ECD203-E856-4AB2-BE9D-10F08BE5E89D}.Release|x64.ActiveCfg = Release|x64
		{60ECD203-E856-4AB2-BE9D-10F08BE5E89D}.Release|x64.Build.0 = Release|x64
		{60ECD203-E856-4AB2-BE9D-10F08BE5E89D}.Release|x86.ActiveCfg = Release|Win32
		{60ECD203-E856-4AB2-BE9D-10F08BE5E89D}.Release|x86.Build.0 = Release|Win32
		{D41A89E2-6066-488A-B5AE-C230425820BA}.Debug|x64.ActiveCfg = Debug|x64
		{D41A89E2-6066-488A-B5AE-C230425820BA}.Debug|x64.Build.0 = Debug|x64
		{D41A89E2-6066-488A-B5AE-C230425820BA}.Debug|x86.ActiveCfg = Debug|Win32
		{D41A89E2-6066-488A-B5AE-C230425820BA}.Debug|x86.Build.0 = Debug|Win32
		{D41A89E2-6066-488A-B5AE-C230425820BA}.Release|x64.ActiveCfg = Release|x64
		{D41A89E2-6066-488A-B5AE-C230425820BA}.Release|x64.Build.0 = Release|x64
		{D41A89E2-6066-488A-B5AE-C230425820BA}.Release|x86.ActiveCfg = Release|Win32
		{D41A89E2-6066-488A-B5AE-C230425820BA}.Release|x86.Build.0 = Release|Win32
		{BEB852B9-057C-4EB5-942B-B3EA629A1ED3}.Debug|x64.ActiveCfg = Debug|x64
		{BEB852B9-057C-4EB5-942B-B3EA629A1ED3}.Debug|x64.Build.0 = Debug|x64
		{BEB852B9-057C-4EB5-942B-B3EA629A1ED3}.Debug|x86.ActiveCfg = Debug|Win32
		{BEB852B9-057C-4EB5-942B-B3EA629A1ED3}.Debug|x86.Build.0 = Debug|Win32
		{BEB852B9-057C-4EB5-942B-B3EA629A1ED3}.Release|x64.ActiveCfg = Release|x64
		{BEB852B9-057C-4EB5-942B-B3EA629A1ED3}.Release|x64.Build.0 = Release|x64
		{BEB852B9-057C-4EB5-942B-B3EA629A1ED3}.Release|x86.ActiveCfg = Release|Win32
		{BEB852B9-057C-4EB5-942B-B3EA629A1ED3}.Release|x86.Build.0 = Release|Win32
		{76F42B5F-A605-4C12-8A3F-EA59290FD21E}.Debug|x64.ActiveCfg = Debug|x64
		{76F42B5F-A605-4C12-8A3F-EA59290FD21E}.Debug|x64.Build.0 = Debug|x64
		{76F42B5F-A605-4C12-8A3F-EA59290FD21E}.Debug|x86.ActiveCfg = Debug|Win32
		{76F42B5F-A605-4C12-8A3F-EA59290FD21E}.Debug|x86.Build.0 = Debug|Win32
		{76F42B5F-A605-4C12-8A3F-EA59290FD21E}.Release|x64.ActiveCfg = Release|x64
		{76F42B5F-A605-4C12-8A3F-EA59290FD21E}.Release|x64.Build.0 = Release|x64
		{76F42B5F-A605-4C12-8A3F-EA59290FD21E}.Release|x86.ActiveCfg = Release|Win32
		{76F42B5F-A605-4C12-8A3F-EA59290FD21E}.Release|x86.Build.0 = Release|Win32
		{6F73100B-224C-45C1-BDE8-407FECC6C246}.Debug|x64.ActiveCfg = Debug|x64
		{6F73100B-224C-45C1-BDE8-407FECC6C246}.Debug|x64.Build.0 = Debug|x64
		{6F73100B-224C-45C1-BDE8-407FECC6C246}.Debug|x86.ActiveCfg = Debug|Win32
		{6F73100B-224C-45C1-BDE8-407FECC6C246}.Debug|x86.Build.0 = Debug|Win32
		{6F73100B-224C-45C1-BDE8-407FECC6C246}.Release|x64.ActiveCfg = Release|x64
		{6F73100B-224C-45C1-BDE8-407FECC6C246}.Release|x64.Build.0 = Release|x64
		{6F73100B-224C-45C1-BDE8-407FECC6C246}.Release|x86.ActiveCfg = Release|Win32
		{6F73100B-224C-45C1-BDE8-407FECC6C246}.Release|x86.Build.0 = Release|Win32
		{55FEDB6A-816B-4AA3-832C-57A6A778A5EE}.Debug|x64.ActiveCfg = Debug|x64
		{55FEDB6A-816B-4AA3-832C-57A6A778A5EE}.Debug|x64.Build.0 = Debug|x64
		{55FEDB6A-816B-4AA3-832C-57A6A778A5EE}.Debug|x86.ActiveCfg = Debug|Win32
		{55FEDB6A-816B-4AA3-832C-57A6A778A5EE}.Debug|x86.Build.0 = Debug|Win32
		{55FEDB6A-816B-4AA3-832C-57A6A778A5EE}.Release|x64.ActiveCfg = Release|x64
		{55FEDB6A-816B-4AA3-832C-57A6A778A5EE}.Release|x64.Build.0 = Release|x64
		{55FEDB6A-816B-4AA3-832C-57A6A778A5EE}.Release|x86.ActiveCfg = Release|Win32
		{55FEDB6A-816B-4AA3-832C-57A6A778A5EE}.Release|x86.Build.0 = Release|Win32
	EndGlobalSection
	GlobalSection(SolutionProperties) = preSolution
		HideSolutionNode = FALSE
	EndGlobalSection
	GlobalSection(ExtensibilityGlobals) = postSolution
		SolutionGuid = {4675D8BC-6767-400A-B174-A33F8EBAB6C5}
	EndGlobalSection
EndGlobal
