
Microsoft Visual Studio Solution File, Format Version 12.00
# Visual Studio Version 17
VisualStudioVersion = 17.6.33815.320
MinimumVisualStudioVersion = 10.0.40219.1
Project("{8BC9CEB8-8B4A-11D0-8D11-00A0C91BC942}") = "074", "074\074.vcxproj", "{0D0710AC-7C87-4368-B54B-615D4C204748}"
EndProject
Project("{8BC9CEB8-8B4A-11D0-8D11-00A0C91BC942}") = "075", "075\075.vcxproj", "{4CD57AF0-3302-4287-9E83-EF296DC9F71F}"
EndProject
Project("{8BC9CEB8-8B4A-11D0-8D11-00A0C91BC942}") = "076", "076\076.vcxproj", "{FAB7AF0E-C11B-4982-A4ED-A696547801FA}"
EndProject
Project("{8BC9CEB8-8B4A-11D0-8D11-00A0C91BC942}") = "CallByAddress", "CallByAddress\CallByAddress.vcxproj", "{8FF1F2A8-0FC7-418C-8AC8-2885B8FC8EE6}"
EndProject
Project("{8BC9CEB8-8B4A-11D0-8D11-00A0C91BC942}") = "CallByReference", "CallByReference\CallByReference.vcxproj", "{B24DB4A8-2BEE-45AE-8A75-08D805C14BF9}"
EndProject
Project("{8BC9CEB8-8B4A-11D0-8D11-00A0C91BC942}") = "077", "077\077.vcxproj", "{DBEB33F9-92E3-4EAA-BDA4-2954BD156B84}"
EndProject
Project("{8BC9CEB8-8B4A-11D0-8D11-00A0C91BC942}") = "078", "078\078.vcxproj", "{8AB2297C-F877-469D-8E01-3CE9F9B54EA5}"
EndProject
Project("{8BC9CEB8-8B4A-11D0-8D11-00A0C91BC942}") = "079", "079\079.vcxproj", "{BB919C2D-65E0-43E7-A5B2-6F3E93B2CC57}"
EndProject
Project("{8BC9CEB8-8B4A-11D0-8D11-00A0C91BC942}") = "080", "080\080.vcxproj", "{A648F5DC-13AB-470F-9473-4219E23A312D}"
EndProject
Project("{8BC9CEB8-8B4A-11D0-8D11-00A0C91BC942}") = "090", "090\090.vcxproj", "{6BF04514-C22A-4066-BD1E-DF161CD872EF}"
EndProject
Project("{8BC9CEB8-8B4A-11D0-8D11-00A0C91BC942}") = "081", "081\081.vcxproj", "{DAF4EB96-7C1D-431A-90F0-26094D8E5882}"
EndProject
Project("{8BC9CEB8-8B4A-11D0-8D11-00A0C91BC942}") = "082", "082\082.vcxproj", "{7C626C03-5295-4EEA-BD3B-DB967A4EC818}"
EndProject
Project("{8BC9CEB8-8B4A-11D0-8D11-00A0C91BC942}") = "083", "083\083.vcxproj", "{A39B5437-CD8E-481F-9755-FEB4082DF26D}"
EndProject
Project("{8BC9CEB8-8B4A-11D0-8D11-00A0C91BC942}") = "084", "084\084.vcxproj", "{2941E392-456E-4FD0-9028-E2D10CCF378B}"
EndProject
Project("{8BC9CEB8-8B4A-11D0-8D11-00A0C91BC942}") = "085", "085\085.vcxproj", "{25A72D97-B74A-4C69-BBCF-AD66851ED9B1}"
EndProject
Project("{8BC9CEB8-8B4A-11D0-8D11-00A0C91BC942}") = "086", "086\086.vcxproj", "{5CBF9A1B-FA85-4E2A-98DE-745CF484CE97}"
EndProject
Project("{8BC9CEB8-8B4A-11D0-8D11-00A0C91BC942}") = "087", "087\087.vcxproj", "{B56FBB42-055A-4FBF-BDD4-EF9E91CEAACB}"
EndProject
Project("{8BC9CEB8-8B4A-11D0-8D11-00A0C91BC942}") = "088", "088\088.vcxproj", "{30693B88-E3ED-4CFE-96EA-716E6E533AF8}"
EndProject
Project("{8BC9CEB8-8B4A-11D0-8D11-00A0C91BC942}") = "089", "089\089.vcxproj", "{97BC717F-D195-4E0E-8653-B36DFCCF69F2}"
EndProject
Project("{8BC9CEB8-8B4A-11D0-8D11-00A0C91BC942}") = "080_1", "080_1\080_1.vcxproj", "{FE1449C7-D668-4046-9189-A64F4F643B05}"
EndProject
Global
	GlobalSection(SolutionConfigurationPlatforms) = preSolution
		Debug|x64 = Debug|x64
		Debug|x86 = Debug|x86
		Release|x64 = Release|x64
		Release|x86 = Release|x86
	EndGlobalSection
	GlobalSection(ProjectConfigurationPlatforms) = postSolution
		{0D0710AC-7C87-4368-B54B-615D4C204748}.Debug|x64.ActiveCfg = Debug|x64
		{0D0710AC-7C87-4368-B54B-615D4C204748}.Debug|x64.Build.0 = Debug|x64
		{0D0710AC-7C87-4368-B54B-615D4C204748}.Debug|x86.ActiveCfg = Debug|Win32
		{0D0710AC-7C87-4368-B54B-615D4C204748}.Debug|x86.Build.0 = Debug|Win32
		{0D0710AC-7C87-4368-B54B-615D4C204748}.Release|x64.ActiveCfg = Release|x64
		{0D0710AC-7C87-4368-B54B-615D4C204748}.Release|x64.Build.0 = Release|x64
		{0D0710AC-7C87-4368-B54B-615D4C204748}.Release|x86.ActiveCfg = Release|Win32
		{0D0710AC-7C87-4368-B54B-615D4C204748}.Release|x86.Build.0 = Release|Win32
		{4CD57AF0-3302-4287-9E83-EF296DC9F71F}.Debug|x64.ActiveCfg = Debug|x64
		{4CD57AF0-3302-4287-9E83-EF296DC9F71F}.Debug|x64.Build.0 = Debug|x64
		{4CD57AF0-3302-4287-9E83-EF296DC9F71F}.Debug|x86.ActiveCfg = Debug|Win32
		{4CD57AF0-3302-4287-9E83-EF296DC9F71F}.Debug|x86.Build.0 = Debug|Win32
		{4CD57AF0-3302-4287-9E83-EF296DC9F71F}.Release|x64.ActiveCfg = Release|x64
		{4CD57AF0-3302-4287-9E83-EF296DC9F71F}.Release|x64.Build.0 = Release|x64
		{4CD57AF0-3302-4287-9E83-EF296DC9F71F}.Release|x86.ActiveCfg = Release|Win32
		{4CD57AF0-3302-4287-9E83-EF296DC9F71F}.Release|x86.Build.0 = Release|Win32
		{FAB7AF0E-C11B-4982-A4ED-A696547801FA}.Debug|x64.ActiveCfg = Debug|x64
		{FAB7AF0E-C11B-4982-A4ED-A696547801FA}.Debug|x64.Build.0 = Debug|x64
		{FAB7AF0E-C11B-4982-A4ED-A696547801FA}.Debug|x86.ActiveCfg = Debug|Win32
		{FAB7AF0E-C11B-4982-A4ED-A696547801FA}.Debug|x86.Build.0 = Debug|Win32
		{FAB7AF0E-C11B-4982-A4ED-A696547801FA}.Release|x64.ActiveCfg = Release|x64
		{FAB7AF0E-C11B-4982-A4ED-A696547801FA}.Release|x64.Build.0 = Release|x64
		{FAB7AF0E-C11B-4982-A4ED-A696547801FA}.Release|x86.ActiveCfg = Release|Win32
		{FAB7AF0E-C11B-4982-A4ED-A696547801FA}.Release|x86.Build.0 = Release|Win32
		{8FF1F2A8-0FC7-418C-8AC8-2885B8FC8EE6}.Debug|x64.ActiveCfg = Debug|x64
		{8FF1F2A8-0FC7-418C-8AC8-2885B8FC8EE6}.Debug|x64.Build.0 = Debug|x64
		{8FF1F2A8-0FC7-418C-8AC8-2885B8FC8EE6}.Debug|x86.ActiveCfg = Debug|Win32
		{8FF1F2A8-0FC7-418C-8AC8-2885B8FC8EE6}.Debug|x86.Build.0 = Debug|Win32
		{8FF1F2A8-0FC7-418C-8AC8-2885B8FC8EE6}.Release|x64.ActiveCfg = Release|x64
		{8FF1F2A8-0FC7-418C-8AC8-2885B8FC8EE6}.Release|x64.Build.0 = Release|x64
		{8FF1F2A8-0FC7-418C-8AC8-2885B8FC8EE6}.Release|x86.ActiveCfg = Release|Win32
		{8FF1F2A8-0FC7-418C-8AC8-2885B8FC8EE6}.Release|x86.Build.0 = Release|Win32
		{B24DB4A8-2BEE-45AE-8A75-08D805C14BF9}.Debug|x64.ActiveCfg = Debug|x64
		{B24DB4A8-2BEE-45AE-8A75-08D805C14BF9}.Debug|x64.Build.0 = Debug|x64
		{B24DB4A8-2BEE-45AE-8A75-08D805C14BF9}.Debug|x86.ActiveCfg = Debug|Win32
		{B24DB4A8-2BEE-45AE-8A75-08D805C14BF9}.Debug|x86.Build.0 = Debug|Win32
		{B24DB4A8-2BEE-45AE-8A75-08D805C14BF9}.Release|x64.ActiveCfg = Release|x64
		{B24DB4A8-2BEE-45AE-8A75-08D805C14BF9}.Release|x64.Build.0 = Release|x64
		{B24DB4A8-2BEE-45AE-8A75-08D805C14BF9}.Release|x86.ActiveCfg = Release|Win32
		{B24DB4A8-2BEE-45AE-8A75-08D805C14BF9}.Release|x86.Build.0 = Release|Win32
		{DBEB33F9-92E3-4EAA-BDA4-2954BD156B84}.Debug|x64.ActiveCfg = Debug|x64
		{DBEB33F9-92E3-4EAA-BDA4-2954BD156B84}.Debug|x64.Build.0 = Debug|x64
		{DBEB33F9-92E3-4EAA-BDA4-2954BD156B84}.Debug|x86.ActiveCfg = Debug|Win32
		{DBEB33F9-92E3-4EAA-BDA4-2954BD156B84}.Debug|x86.Build.0 = Debug|Win32
		{DBEB33F9-92E3-4EAA-BDA4-2954BD156B84}.Release|x64.ActiveCfg = Release|x64
		{DBEB33F9-92E3-4EAA-BDA4-2954BD156B84}.Release|x64.Build.0 = Release|x64
		{DBEB33F9-92E3-4EAA-BDA4-2954BD156B84}.Release|x86.ActiveCfg = Release|Win32
		{DBEB33F9-92E3-4EAA-BDA4-2954BD156B84}.Release|x86.Build.0 = Release|Win32
		{8AB2297C-F877-469D-8E01-3CE9F9B54EA5}.Debug|x64.ActiveCfg = Debug|x64
		{8AB2297C-F877-469D-8E01-3CE9F9B54EA5}.Debug|x64.Build.0 = Debug|x64
		{8AB2297C-F877-469D-8E01-3CE9F9B54EA5}.Debug|x86.ActiveCfg = Debug|Win32
		{8AB2297C-F877-469D-8E01-3CE9F9B54EA5}.Debug|x86.Build.0 = Debug|Win32
		{8AB2297C-F877-469D-8E01-3CE9F9B54EA5}.Release|x64.ActiveCfg = Release|x64
		{8AB2297C-F877-469D-8E01-3CE9F9B54EA5}.Release|x64.Build.0 = Release|x64
		{8AB2297C-F877-469D-8E01-3CE9F9B54EA5}.Release|x86.ActiveCfg = Release|Win32
		{8AB2297C-F877-469D-8E01-3CE9F9B54EA5}.Release|x86.Build.0 = Release|Win32
		{BB919C2D-65E0-43E7-A5B2-6F3E93B2CC57}.Debug|x64.ActiveCfg = Debug|x64
		{BB919C2D-65E0-43E7-A5B2-6F3E93B2CC57}.Debug|x64.Build.0 = Debug|x64
		{BB919C2D-65E0-43E7-A5B2-6F3E93B2CC57}.Debug|x86.ActiveCfg = Debug|Win32
		{BB919C2D-65E0-43E7-A5B2-6F3E93B2CC57}.Debug|x86.Build.0 = Debug|Win32
		{BB919C2D-65E0-43E7-A5B2-6F3E93B2CC57}.Release|x64.ActiveCfg = Release|x64
		{BB919C2D-65E0-43E7-A5B2-6F3E93B2CC57}.Release|x64.Build.0 = Release|x64
		{BB919C2D-65E0-43E7-A5B2-6F3E93B2CC57}.Release|x86.ActiveCfg = Release|Win32
		{BB919C2D-65E0-43E7-A5B2-6F3E93B2CC57}.Release|x86.Build.0 = Release|Win32
		{A648F5DC-13AB-470F-9473-4219E23A312D}.Debug|x64.ActiveCfg = Debug|x64
		{A648F5DC-13AB-470F-9473-4219E23A312D}.Debug|x64.Build.0 = Debug|x64
		{A648F5DC-13AB-470F-9473-4219E23A312D}.Debug|x86.ActiveCfg = Debug|Win32
		{A648F5DC-13AB-470F-9473-4219E23A312D}.Debug|x86.Build.0 = Debug|Win32
		{A648F5DC-13AB-470F-9473-4219E23A312D}.Release|x64.ActiveCfg = Release|x64
		{A648F5DC-13AB-470F-9473-4219E23A312D}.Release|x64.Build.0 = Release|x64
		{A648F5DC-13AB-470F-9473-4219E23A312D}.Release|x86.ActiveCfg = Release|Win32
		{A648F5DC-13AB-470F-9473-4219E23A312D}.Release|x86.Build.0 = Release|Win32
		{6BF04514-C22A-4066-BD1E-DF161CD872EF}.Debug|x64.ActiveCfg = Debug|x64
		{6BF04514-C22A-4066-BD1E-DF161CD872EF}.Debug|x64.Build.0 = Debug|x64
		{6BF04514-C22A-4066-BD1E-DF161CD872EF}.Debug|x86.ActiveCfg = Debug|Win32
		{6BF04514-C22A-4066-BD1E-DF161CD872EF}.Debug|x86.Build.0 = Debug|Win32
		{6BF04514-C22A-4066-BD1E-DF161CD872EF}.Release|x64.ActiveCfg = Release|x64
		{6BF04514-C22A-4066-BD1E-DF161CD872EF}.Release|x64.Build.0 = Release|x64
		{6BF04514-C22A-4066-BD1E-DF161CD872EF}.Release|x86.ActiveCfg = Release|Win32
		{6BF04514-C22A-4066-BD1E-DF161CD872EF}.Release|x86.Build.0 = Release|Win32
		{DAF4EB96-7C1D-431A-90F0-26094D8E5882}.Debug|x64.ActiveCfg = Debug|x64
		{DAF4EB96-7C1D-431A-90F0-26094D8E5882}.Debug|x64.Build.0 = Debug|x64
		{DAF4EB96-7C1D-431A-90F0-26094D8E5882}.Debug|x86.ActiveCfg = Debug|Win32
		{DAF4EB96-7C1D-431A-90F0-26094D8E5882}.Debug|x86.Build.0 = Debug|Win32
		{DAF4EB96-7C1D-431A-90F0-26094D8E5882}.Release|x64.ActiveCfg = Release|x64
		{DAF4EB96-7C1D-431A-90F0-26094D8E5882}.Release|x64.Build.0 = Release|x64
		{DAF4EB96-7C1D-431A-90F0-26094D8E5882}.Release|x86.ActiveCfg = Release|Win32
		{DAF4EB96-7C1D-431A-90F0-26094D8E5882}.Release|x86.Build.0 = Release|Win32
		{7C626C03-5295-4EEA-BD3B-DB967A4EC818}.Debug|x64.ActiveCfg = Debug|x64
		{7C626C03-5295-4EEA-BD3B-DB967A4EC818}.Debug|x64.Build.0 = Debug|x64
		{7C626C03-5295-4EEA-BD3B-DB967A4EC818}.Debug|x86.ActiveCfg = Debug|Win32
		{7C626C03-5295-4EEA-BD3B-DB967A4EC818}.Debug|x86.Build.0 = Debug|Win32
		{7C626C03-5295-4EEA-BD3B-DB967A4EC818}.Release|x64.ActiveCfg = Release|x64
		{7C626C03-5295-4EEA-BD3B-DB967A4EC818}.Release|x64.Build.0 = Release|x64
		{7C626C03-5295-4EEA-BD3B-DB967A4EC818}.Release|x86.ActiveCfg = Release|Win32
		{7C626C03-5295-4EEA-BD3B-DB967A4EC818}.Release|x86.Build.0 = Release|Win32
		{A39B5437-CD8E-481F-9755-FEB4082DF26D}.Debug|x64.ActiveCfg = Debug|x64
		{A39B5437-CD8E-481F-9755-FEB4082DF26D}.Debug|x64.Build.0 = Debug|x64
		{A39B5437-CD8E-481F-9755-FEB4082DF26D}.Debug|x86.ActiveCfg = Debug|Win32
		{A39B5437-CD8E-481F-9755-FEB4082DF26D}.Debug|x86.Build.0 = Debug|Win32
		{A39B5437-CD8E-481F-9755-FEB4082DF26D}.Release|x64.ActiveCfg = Release|x64
		{A39B5437-CD8E-481F-9755-FEB4082DF26D}.Release|x64.Build.0 = Release|x64
		{A39B5437-CD8E-481F-9755-FEB4082DF26D}.Release|x86.ActiveCfg = Release|Win32
		{A39B5437-CD8E-481F-9755-FEB4082DF26D}.Release|x86.Build.0 = Release|Win32
		{2941E392-456E-4FD0-9028-E2D10CCF378B}.Debug|x64.ActiveCfg = Debug|x64
		{2941E392-456E-4FD0-9028-E2D10CCF378B}.Debug|x64.Build.0 = Debug|x64
		{2941E392-456E-4FD0-9028-E2D10CCF378B}.Debug|x86.ActiveCfg = Debug|Win32
		{2941E392-456E-4FD0-9028-E2D10CCF378B}.Debug|x86.Build.0 = Debug|Win32
		{2941E392-456E-4FD0-9028-E2D10CCF378B}.Release|x64.ActiveCfg = Release|x64
		{2941E392-456E-4FD0-9028-E2D10CCF378B}.Release|x64.Build.0 = Release|x64
		{2941E392-456E-4FD0-9028-E2D10CCF378B}.Release|x86.ActiveCfg = Release|Win32
		{2941E392-456E-4FD0-9028-E2D10CCF378B}.Release|x86.Build.0 = Release|Win32
		{25A72D97-B74A-4C69-BBCF-AD66851ED9B1}.Debug|x64.ActiveCfg = Debug|x64
		{25A72D97-B74A-4C69-BBCF-AD66851ED9B1}.Debug|x64.Build.0 = Debug|x64
		{25A72D97-B74A-4C69-BBCF-AD66851ED9B1}.Debug|x86.ActiveCfg = Debug|Win32
		{25A72D97-B74A-4C69-BBCF-AD66851ED9B1}.Debug|x86.Build.0 = Debug|Win32
		{25A72D97-B74A-4C69-BBCF-AD66851ED9B1}.Release|x64.ActiveCfg = Release|x64
		{25A72D97-B74A-4C69-BBCF-AD66851ED9B1}.Release|x64.Build.0 = Release|x64
		{25A72D97-B74A-4C69-BBCF-AD66851ED9B1}.Release|x86.ActiveCfg = Release|Win32
		{25A72D97-B74A-4C69-BBCF-AD66851ED9B1}.Release|x86.Build.0 = Release|Win32
		{5CBF9A1B-FA85-4E2A-98DE-745CF484CE97}.Debug|x64.ActiveCfg = Debug|x64
		{5CBF9A1B-FA85-4E2A-98DE-745CF484CE97}.Debug|x64.Build.0 = Debug|x64
		{5CBF9A1B-FA85-4E2A-98DE-745CF484CE97}.Debug|x86.ActiveCfg = Debug|Win32
		{5CBF9A1B-FA85-4E2A-98DE-745CF484CE97}.Debug|x86.Build.0 = Debug|Win32
		{5CBF9A1B-FA85-4E2A-98DE-745CF484CE97}.Release|x64.ActiveCfg = Release|x64
		{5CBF9A1B-FA85-4E2A-98DE-745CF484CE97}.Release|x64.Build.0 = Release|x64
		{5CBF9A1B-FA85-4E2A-98DE-745CF484CE97}.Release|x86.ActiveCfg = Release|Win32
		{5CBF9A1B-FA85-4E2A-98DE-745CF484CE97}.Release|x86.Build.0 = Release|Win32
		{B56FBB42-055A-4FBF-BDD4-EF9E91CEAACB}.Debug|x64.ActiveCfg = Debug|x64
		{B56FBB42-055A-4FBF-BDD4-EF9E91CEAACB}.Debug|x64.Build.0 = Debug|x64
		{B56FBB42-055A-4FBF-BDD4-EF9E91CEAACB}.Debug|x86.ActiveCfg = Debug|Win32
		{B56FBB42-055A-4FBF-BDD4-EF9E91CEAACB}.Debug|x86.Build.0 = Debug|Win32
		{B56FBB42-055A-4FBF-BDD4-EF9E91CEAACB}.Release|x64.ActiveCfg = Release|x64
		{B56FBB42-055A-4FBF-BDD4-EF9E91CEAACB}.Release|x64.Build.0 = Release|x64
		{B56FBB42-055A-4FBF-BDD4-EF9E91CEAACB}.Release|x86.ActiveCfg = Release|Win32
		{B56FBB42-055A-4FBF-BDD4-EF9E91CEAACB}.Release|x86.Build.0 = Release|Win32
		{30693B88-E3ED-4CFE-96EA-716E6E533AF8}.Debug|x64.ActiveCfg = Debug|x64
		{30693B88-E3ED-4CFE-96EA-716E6E533AF8}.Debug|x64.Build.0 = Debug|x64
		{30693B88-E3ED-4CFE-96EA-716E6E533AF8}.Debug|x86.ActiveCfg = Debug|Win32
		{30693B88-E3ED-4CFE-96EA-716E6E533AF8}.Debug|x86.Build.0 = Debug|Win32
		{30693B88-E3ED-4CFE-96EA-716E6E533AF8}.Release|x64.ActiveCfg = Release|x64
		{30693B88-E3ED-4CFE-96EA-716E6E533AF8}.Release|x64.Build.0 = Release|x64
		{30693B88-E3ED-4CFE-96EA-716E6E533AF8}.Release|x86.ActiveCfg = Release|Win32
		{30693B88-E3ED-4CFE-96EA-716E6E533AF8}.Release|x86.Build.0 = Release|Win32
		{97BC717F-D195-4E0E-8653-B36DFCCF69F2}.Debug|x64.ActiveCfg = Debug|x64
		{97BC717F-D195-4E0E-8653-B36DFCCF69F2}.Debug|x64.Build.0 = Debug|x64
		{97BC717F-D195-4E0E-8653-B36DFCCF69F2}.Debug|x86.ActiveCfg = Debug|Win32
		{97BC717F-D195-4E0E-8653-B36DFCCF69F2}.Debug|x86.Build.0 = Debug|Win32
		{97BC717F-D195-4E0E-8653-B36DFCCF69F2}.Release|x64.ActiveCfg = Release|x64
		{97BC717F-D195-4E0E-8653-B36DFCCF69F2}.Release|x64.Build.0 = Release|x64
		{97BC717F-D195-4E0E-8653-B36DFCCF69F2}.Release|x86.ActiveCfg = Release|Win32
		{97BC717F-D195-4E0E-8653-B36DFCCF69F2}.Release|x86.Build.0 = Release|Win32
		{FE1449C7-D668-4046-9189-A64F4F643B05}.Debug|x64.ActiveCfg = Debug|x64
		{FE1449C7-D668-4046-9189-A64F4F643B05}.Debug|x64.Build.0 = Debug|x64
		{FE1449C7-D668-4046-9189-A64F4F643B05}.Debug|x86.ActiveCfg = Debug|Win32
		{FE1449C7-D668-4046-9189-A64F4F643B05}.Debug|x86.Build.0 = Debug|Win32
		{FE1449C7-D668-4046-9189-A64F4F643B05}.Release|x64.ActiveCfg = Release|x64
		{FE1449C7-D668-4046-9189-A64F4F643B05}.Release|x64.Build.0 = Release|x64
		{FE1449C7-D668-4046-9189-A64F4F643B05}.Release|x86.ActiveCfg = Release|Win32
		{FE1449C7-D668-4046-9189-A64F4F643B05}.Release|x86.Build.0 = Release|Win32
	EndGlobalSection
	GlobalSection(SolutionProperties) = preSolution
		HideSolutionNode = FALSE
	EndGlobalSection
	GlobalSection(ExtensibilityGlobals) = postSolution
		SolutionGuid = {4675D8BC-6767-400A-B174-A33F8EBAB6C5}
	EndGlobalSection
EndGlobal
