
Microsoft Visual Studio Solution File, Format Version 12.00
# Visual Studio Version 17
VisualStudioVersion = 17.6.33815.320
MinimumVisualStudioVersion = 10.0.40219.1
Project("{8BC9CEB8-8B4A-11D0-8D11-00A0C91BC942}") = "001", "001\001.vcxproj", "{7D4B1D1C-ECFD-4FE5-AD6E-42E5DFF6690F}"
EndProject
Project("{8BC9CEB8-8B4A-11D0-8D11-00A0C91BC942}") = "002", "002\002.vcxproj", "{43B1EB50-4973-4C33-B96D-AB52AEACFB87}"
EndProject
Project("{8BC9CEB8-8B4A-11D0-8D11-00A0C91BC942}") = "003", "003\003.vcxproj", "{BDA30C13-6648-4911-A844-AD0BCB3B182F}"
EndProject
Project("{8BC9CEB8-8B4A-11D0-8D11-00A0C91BC942}") = "004", "004\004.vcxproj", "{9500A909-21EB-4976-A0BD-CB4908D31C3D}"
EndProject
Project("{8BC9CEB8-8B4A-11D0-8D11-00A0C91BC942}") = "005", "005\005.vcxproj", "{348D9160-30E9-4EFF-8F99-AF842F0D82B4}"
EndProject
Project("{8BC9CEB8-8B4A-11D0-8D11-00A0C91BC942}") = "006", "006\006.vcxproj", "{BC788D85-E811-4690-870D-36BAFEBC2EA8}"
EndProject
Project("{8BC9CEB8-8B4A-11D0-8D11-00A0C91BC942}") = "007", "007\007.vcxproj", "{9F7DC86A-C4C2-4ED2-B1C4-986DC3A7AE8E}"
EndProject
Project("{8BC9CEB8-8B4A-11D0-8D11-00A0C91BC942}") = "008", "008\008.vcxproj", "{A241D20D-6FCF-4DAB-80A8-53AB8E35D6F7}"
EndProject
Project("{8BC9CEB8-8B4A-11D0-8D11-00A0C91BC942}") = "009", "009\009.vcxproj", "{13D6E6BA-58A1-4D5E-B342-99460AB0328B}"
EndProject
Project("{8BC9CEB8-8B4A-11D0-8D11-00A0C91BC942}") = "010", "010\010.vcxproj", "{A9D039F6-7B28-4053-A009-3B4D873ED7A6}"
EndProject
Project("{8BC9CEB8-8B4A-11D0-8D11-00A0C91BC942}") = "011", "011\011.vcxproj", "{1D1A5539-BD2F-4BB5-BD8C-D6F2F1935BD3}"
EndProject
Project("{8BC9CEB8-8B4A-11D0-8D11-00A0C91BC942}") = "012", "012\012.vcxproj", "{76CFC15D-2F41-444D-B86E-6037BB611C33}"
EndProject
Project("{8BC9CEB8-8B4A-11D0-8D11-00A0C91BC942}") = "013", "013\013.vcxproj", "{A1E50FE8-856C-4C28-BDB0-8006F9DFBAB8}"
EndProject
Project("{8BC9CEB8-8B4A-11D0-8D11-00A0C91BC942}") = "014", "014\014.vcxproj", "{EDD55736-D43A-45AC-A912-5F21A23E1DC7}"
EndProject
Project("{8BC9CEB8-8B4A-11D0-8D11-00A0C91BC942}") = "015", "015\015.vcxproj", "{50166E8E-35ED-4E1E-9B2E-FD900BA0CD8C}"
EndProject
Global
	GlobalSection(SolutionConfigurationPlatforms) = preSolution
		Debug|x64 = Debug|x64
		Debug|x86 = Debug|x86
		Release|x64 = Release|x64
		Release|x86 = Release|x86
	EndGlobalSection
	GlobalSection(ProjectConfigurationPlatforms) = postSolution
		{7D4B1D1C-ECFD-4FE5-AD6E-42E5DFF6690F}.Debug|x64.ActiveCfg = Debug|x64
		{7D4B1D1C-ECFD-4FE5-AD6E-42E5DFF6690F}.Debug|x64.Build.0 = Debug|x64
		{7D4B1D1C-ECFD-4FE5-AD6E-42E5DFF6690F}.Debug|x86.ActiveCfg = Debug|Win32
		{7D4B1D1C-ECFD-4FE5-AD6E-42E5DFF6690F}.Debug|x86.Build.0 = Debug|Win32
		{7D4B1D1C-ECFD-4FE5-AD6E-42E5DFF6690F}.Release|x64.ActiveCfg = Release|x64
		{7D4B1D1C-ECFD-4FE5-AD6E-42E5DFF6690F}.Release|x64.Build.0 = Release|x64
		{7D4B1D1C-ECFD-4FE5-AD6E-42E5DFF6690F}.Release|x86.ActiveCfg = Release|Win32
		{7D4B1D1C-ECFD-4FE5-AD6E-42E5DFF6690F}.Release|x86.Build.0 = Release|Win32
		{43B1EB50-4973-4C33-B96D-AB52AEACFB87}.Debug|x64.ActiveCfg = Debug|x64
		{43B1EB50-4973-4C33-B96D-AB52AEACFB87}.Debug|x64.Build.0 = Debug|x64
		{43B1EB50-4973-4C33-B96D-AB52AEACFB87}.Debug|x86.ActiveCfg = Debug|Win32
		{43B1EB50-4973-4C33-B96D-AB52AEACFB87}.Debug|x86.Build.0 = Debug|Win32
		{43B1EB50-4973-4C33-B96D-AB52AEACFB87}.Release|x64.ActiveCfg = Release|x64
		{43B1EB50-4973-4C33-B96D-AB52AEACFB87}.Release|x64.Build.0 = Release|x64
		{43B1EB50-4973-4C33-B96D-AB52AEACFB87}.Release|x86.ActiveCfg = Release|Win32
		{43B1EB50-4973-4C33-B96D-AB52AEACFB87}.Release|x86.Build.0 = Release|Win32
		{BDA30C13-6648-4911-A844-AD0BCB3B182F}.Debug|x64.ActiveCfg = Debug|x64
		{BDA30C13-6648-4911-A844-AD0BCB3B182F}.Debug|x64.Build.0 = Debug|x64
		{BDA30C13-6648-4911-A844-AD0BCB3B182F}.Debug|x86.ActiveCfg = Debug|Win32
		{BDA30C13-6648-4911-A844-AD0BCB3B182F}.Debug|x86.Build.0 = Debug|Win32
		{BDA30C13-6648-4911-A844-AD0BCB3B182F}.Release|x64.ActiveCfg = Release|x64
		{BDA30C13-6648-4911-A844-AD0BCB3B182F}.Release|x64.Build.0 = Release|x64
		{BDA30C13-6648-4911-A844-AD0BCB3B182F}.Release|x86.ActiveCfg = Release|Win32
		{BDA30C13-6648-4911-A844-AD0BCB3B182F}.Release|x86.Build.0 = Release|Win32
		{9500A909-21EB-4976-A0BD-CB4908D31C3D}.Debug|x64.ActiveCfg = Debug|x64
		{9500A909-21EB-4976-A0BD-CB4908D31C3D}.Debug|x64.Build.0 = Debug|x64
		{9500A909-21EB-4976-A0BD-CB4908D31C3D}.Debug|x86.ActiveCfg = Debug|Win32
		{9500A909-21EB-4976-A0BD-CB4908D31C3D}.Debug|x86.Build.0 = Debug|Win32
		{9500A909-21EB-4976-A0BD-CB4908D31C3D}.Release|x64.ActiveCfg = Release|x64
		{9500A909-21EB-4976-A0BD-CB4908D31C3D}.Release|x64.Build.0 = Release|x64
		{9500A909-21EB-4976-A0BD-CB4908D31C3D}.Release|x86.ActiveCfg = Release|Win32
		{9500A909-21EB-4976-A0BD-CB4908D31C3D}.Release|x86.Build.0 = Release|Win32
		{348D9160-30E9-4EFF-8F99-AF842F0D82B4}.Debug|x64.ActiveCfg = Debug|x64
		{348D9160-30E9-4EFF-8F99-AF842F0D82B4}.Debug|x64.Build.0 = Debug|x64
		{348D9160-30E9-4EFF-8F99-AF842F0D82B4}.Debug|x86.ActiveCfg = Debug|Win32
		{348D9160-30E9-4EFF-8F99-AF842F0D82B4}.Debug|x86.Build.0 = Debug|Win32
		{348D9160-30E9-4EFF-8F99-AF842F0D82B4}.Release|x64.ActiveCfg = Release|x64
		{348D9160-30E9-4EFF-8F99-AF842F0D82B4}.Release|x64.Build.0 = Release|x64
		{348D9160-30E9-4EFF-8F99-AF842F0D82B4}.Release|x86.ActiveCfg = Release|Win32
		{348D9160-30E9-4EFF-8F99-AF842F0D82B4}.Release|x86.Build.0 = Release|Win32
		{BC788D85-E811-4690-870D-36BAFEBC2EA8}.Debug|x64.ActiveCfg = Debug|x64
		{BC788D85-E811-4690-870D-36BAFEBC2EA8}.Debug|x64.Build.0 = Debug|x64
		{BC788D85-E811-4690-870D-36BAFEBC2EA8}.Debug|x86.ActiveCfg = Debug|Win32
		{BC788D85-E811-4690-870D-36BAFEBC2EA8}.Debug|x86.Build.0 = Debug|Win32
		{BC788D85-E811-4690-870D-36BAFEBC2EA8}.Release|x64.ActiveCfg = Release|x64
		{BC788D85-E811-4690-870D-36BAFEBC2EA8}.Release|x64.Build.0 = Release|x64
		{BC788D85-E811-4690-870D-36BAFEBC2EA8}.Release|x86.ActiveCfg = Release|Win32
		{BC788D85-E811-4690-870D-36BAFEBC2EA8}.Release|x86.Build.0 = Release|Win32
		{9F7DC86A-C4C2-4ED2-B1C4-986DC3A7AE8E}.Debug|x64.ActiveCfg = Debug|x64
		{9F7DC86A-C4C2-4ED2-B1C4-986DC3A7AE8E}.Debug|x64.Build.0 = Debug|x64
		{9F7DC86A-C4C2-4ED2-B1C4-986DC3A7AE8E}.Debug|x86.ActiveCfg = Debug|Win32
		{9F7DC86A-C4C2-4ED2-B1C4-986DC3A7AE8E}.Debug|x86.Build.0 = Debug|Win32
		{9F7DC86A-C4C2-4ED2-B1C4-986DC3A7AE8E}.Release|x64.ActiveCfg = Release|x64
		{9F7DC86A-C4C2-4ED2-B1C4-986DC3A7AE8E}.Release|x64.Build.0 = Release|x64
		{9F7DC86A-C4C2-4ED2-B1C4-986DC3A7AE8E}.Release|x86.ActiveCfg = Release|Win32
		{9F7DC86A-C4C2-4ED2-B1C4-986DC3A7AE8E}.Release|x86.Build.0 = Release|Win32
		{A241D20D-6FCF-4DAB-80A8-53AB8E35D6F7}.Debug|x64.ActiveCfg = Debug|x64
		{A241D20D-6FCF-4DAB-80A8-53AB8E35D6F7}.Debug|x64.Build.0 = Debug|x64
		{A241D20D-6FCF-4DAB-80A8-53AB8E35D6F7}.Debug|x86.ActiveCfg = Debug|Win32
		{A241D20D-6FCF-4DAB-80A8-53AB8E35D6F7}.Debug|x86.Build.0 = Debug|Win32
		{A241D20D-6FCF-4DAB-80A8-53AB8E35D6F7}.Release|x64.ActiveCfg = Release|x64
		{A241D20D-6FCF-4DAB-80A8-53AB8E35D6F7}.Release|x64.Build.0 = Release|x64
		{A241D20D-6FCF-4DAB-80A8-53AB8E35D6F7}.Release|x86.ActiveCfg = Release|Win32
		{A241D20D-6FCF-4DAB-80A8-53AB8E35D6F7}.Release|x86.Build.0 = Release|Win32
		{13D6E6BA-58A1-4D5E-B342-99460AB0328B}.Debug|x64.ActiveCfg = Debug|x64
		{13D6E6BA-58A1-4D5E-B342-99460AB0328B}.Debug|x64.Build.0 = Debug|x64
		{13D6E6BA-58A1-4D5E-B342-99460AB0328B}.Debug|x86.ActiveCfg = Debug|Win32
		{13D6E6BA-58A1-4D5E-B342-99460AB0328B}.Debug|x86.Build.0 = Debug|Win32
		{13D6E6BA-58A1-4D5E-B342-99460AB0328B}.Release|x64.ActiveCfg = Release|x64
		{13D6E6BA-58A1-4D5E-B342-99460AB0328B}.Release|x64.Build.0 = Release|x64
		{13D6E6BA-58A1-4D5E-B342-99460AB0328B}.Release|x86.ActiveCfg = Release|Win32
		{13D6E6BA-58A1-4D5E-B342-99460AB0328B}.Release|x86.Build.0 = Release|Win32
		{A9D039F6-7B28-4053-A009-3B4D873ED7A6}.Debug|x64.ActiveCfg = Debug|x64
		{A9D039F6-7B28-4053-A009-3B4D873ED7A6}.Debug|x64.Build.0 = Debug|x64
		{A9D039F6-7B28-4053-A009-3B4D873ED7A6}.Debug|x86.ActiveCfg = Debug|Win32
		{A9D039F6-7B28-4053-A009-3B4D873ED7A6}.Debug|x86.Build.0 = Debug|Win32
		{A9D039F6-7B28-4053-A009-3B4D873ED7A6}.Release|x64.ActiveCfg = Release|x64
		{A9D039F6-7B28-4053-A009-3B4D873ED7A6}.Release|x64.Build.0 = Release|x64
		{A9D039F6-7B28-4053-A009-3B4D873ED7A6}.Release|x86.ActiveCfg = Release|Win32
		{A9D039F6-7B28-4053-A009-3B4D873ED7A6}.Release|x86.Build.0 = Release|Win32
		{1D1A5539-BD2F-4BB5-BD8C-D6F2F1935BD3}.Debug|x64.ActiveCfg = Debug|x64
		{1D1A5539-BD2F-4BB5-BD8C-D6F2F1935BD3}.Debug|x64.Build.0 = Debug|x64
		{1D1A5539-BD2F-4BB5-BD8C-D6F2F1935BD3}.Debug|x86.ActiveCfg = Debug|Win32
		{1D1A5539-BD2F-4BB5-BD8C-D6F2F1935BD3}.Debug|x86.Build.0 = Debug|Win32
		{1D1A5539-BD2F-4BB5-BD8C-D6F2F1935BD3}.Release|x64.ActiveCfg = Release|x64
		{1D1A5539-BD2F-4BB5-BD8C-D6F2F1935BD3}.Release|x64.Build.0 = Release|x64
		{1D1A5539-BD2F-4BB5-BD8C-D6F2F1935BD3}.Release|x86.ActiveCfg = Release|Win32
		{1D1A5539-BD2F-4BB5-BD8C-D6F2F1935BD3}.Release|x86.Build.0 = Release|Win32
		{76CFC15D-2F41-444D-B86E-6037BB611C33}.Debug|x64.ActiveCfg = Debug|x64
		{76CFC15D-2F41-444D-B86E-6037BB611C33}.Debug|x64.Build.0 = Debug|x64
		{76CFC15D-2F41-444D-B86E-6037BB611C33}.Debug|x86.ActiveCfg = Debug|Win32
		{76CFC15D-2F41-444D-B86E-6037BB611C33}.Debug|x86.Build.0 = Debug|Win32
		{76CFC15D-2F41-444D-B86E-6037BB611C33}.Release|x64.ActiveCfg = Release|x64
		{76CFC15D-2F41-444D-B86E-6037BB611C33}.Release|x64.Build.0 = Release|x64
		{76CFC15D-2F41-444D-B86E-6037BB611C33}.Release|x86.ActiveCfg = Release|Win32
		{76CFC15D-2F41-444D-B86E-6037BB611C33}.Release|x86.Build.0 = Release|Win32
		{A1E50FE8-856C-4C28-BDB0-8006F9DFBAB8}.Debug|x64.ActiveCfg = Debug|x64
		{A1E50FE8-856C-4C28-BDB0-8006F9DFBAB8}.Debug|x64.Build.0 = Debug|x64
		{A1E50FE8-856C-4C28-BDB0-8006F9DFBAB8}.Debug|x86.ActiveCfg = Debug|Win32
		{A1E50FE8-856C-4C28-BDB0-8006F9DFBAB8}.Debug|x86.Build.0 = Debug|Win32
		{A1E50FE8-856C-4C28-BDB0-8006F9DFBAB8}.Release|x64.ActiveCfg = Release|x64
		{A1E50FE8-856C-4C28-BDB0-8006F9DFBAB8}.Release|x64.Build.0 = Release|x64
		{A1E50FE8-856C-4C28-BDB0-8006F9DFBAB8}.Release|x86.ActiveCfg = Release|Win32
		{A1E50FE8-856C-4C28-BDB0-8006F9DFBAB8}.Release|x86.Build.0 = Release|Win32
		{EDD55736-D43A-45AC-A912-5F21A23E1DC7}.Debug|x64.ActiveCfg = Debug|x64
		{EDD55736-D43A-45AC-A912-5F21A23E1DC7}.Debug|x64.Build.0 = Debug|x64
		{EDD55736-D43A-45AC-A912-5F21A23E1DC7}.Debug|x86.ActiveCfg = Debug|Win32
		{EDD55736-D43A-45AC-A912-5F21A23E1DC7}.Debug|x86.Build.0 = Debug|Win32
		{EDD55736-D43A-45AC-A912-5F21A23E1DC7}.Release|x64.ActiveCfg = Release|x64
		{EDD55736-D43A-45AC-A912-5F21A23E1DC7}.Release|x64.Build.0 = Release|x64
		{EDD55736-D43A-45AC-A912-5F21A23E1DC7}.Release|x86.ActiveCfg = Release|Win32
		{EDD55736-D43A-45AC-A912-5F21A23E1DC7}.Release|x86.Build.0 = Release|Win32
		{50166E8E-35ED-4E1E-9B2E-FD900BA0CD8C}.Debug|x64.ActiveCfg = Debug|x64
		{50166E8E-35ED-4E1E-9B2E-FD900BA0CD8C}.Debug|x64.Build.0 = Debug|x64
		{50166E8E-35ED-4E1E-9B2E-FD900BA0CD8C}.Debug|x86.ActiveCfg = Debug|Win32
		{50166E8E-35ED-4E1E-9B2E-FD900BA0CD8C}.Debug|x86.Build.0 = Debug|Win32
		{50166E8E-35ED-4E1E-9B2E-FD900BA0CD8C}.Release|x64.ActiveCfg = Release|x64
		{50166E8E-35ED-4E1E-9B2E-FD900BA0CD8C}.Release|x64.Build.0 = Release|x64
		{50166E8E-35ED-4E1E-9B2E-FD900BA0CD8C}.Release|x86.ActiveCfg = Release|Win32
		{50166E8E-35ED-4E1E-9B2E-FD900BA0CD8C}.Release|x86.Build.0 = Release|Win32
	EndGlobalSection
	GlobalSection(SolutionProperties) = preSolution
		HideSolutionNode = FALSE
	EndGlobalSection
	GlobalSection(ExtensibilityGlobals) = postSolution
		SolutionGuid = {D7558D81-A1A1-4298-8E75-232DEB1F460E}
	EndGlobalSection
EndGlobal
